{
  "version": 4,
  "terraform_version": "1.5.7",
  "serial": 87,
  "lineage": "47c2d746-a48a-7225-9f41-71e9be7ae9d7",
  "outputs": {},
  "resources": [
    {
      "mode": "managed",
      "type": "helm_release",
      "name": "back",
      "provider": "provider[\"registry.terraform.io/hashicorp/helm\"]",
      "instances": [
        {
          "schema_version": 1,
          "attributes": {
            "atomic": false,
            "chart": "../back/chart/back",
            "cleanup_on_fail": false,
            "create_namespace": false,
            "dependency_update": false,
            "description": null,
            "devel": null,
            "disable_crd_hooks": false,
            "disable_openapi_validation": false,
            "disable_webhooks": false,
            "force_update": false,
            "id": "back",
            "keyring": null,
            "lint": false,
            "manifest": null,
            "max_history": 0,
            "metadata": [
              {
                "app_version": "0.0.0",
                "chart": "back",
                "name": "back",
                "namespace": "echo",
                "revision": 1,
                "values": "{\"affinity\":{},\"autoscaling\":{\"enabled\":true,\"maxReplicas\":100,\"minReplicas\":1,\"targetCPUUtilizationPercentage\":80,\"targetMemoryUtilizationPercentage\":80},\"config\":{\"db\":{\"database\":\"postgres\",\"host\":\"postgres-postgresql.postgres\",\"password\":\"postgres\",\"port\":5432,\"user\":\"postgres\"}},\"fullnameOverride\":\"\",\"image\":{\"pullPolicy\":\"Never\",\"repository\":\"back\",\"tag\":\"\"},\"imagePullSecrets\":[],\"ingress\":{\"annotations\":{},\"className\":\"\",\"enabled\":false,\"hosts\":[{\"host\":\"back.localhost\",\"paths\":[{\"path\":\"/\",\"pathType\":\"ImplementationSpecific\"}]}],\"tls\":[]},\"nameOverride\":\"\",\"nodeSelector\":{},\"podAnnotations\":{},\"podLabels\":{\"domain\":\"app\",\"role\":\"backend\"},\"podSecurityContext\":{},\"replicaCount\":1,\"resources\":{\"limits\":{\"cpu\":\"100m\",\"memory\":\"128Mi\"},\"requests\":{\"cpu\":\"100m\",\"memory\":\"128Mi\"}},\"securityContext\":{\"allowPrivilegeEscalation\":false,\"capabilities\":{\"drop\":[\"ALL\"]},\"runAsNonRoot\":true,\"seccompProfile\":{\"type\":\"RuntimeDefault\"}},\"service\":{\"port\":3000,\"type\":\"ClusterIP\"},\"serviceAccount\":{\"annotations\":{},\"automount\":true,\"create\":true,\"name\":\"\"},\"tolerations\":[],\"volumeMounts\":[],\"volumes\":[]}",
                "version": "0.1.0"
              }
            ],
            "name": "back",
            "namespace": "echo",
            "pass_credentials": false,
            "postrender": [],
            "recreate_pods": false,
            "render_subchart_notes": true,
            "replace": false,
            "repository": null,
            "repository_ca_file": null,
            "repository_cert_file": null,
            "repository_key_file": null,
            "repository_password": null,
            "repository_username": null,
            "reset_values": false,
            "reuse_values": false,
            "set": [],
            "set_list": [],
            "set_sensitive": [],
            "skip_crds": false,
            "status": "deployed",
            "timeout": 300,
            "values": [
              "# Default values for back.\n# This is a YAML-formatted file.\n# Declare variables to be passed into your templates.\n\nreplicaCount: 1\n\nimage:\n  repository: back\n  pullPolicy: Never\n  # Overrides the image tag whose default is the chart appVersion.\n  tag: \"\"\n\nimagePullSecrets: []\nnameOverride: \"\"\nfullnameOverride: \"\"\n\nserviceAccount:\n  # Specifies whether a service account should be created\n  create: true\n  # Automatically mount a ServiceAccount's API credentials?\n  automount: true\n  # Annotations to add to the service account\n  annotations: {}\n  # The name of the service account to use.\n  # If not set and create is true, a name is generated using the fullname template\n  name: \"\"\n\npodAnnotations: {}\n\npodLabels:\n  domain: app\n  role: backend\n\npodSecurityContext:\n  {}\n  # fsGroup: 2000\n\nsecurityContext:\n  capabilities:\n    drop:\n      - ALL\n  runAsNonRoot: true\n  allowPrivilegeEscalation: false\n  seccompProfile:\n    type: RuntimeDefault\n\nservice:\n  type: ClusterIP\n  port: 3000\n\ningress:\n  enabled: false\n  className: \"\"\n  annotations:\n    {}\n    # kubernetes.io/ingress.class: nginx\n    # kubernetes.io/tls-acme: \"true\"\n  hosts:\n    - host: back.localhost\n      paths:\n        - path: /\n          pathType: ImplementationSpecific\n  tls: []\n  #  - secretName: chart-example-tls\n  #    hosts:\n  #      - chart-example.local\n\nresources:\n  limits:\n    cpu: 100m\n    memory: 128Mi\n  requests:\n    cpu: 100m\n    memory: 128Mi\n\nautoscaling:\n  enabled: true\n  minReplicas: 1\n  maxReplicas: 100\n  targetCPUUtilizationPercentage: 80\n  targetMemoryUtilizationPercentage: 80\n\n# Additional volumes on the output Deployment definition.\nvolumes: []\n# - name: foo\n#   secret:\n#     secretName: mysecret\n#     optional: false\n\n# Additional volumeMounts on the output Deployment definition.\nvolumeMounts: []\n# - name: foo\n#   mountPath: \"/etc/foo\"\n#   readOnly: true\n\nnodeSelector: {}\n\ntolerations: []\n\naffinity: {}\n\nconfig:\n  db:\n    host: postgres-postgresql.postgres\n    port: 5432\n    user: postgres\n    password: postgres\n    database: postgres\n"
            ],
            "verify": false,
            "version": "0.1.0",
            "wait": true,
            "wait_for_jobs": false
          },
          "sensitive_attributes": [],
          "private": "eyJzY2hlbWFfdmVyc2lvbiI6IjEifQ==",
          "dependencies": [
            "helm_release.database",
            "kubernetes_namespace_v1.echo",
            "kubernetes_namespace_v1.postgres"
          ]
        }
      ]
    },
    {
      "mode": "managed",
      "type": "helm_release",
      "name": "database",
      "provider": "provider[\"registry.terraform.io/hashicorp/helm\"]",
      "instances": [
        {
          "schema_version": 1,
          "attributes": {
            "atomic": false,
            "chart": "postgresql",
            "cleanup_on_fail": false,
            "create_namespace": false,
            "dependency_update": false,
            "description": null,
            "devel": null,
            "disable_crd_hooks": false,
            "disable_openapi_validation": false,
            "disable_webhooks": false,
            "force_update": false,
            "id": "postgres",
            "keyring": null,
            "lint": false,
            "manifest": null,
            "max_history": 0,
            "metadata": [
              {
                "app_version": "16.2.0",
                "chart": "postgresql",
                "name": "postgres",
                "namespace": "postgres",
                "revision": 1,
                "values": "{\"auth\":{\"database\":\"postgres\",\"password\":\"postgres\",\"username\":\"postgres\"},\"commonLabels\":{\"domain\":\"app\",\"role\":\"database\"}}",
                "version": "14.0.5"
              }
            ],
            "name": "postgres",
            "namespace": "postgres",
            "pass_credentials": false,
            "postrender": [],
            "recreate_pods": false,
            "render_subchart_notes": true,
            "replace": false,
            "repository": "https://charts.bitnami.com/bitnami",
            "repository_ca_file": null,
            "repository_cert_file": null,
            "repository_key_file": null,
            "repository_password": null,
            "repository_username": null,
            "reset_values": false,
            "reuse_values": false,
            "set": [],
            "set_list": [],
            "set_sensitive": [],
            "skip_crds": false,
            "status": "deployed",
            "timeout": 300,
            "values": [
              "auth:\n  username: postgres\n  password: postgres\n  database: postgres\n\ncommonLabels:\n  domain: app\n  role: database\n"
            ],
            "verify": false,
            "version": "14.0.5",
            "wait": true,
            "wait_for_jobs": false
          },
          "sensitive_attributes": [],
          "private": "eyJzY2hlbWFfdmVyc2lvbiI6IjEifQ==",
          "dependencies": [
            "kubernetes_namespace_v1.postgres"
          ]
        }
      ]
    },
    {
      "mode": "managed",
      "type": "helm_release",
      "name": "front",
      "provider": "provider[\"registry.terraform.io/hashicorp/helm\"]",
      "instances": [
        {
          "schema_version": 1,
          "attributes": {
            "atomic": false,
            "chart": "../front/chart/front",
            "cleanup_on_fail": false,
            "create_namespace": false,
            "dependency_update": false,
            "description": null,
            "devel": null,
            "disable_crd_hooks": false,
            "disable_openapi_validation": false,
            "disable_webhooks": false,
            "force_update": false,
            "id": "front",
            "keyring": null,
            "lint": false,
            "manifest": null,
            "max_history": 0,
            "metadata": [
              {
                "app_version": "0.0.0",
                "chart": "front",
                "name": "front",
                "namespace": "echo",
                "revision": 1,
                "values": "{\"affinity\":{},\"autoscaling\":{\"enabled\":true,\"maxReplicas\":100,\"minReplicas\":1,\"targetCPUUtilizationPercentage\":80,\"targetMemoryUtilizationPercentage\":80},\"config\":{\"backendUrl\":\"http://localhost:3000\"},\"fullnameOverride\":\"\",\"image\":{\"pullPolicy\":\"Never\",\"repository\":\"front\",\"tag\":\"\"},\"imagePullSecrets\":[],\"ingress\":{\"annotations\":{},\"className\":\"\",\"enabled\":false,\"hosts\":[{\"host\":\"front.localhost\",\"paths\":[{\"path\":\"/\",\"pathType\":\"ImplementationSpecific\"}]}],\"tls\":[]},\"nameOverride\":\"\",\"nodeSelector\":{},\"podAnnotations\":{},\"podLabels\":{\"domain\":\"app\",\"role\":\"frontend\"},\"podSecurityContext\":{},\"replicaCount\":1,\"resources\":{\"limits\":{\"cpu\":\"100m\",\"memory\":\"128Mi\"},\"requests\":{\"cpu\":\"100m\",\"memory\":\"128Mi\"}},\"securityContext\":{\"allowPrivilegeEscalation\":false,\"capabilities\":{\"drop\":[\"ALL\"]},\"runAsNonRoot\":true,\"seccompProfile\":{\"type\":\"RuntimeDefault\"}},\"service\":{\"port\":3000,\"type\":\"ClusterIP\"},\"serviceAccount\":{\"annotations\":{},\"automount\":true,\"create\":true,\"name\":\"\"},\"tolerations\":[],\"volumeMounts\":[],\"volumes\":[]}",
                "version": "0.1.0"
              }
            ],
            "name": "front",
            "namespace": "echo",
            "pass_credentials": false,
            "postrender": [],
            "recreate_pods": false,
            "render_subchart_notes": true,
            "replace": false,
            "repository": null,
            "repository_ca_file": null,
            "repository_cert_file": null,
            "repository_key_file": null,
            "repository_password": null,
            "repository_username": null,
            "reset_values": false,
            "reuse_values": false,
            "set": [],
            "set_list": [],
            "set_sensitive": [],
            "skip_crds": false,
            "status": "deployed",
            "timeout": 300,
            "values": [
              "# Default values for front.\n# This is a YAML-formatted file.\n# Declare variables to be passed into your templates.\n\nreplicaCount: 1\n\nimage:\n  repository: front\n  pullPolicy: Never\n  # Overrides the image tag whose default is the chart appVersion.\n  tag: \"\"\n\nimagePullSecrets: []\nnameOverride: \"\"\nfullnameOverride: \"\"\n\nserviceAccount:\n  # Specifies whether a service account should be created\n  create: true\n  # Automatically mount a ServiceAccount's API credentials?\n  automount: true\n  # Annotations to add to the service account\n  annotations: {}\n  # The name of the service account to use.\n  # If not set and create is true, a name is generated using the fullname template\n  name: \"\"\n\npodAnnotations: {}\n\npodLabels:\n  domain: app\n  role: frontend\n\npodSecurityContext:\n  {}\n  # fsGroup: 2000\n\nsecurityContext:\n  capabilities:\n    drop:\n      - ALL\n  runAsNonRoot: true\n  allowPrivilegeEscalation: false\n  seccompProfile:\n    type: RuntimeDefault\n\nservice:\n  type: ClusterIP\n  port: 3000\n\ningress:\n  enabled: false\n  className: \"\"\n  annotations:\n    {}\n    # kubernetes.io/ingress.class: nginx\n    # kubernetes.io/tls-acme: \"true\"\n  hosts:\n    - host: front.localhost\n      paths:\n        - path: /\n          pathType: ImplementationSpecific\n  tls: []\n  #  - secretName: chart-example-tls\n  #    hosts:\n  #      - chart-example.local\n\nresources:\n  limits:\n    cpu: 100m\n    memory: 128Mi\n  requests:\n    cpu: 100m\n    memory: 128Mi\n\nautoscaling:\n  enabled: true\n  minReplicas: 1\n  maxReplicas: 100\n  targetCPUUtilizationPercentage: 80\n  targetMemoryUtilizationPercentage: 80\n\n# Additional volumes on the output Deployment definition.\nvolumes: []\n# - name: foo\n#   secret:\n#     secretName: mysecret\n#     optional: false\n\n# Additional volumeMounts on the output Deployment definition.\nvolumeMounts: []\n# - name: foo\n#   mountPath: \"/etc/foo\"\n#   readOnly: true\n\nnodeSelector: {}\n\ntolerations: []\n\naffinity: {}\n\nconfig:\n  backendUrl: \"http://localhost:3000\"\n"
            ],
            "verify": false,
            "version": "0.1.0",
            "wait": true,
            "wait_for_jobs": false
          },
          "sensitive_attributes": [],
          "private": "eyJzY2hlbWFfdmVyc2lvbiI6IjEifQ==",
          "dependencies": [
            "kubernetes_namespace_v1.echo"
          ]
        }
      ]
    },
    {
      "mode": "managed",
      "type": "helm_release",
      "name": "istio-base",
      "provider": "provider[\"registry.terraform.io/hashicorp/helm\"]",
      "instances": [
        {
          "schema_version": 1,
          "attributes": {
            "atomic": false,
            "chart": "base",
            "cleanup_on_fail": false,
            "create_namespace": false,
            "dependency_update": false,
            "description": null,
            "devel": null,
            "disable_crd_hooks": false,
            "disable_openapi_validation": false,
            "disable_webhooks": false,
            "force_update": false,
            "id": "istio-base",
            "keyring": null,
            "lint": false,
            "manifest": null,
            "max_history": 0,
            "metadata": [
              {
                "app_version": "1.20.3",
                "chart": "base",
                "name": "istio-base",
                "namespace": "istio-system",
                "revision": 1,
                "values": "{\"defaultRevision\":\"default\"}",
                "version": "1.20.3"
              }
            ],
            "name": "istio-base",
            "namespace": "istio-system",
            "pass_credentials": false,
            "postrender": [],
            "recreate_pods": false,
            "render_subchart_notes": true,
            "replace": false,
            "repository": "https://istio-release.storage.googleapis.com/charts",
            "repository_ca_file": null,
            "repository_cert_file": null,
            "repository_key_file": null,
            "repository_password": null,
            "repository_username": null,
            "reset_values": false,
            "reuse_values": false,
            "set": [],
            "set_list": [],
            "set_sensitive": [],
            "skip_crds": false,
            "status": "deployed",
            "timeout": 300,
            "values": [
              "defaultRevision: default\n"
            ],
            "verify": false,
            "version": "1.20.3",
            "wait": true,
            "wait_for_jobs": false
          },
          "sensitive_attributes": [],
          "private": "eyJzY2hlbWFfdmVyc2lvbiI6IjEifQ==",
          "dependencies": [
            "kubernetes_namespace_v1.istio-system"
          ]
        }
      ]
    },
    {
      "mode": "managed",
      "type": "helm_release",
      "name": "istiod",
      "provider": "provider[\"registry.terraform.io/hashicorp/helm\"]",
      "instances": [
        {
          "schema_version": 1,
          "attributes": {
            "atomic": false,
            "chart": "istiod",
            "cleanup_on_fail": false,
            "create_namespace": false,
            "dependency_update": false,
            "description": null,
            "devel": null,
            "disable_crd_hooks": false,
            "disable_openapi_validation": false,
            "disable_webhooks": false,
            "force_update": false,
            "id": "istiod",
            "keyring": null,
            "lint": false,
            "manifest": null,
            "max_history": 0,
            "metadata": [
              {
                "app_version": "1.20.3",
                "chart": "istiod",
                "name": "istiod",
                "namespace": "istio-system",
                "revision": 1,
                "values": "{\"pilot\":{\"deploymentLabels\":{\"domain\":\"security\"},\"podLabels\":{\"domain\":\"security\"},\"seccompProfile\":{\"type\":\"RuntimeDefault\"}}}",
                "version": "1.20.3"
              }
            ],
            "name": "istiod",
            "namespace": "istio-system",
            "pass_credentials": false,
            "postrender": [],
            "recreate_pods": false,
            "render_subchart_notes": true,
            "replace": false,
            "repository": "https://istio-release.storage.googleapis.com/charts",
            "repository_ca_file": null,
            "repository_cert_file": null,
            "repository_key_file": null,
            "repository_password": null,
            "repository_username": null,
            "reset_values": false,
            "reuse_values": false,
            "set": [],
            "set_list": [],
            "set_sensitive": [],
            "skip_crds": false,
            "status": "deployed",
            "timeout": 300,
            "values": [
              "pilot:\n  seccompProfile:\n    type: RuntimeDefault\n  deploymentLabels:\n    domain: security\n  podLabels:\n    domain: security\n"
            ],
            "verify": false,
            "version": "1.20.3",
            "wait": true,
            "wait_for_jobs": false
          },
          "sensitive_attributes": [],
          "private": "eyJzY2hlbWFfdmVyc2lvbiI6IjEifQ==",
          "dependencies": [
            "kubernetes_namespace_v1.istio-system"
          ]
        }
      ]
    },
    {
      "mode": "managed",
      "type": "helm_release",
      "name": "kube-prometheus-stack",
      "provider": "provider[\"registry.terraform.io/hashicorp/helm\"]",
      "instances": [
        {
          "schema_version": 1,
          "attributes": {
            "atomic": false,
            "chart": "kube-prometheus-stack",
            "cleanup_on_fail": false,
            "create_namespace": false,
            "dependency_update": false,
            "description": null,
            "devel": null,
            "disable_crd_hooks": false,
            "disable_openapi_validation": false,
            "disable_webhooks": false,
            "force_update": false,
            "id": "kube-prometheus-stack",
            "keyring": null,
            "lint": false,
            "manifest": null,
            "max_history": 0,
            "metadata": [
              {
                "app_version": "v0.71.2",
                "chart": "kube-prometheus-stack",
                "name": "kube-prometheus-stack",
                "namespace": "kube-prometheus-stack",
                "revision": 1,
                "values": "{\"commonLabels\":{\"domain\":\"monitoring\"},\"prometheus\":{\"prometheusSpec\":{\"podMonitorNamespaceSelector\":{\"any\":true},\"podMonitorSelector\":{\"any\":true},\"probeNamespaceSelector\":{\"any\":true},\"probeSelector\":{\"any\":true},\"ruleNamespaceSelector\":{\"any\":true},\"ruleSelector\":{\"any\":true},\"serviceMonitorNamespaceSelector\":{\"any\":true},\"serviceMonitorSelector\":{\"any\":true}}}}",
                "version": "56.6.2"
              }
            ],
            "name": "kube-prometheus-stack",
            "namespace": "kube-prometheus-stack",
            "pass_credentials": false,
            "postrender": [],
            "recreate_pods": false,
            "render_subchart_notes": true,
            "replace": false,
            "repository": "https://prometheus-community.github.io/helm-charts",
            "repository_ca_file": null,
            "repository_cert_file": null,
            "repository_key_file": null,
            "repository_password": null,
            "repository_username": null,
            "reset_values": false,
            "reuse_values": false,
            "set": [],
            "set_list": [],
            "set_sensitive": [],
            "skip_crds": false,
            "status": "deployed",
            "timeout": 300,
            "values": [
              "prometheus:\n  prometheusSpec:\n    podMonitorSelector:\n      any: true\n    podMonitorNamespaceSelector:\n      any: true\n    serviceMonitorSelector:\n      any: true\n    serviceMonitorNamespaceSelector:\n      any: true\n    probeSelector:\n      any: true\n    probeNamespaceSelector:\n      any: true\n    ruleSelector:\n      any: true\n    ruleNamespaceSelector:\n      any: true\n\ncommonLabels:\n  domain: monitoring"
            ],
            "verify": false,
            "version": "56.6.2",
            "wait": true,
            "wait_for_jobs": false
          },
          "sensitive_attributes": [],
          "private": "eyJzY2hlbWFfdmVyc2lvbiI6IjEifQ==",
          "dependencies": [
            "kubernetes_namespace_v1.kube-prometheus-stack"
          ]
        }
      ]
    },
    {
      "mode": "managed",
      "type": "helm_release",
      "name": "kyverno",
      "provider": "provider[\"registry.terraform.io/hashicorp/helm\"]",
      "instances": [
        {
          "schema_version": 1,
          "attributes": {
            "atomic": false,
            "chart": "kyverno",
            "cleanup_on_fail": false,
            "create_namespace": false,
            "dependency_update": false,
            "description": null,
            "devel": null,
            "disable_crd_hooks": false,
            "disable_openapi_validation": false,
            "disable_webhooks": false,
            "force_update": false,
            "id": "kyverno",
            "keyring": null,
            "lint": false,
            "manifest": null,
            "max_history": 0,
            "metadata": [
              {
                "app_version": "v1.11.4",
                "chart": "kyverno",
                "name": "kyverno",
                "namespace": "kyverno",
                "revision": 1,
                "values": "{\"admissionController\":{\"serviceMonitor\":{\"enabled\":true}},\"backgroundController\":{\"serviceMonitor\":{\"enabled\":true}},\"cleanupController\":{\"serviceMonitor\":{\"enabled\":true}},\"customLabels\":{\"domain\":\"security\"},\"grafana\":{\"enabled\":true},\"reportsController\":{\"serviceMonitor\":{\"enabled\":true}}}",
                "version": "3.1.4"
              }
            ],
            "name": "kyverno",
            "namespace": "kyverno",
            "pass_credentials": false,
            "postrender": [],
            "recreate_pods": false,
            "render_subchart_notes": true,
            "replace": false,
            "repository": "https://kyverno.github.io/kyverno/",
            "repository_ca_file": null,
            "repository_cert_file": null,
            "repository_key_file": null,
            "repository_password": null,
            "repository_username": null,
            "reset_values": false,
            "reuse_values": false,
            "set": [],
            "set_list": [],
            "set_sensitive": [],
            "skip_crds": false,
            "status": "deployed",
            "timeout": 300,
            "values": [
              "grafana:\n  enabled: true\n\nadmissionController:\n  serviceMonitor:\n    enabled: true\n\nbackgroundController:\n  serviceMonitor:\n    enabled: true\n\ncleanupController:\n  serviceMonitor:\n    enabled: true\n\nreportsController:\n  serviceMonitor:\n    enabled: true\n\ncustomLabels:\n  domain: security\n"
            ],
            "verify": false,
            "version": "3.1.4",
            "wait": true,
            "wait_for_jobs": false
          },
          "sensitive_attributes": [],
          "private": "eyJzY2hlbWFfdmVyc2lvbiI6IjEifQ==",
          "dependencies": [
            "kubernetes_namespace_v1.kyverno"
          ]
        }
      ]
    },
    {
      "mode": "managed",
      "type": "helm_release",
      "name": "kyverno-policies",
      "provider": "provider[\"registry.terraform.io/hashicorp/helm\"]",
      "instances": [
        {
          "schema_version": 1,
          "attributes": {
            "atomic": false,
            "chart": "kyverno-policies",
            "cleanup_on_fail": false,
            "create_namespace": false,
            "dependency_update": false,
            "description": null,
            "devel": null,
            "disable_crd_hooks": false,
            "disable_openapi_validation": false,
            "disable_webhooks": false,
            "force_update": false,
            "id": "kyverno-policies",
            "keyring": null,
            "lint": false,
            "manifest": null,
            "max_history": 0,
            "metadata": [
              {
                "app_version": "v1.11.4",
                "chart": "kyverno-policies",
                "name": "kyverno-policies",
                "namespace": "kyverno",
                "revision": 1,
                "values": "{\"customLabels\":{\"domain\":\"security\"}}",
                "version": "3.1.4"
              }
            ],
            "name": "kyverno-policies",
            "namespace": "kyverno",
            "pass_credentials": false,
            "postrender": [],
            "recreate_pods": false,
            "render_subchart_notes": true,
            "replace": false,
            "repository": "https://kyverno.github.io/kyverno/",
            "repository_ca_file": null,
            "repository_cert_file": null,
            "repository_key_file": null,
            "repository_password": null,
            "repository_username": null,
            "reset_values": false,
            "reuse_values": false,
            "set": [],
            "set_list": [],
            "set_sensitive": [],
            "skip_crds": false,
            "status": "deployed",
            "timeout": 300,
            "values": [
              "customLabels:\n  domain: security\n"
            ],
            "verify": false,
            "version": "3.1.4",
            "wait": true,
            "wait_for_jobs": false
          },
          "sensitive_attributes": [],
          "private": "eyJzY2hlbWFfdmVyc2lvbiI6IjEifQ==",
          "dependencies": [
            "helm_release.kyverno",
            "kubernetes_namespace_v1.kyverno"
          ]
        }
      ]
    },
    {
      "mode": "managed",
      "type": "helm_release",
      "name": "vault",
      "provider": "provider[\"registry.terraform.io/hashicorp/helm\"]",
      "instances": [
        {
          "schema_version": 1,
          "attributes": {
            "atomic": false,
            "chart": "vault",
            "cleanup_on_fail": false,
            "create_namespace": false,
            "dependency_update": false,
            "description": null,
            "devel": null,
            "disable_crd_hooks": false,
            "disable_openapi_validation": false,
            "disable_webhooks": false,
            "force_update": false,
            "id": "vault",
            "keyring": null,
            "lint": false,
            "manifest": null,
            "max_history": 0,
            "metadata": [
              {
                "app_version": "1.15.2",
                "chart": "vault",
                "name": "vault",
                "namespace": "vault",
                "revision": 1,
                "values": "{\"injector\":{\"extraLabels\":{\"domain\":\"security\"},\"metrics\":{\"enabled\":true}},\"server\":{\"extraLabels\":{\"domain\":\"security\"}},\"serverTelemetry\":{\"prometheusRules\":{\"enabled\":true,\"rules\":[{\"alert\":\"vault-HighResponseTime\",\"annotations\":{\"message\":\"The response time of Vault is over 500ms on average over the last 5 minutes.\"},\"expr\":\"vault_core_handle_request{quantile=\\\"0.5\\\", namespace=\\\"mynamespace\\\"} \\u003e 500\",\"for\":\"5m\",\"labels\":{\"severity\":\"warning\"}},{\"alert\":\"vault-HighResponseTime\",\"annotations\":{\"message\":\"The response time of Vault is over 1s on average over the last 5 minutes.\"},\"expr\":\"vault_core_handle_request{quantile=\\\"0.5\\\", namespace=\\\"mynamespace\\\"} \\u003e 1000\",\"for\":\"5m\",\"labels\":{\"severity\":\"critical\"}}]},\"serviceMonitor\":{\"enabled\":true}}}",
                "version": "0.27.0"
              }
            ],
            "name": "vault",
            "namespace": "vault",
            "pass_credentials": false,
            "postrender": [],
            "recreate_pods": false,
            "render_subchart_notes": true,
            "replace": false,
            "repository": "https://helm.releases.hashicorp.com",
            "repository_ca_file": null,
            "repository_cert_file": null,
            "repository_key_file": null,
            "repository_password": null,
            "repository_username": null,
            "reset_values": false,
            "reuse_values": false,
            "set": [],
            "set_list": [],
            "set_sensitive": [],
            "skip_crds": false,
            "status": "deployed",
            "timeout": 300,
            "values": [
              "injector:\n  metrics:\n    enabled: true\n  extraLabels:\n    domain: security\n\nserver:\n  extraLabels:\n    domain: security\n\nserverTelemetry:\n  serviceMonitor:\n    enabled: true\n  prometheusRules:\n    enabled: true\n    rules:\n      - alert: vault-HighResponseTime\n        annotations:\n          message: The response time of Vault is over 500ms on average over the last 5 minutes.\n        expr: vault_core_handle_request{quantile=\"0.5\", namespace=\"mynamespace\"} \u003e 500\n        for: 5m\n        labels:\n          severity: warning\n      - alert: vault-HighResponseTime\n        annotations:\n          message: The response time of Vault is over 1s on average over the last 5 minutes.\n        expr: vault_core_handle_request{quantile=\"0.5\", namespace=\"mynamespace\"} \u003e 1000\n        for: 5m\n        labels:\n          severity: critical\n"
            ],
            "verify": false,
            "version": "0.27.0",
            "wait": true,
            "wait_for_jobs": false
          },
          "sensitive_attributes": [],
          "private": "eyJzY2hlbWFfdmVyc2lvbiI6IjEifQ==",
          "dependencies": [
            "kubernetes_namespace_v1.vault"
          ]
        }
      ]
    },
    {
      "mode": "managed",
      "type": "kubernetes_manifest",
      "name": "cluster-polycy_disallow-latest-tag",
      "provider": "provider[\"registry.terraform.io/hashicorp/kubernetes\"]",
      "instances": [
        {
          "schema_version": 1,
          "attributes": {
            "computed_fields": null,
            "field_manager": [],
            "manifest": {
              "value": {
                "apiVersion": "kyverno.io/v1",
                "kind": "ClusterPolicy",
                "metadata": {
                  "annotations": {
                    "policies.kyverno.io/category": "Best Practices",
                    "policies.kyverno.io/description": "The ':latest' tag is mutable and can lead to unexpected errors if the image changes. A best practice is to use an immutable tag that maps to a specific version of an application Pod. This policy validates that the image specifies a tag and that it is not called `latest`.",
                    "policies.kyverno.io/minversion": "1.6.0",
                    "policies.kyverno.io/severity": "medium",
                    "policies.kyverno.io/subject": "Pod",
                    "policies.kyverno.io/title": "Disallow Latest Tag"
                  },
                  "name": "disallow-latest-tag"
                },
                "spec": {
                  "background": true,
                  "rules": [
                    {
                      "match": {
                        "any": [
                          {
                            "resources": {
                              "kinds": [
                                "Pod"
                              ]
                            }
                          }
                        ]
                      },
                      "name": "require-image-tag",
                      "validate": {
                        "message": "An image tag is required.",
                        "pattern": {
                          "spec": {
                            "containers": [
                              {
                                "image": "*:*"
                              }
                            ]
                          }
                        }
                      }
                    },
                    {
                      "match": {
                        "any": [
                          {
                            "resources": {
                              "kinds": [
                                "Pod"
                              ]
                            }
                          }
                        ]
                      },
                      "name": "validate-image-tag",
                      "validate": {
                        "message": "Using a mutable image tag e.g. 'latest' is not allowed.",
                        "pattern": {
                          "spec": {
                            "containers": [
                              {
                                "image": "!*:latest"
                              }
                            ]
                          }
                        }
                      }
                    }
                  ],
                  "validationFailureAction": "audit"
                }
              },
              "type": [
                "object",
                {
                  "apiVersion": "string",
                  "kind": "string",
                  "metadata": [
                    "object",
                    {
                      "annotations": [
                        "object",
                        {
                          "policies.kyverno.io/category": "string",
                          "policies.kyverno.io/description": "string",
                          "policies.kyverno.io/minversion": "string",
                          "policies.kyverno.io/severity": "string",
                          "policies.kyverno.io/subject": "string",
                          "policies.kyverno.io/title": "string"
                        }
                      ],
                      "name": "string"
                    }
                  ],
                  "spec": [
                    "object",
                    {
                      "background": "bool",
                      "rules": [
                        "tuple",
                        [
                          [
                            "object",
                            {
                              "match": [
                                "object",
                                {
                                  "any": [
                                    "tuple",
                                    [
                                      [
                                        "object",
                                        {
                                          "resources": [
                                            "object",
                                            {
                                              "kinds": [
                                                "tuple",
                                                [
                                                  "string"
                                                ]
                                              ]
                                            }
                                          ]
                                        }
                                      ]
                                    ]
                                  ]
                                }
                              ],
                              "name": "string",
                              "validate": [
                                "object",
                                {
                                  "message": "string",
                                  "pattern": [
                                    "object",
                                    {
                                      "spec": [
                                        "object",
                                        {
                                          "containers": [
                                            "tuple",
                                            [
                                              [
                                                "object",
                                                {
                                                  "image": "string"
                                                }
                                              ]
                                            ]
                                          ]
                                        }
                                      ]
                                    }
                                  ]
                                }
                              ]
                            }
                          ],
                          [
                            "object",
                            {
                              "match": [
                                "object",
                                {
                                  "any": [
                                    "tuple",
                                    [
                                      [
                                        "object",
                                        {
                                          "resources": [
                                            "object",
                                            {
                                              "kinds": [
                                                "tuple",
                                                [
                                                  "string"
                                                ]
                                              ]
                                            }
                                          ]
                                        }
                                      ]
                                    ]
                                  ]
                                }
                              ],
                              "name": "string",
                              "validate": [
                                "object",
                                {
                                  "message": "string",
                                  "pattern": [
                                    "object",
                                    {
                                      "spec": [
                                        "object",
                                        {
                                          "containers": [
                                            "tuple",
                                            [
                                              [
                                                "object",
                                                {
                                                  "image": "string"
                                                }
                                              ]
                                            ]
                                          ]
                                        }
                                      ]
                                    }
                                  ]
                                }
                              ]
                            }
                          ]
                        ]
                      ],
                      "validationFailureAction": "string"
                    }
                  ]
                }
              ]
            },
            "object": {
              "value": {
                "apiVersion": "kyverno.io/v1",
                "kind": "ClusterPolicy",
                "metadata": {
                  "annotations": {
                    "policies.kyverno.io/category": "Best Practices",
                    "policies.kyverno.io/description": "The ':latest' tag is mutable and can lead to unexpected errors if the image changes. A best practice is to use an immutable tag that maps to a specific version of an application Pod. This policy validates that the image specifies a tag and that it is not called `latest`.",
                    "policies.kyverno.io/minversion": "1.6.0",
                    "policies.kyverno.io/severity": "medium",
                    "policies.kyverno.io/subject": "Pod",
                    "policies.kyverno.io/title": "Disallow Latest Tag"
                  },
                  "creationTimestamp": null,
                  "deletionGracePeriodSeconds": null,
                  "deletionTimestamp": null,
                  "finalizers": null,
                  "generateName": null,
                  "generation": null,
                  "labels": null,
                  "managedFields": null,
                  "name": "disallow-latest-tag",
                  "namespace": null,
                  "ownerReferences": null,
                  "resourceVersion": null,
                  "selfLink": null,
                  "uid": null
                },
                "spec": {
                  "admission": true,
                  "applyRules": null,
                  "background": true,
                  "failurePolicy": null,
                  "generateExisting": null,
                  "generateExistingOnPolicyUpdate": null,
                  "mutateExistingOnPolicyUpdate": null,
                  "rules": [
                    {
                      "celPreconditions": null,
                      "context": null,
                      "exclude": {
                        "all": null,
                        "any": null,
                        "clusterRoles": null,
                        "resources": {
                          "annotations": null,
                          "kinds": null,
                          "name": null,
                          "names": null,
                          "namespaceSelector": {
                            "matchExpressions": null,
                            "matchLabels": null
                          },
                          "namespaces": null,
                          "operations": null,
                          "selector": {
                            "matchExpressions": null,
                            "matchLabels": null
                          }
                        },
                        "roles": null,
                        "subjects": null
                      },
                      "generate": {
                        "apiVersion": null,
                        "clone": {
                          "name": null,
                          "namespace": null
                        },
                        "cloneList": {
                          "kinds": null,
                          "namespace": null,
                          "selector": {
                            "matchExpressions": null,
                            "matchLabels": null
                          }
                        },
                        "data": null,
                        "kind": null,
                        "name": null,
                        "namespace": null,
                        "synchronize": null,
                        "uid": null
                      },
                      "imageExtractors": null,
                      "match": {
                        "all": null,
                        "any": [
                          {
                            "clusterRoles": null,
                            "resources": {
                              "annotations": null,
                              "kinds": [
                                "Pod"
                              ],
                              "name": null,
                              "names": null,
                              "namespaceSelector": {
                                "matchExpressions": null,
                                "matchLabels": null
                              },
                              "namespaces": null,
                              "operations": null,
                              "selector": {
                                "matchExpressions": null,
                                "matchLabels": null
                              }
                            },
                            "roles": null,
                            "subjects": null
                          }
                        ],
                        "clusterRoles": null,
                        "resources": {
                          "annotations": null,
                          "kinds": null,
                          "name": null,
                          "names": null,
                          "namespaceSelector": {
                            "matchExpressions": null,
                            "matchLabels": null
                          },
                          "namespaces": null,
                          "operations": null,
                          "selector": {
                            "matchExpressions": null,
                            "matchLabels": null
                          }
                        },
                        "roles": null,
                        "subjects": null
                      },
                      "mutate": {
                        "foreach": null,
                        "patchStrategicMerge": null,
                        "patchesJson6902": null,
                        "targets": null
                      },
                      "name": "require-image-tag",
                      "preconditions": null,
                      "skipBackgroundRequests": true,
                      "validate": {
                        "anyPattern": null,
                        "cel": {
                          "auditAnnotations": null,
                          "expressions": null,
                          "paramKind": {
                            "apiVersion": null,
                            "kind": null
                          },
                          "paramRef": {
                            "name": null,
                            "namespace": null,
                            "parameterNotFoundAction": null,
                            "selector": {
                              "matchExpressions": null,
                              "matchLabels": null
                            }
                          },
                          "variables": null
                        },
                        "deny": {
                          "conditions": null
                        },
                        "foreach": null,
                        "manifests": {
                          "annotationDomain": null,
                          "attestors": null,
                          "dryRun": {
                            "enable": null,
                            "namespace": null
                          },
                          "ignoreFields": null,
                          "repository": null
                        },
                        "message": "An image tag is required.",
                        "pattern": {
                          "spec": {
                            "containers": [
                              {
                                "image": "*:*"
                              }
                            ]
                          }
                        },
                        "podSecurity": {
                          "exclude": null,
                          "level": null,
                          "version": null
                        }
                      },
                      "verifyImages": null
                    },
                    {
                      "celPreconditions": null,
                      "context": null,
                      "exclude": {
                        "all": null,
                        "any": null,
                        "clusterRoles": null,
                        "resources": {
                          "annotations": null,
                          "kinds": null,
                          "name": null,
                          "names": null,
                          "namespaceSelector": {
                            "matchExpressions": null,
                            "matchLabels": null
                          },
                          "namespaces": null,
                          "operations": null,
                          "selector": {
                            "matchExpressions": null,
                            "matchLabels": null
                          }
                        },
                        "roles": null,
                        "subjects": null
                      },
                      "generate": {
                        "apiVersion": null,
                        "clone": {
                          "name": null,
                          "namespace": null
                        },
                        "cloneList": {
                          "kinds": null,
                          "namespace": null,
                          "selector": {
                            "matchExpressions": null,
                            "matchLabels": null
                          }
                        },
                        "data": null,
                        "kind": null,
                        "name": null,
                        "namespace": null,
                        "synchronize": null,
                        "uid": null
                      },
                      "imageExtractors": null,
                      "match": {
                        "all": null,
                        "any": [
                          {
                            "clusterRoles": null,
                            "resources": {
                              "annotations": null,
                              "kinds": [
                                "Pod"
                              ],
                              "name": null,
                              "names": null,
                              "namespaceSelector": {
                                "matchExpressions": null,
                                "matchLabels": null
                              },
                              "namespaces": null,
                              "operations": null,
                              "selector": {
                                "matchExpressions": null,
                                "matchLabels": null
                              }
                            },
                            "roles": null,
                            "subjects": null
                          }
                        ],
                        "clusterRoles": null,
                        "resources": {
                          "annotations": null,
                          "kinds": null,
                          "name": null,
                          "names": null,
                          "namespaceSelector": {
                            "matchExpressions": null,
                            "matchLabels": null
                          },
                          "namespaces": null,
                          "operations": null,
                          "selector": {
                            "matchExpressions": null,
                            "matchLabels": null
                          }
                        },
                        "roles": null,
                        "subjects": null
                      },
                      "mutate": {
                        "foreach": null,
                        "patchStrategicMerge": null,
                        "patchesJson6902": null,
                        "targets": null
                      },
                      "name": "validate-image-tag",
                      "preconditions": null,
                      "skipBackgroundRequests": true,
                      "validate": {
                        "anyPattern": null,
                        "cel": {
                          "auditAnnotations": null,
                          "expressions": null,
                          "paramKind": {
                            "apiVersion": null,
                            "kind": null
                          },
                          "paramRef": {
                            "name": null,
                            "namespace": null,
                            "parameterNotFoundAction": null,
                            "selector": {
                              "matchExpressions": null,
                              "matchLabels": null
                            }
                          },
                          "variables": null
                        },
                        "deny": {
                          "conditions": null
                        },
                        "foreach": null,
                        "manifests": {
                          "annotationDomain": null,
                          "attestors": null,
                          "dryRun": {
                            "enable": null,
                            "namespace": null
                          },
                          "ignoreFields": null,
                          "repository": null
                        },
                        "message": "Using a mutable image tag e.g. 'latest' is not allowed.",
                        "pattern": {
                          "spec": {
                            "containers": [
                              {
                                "image": "!*:latest"
                              }
                            ]
                          }
                        },
                        "podSecurity": {
                          "exclude": null,
                          "level": null,
                          "version": null
                        }
                      },
                      "verifyImages": null
                    }
                  ],
                  "schemaValidation": null,
                  "useServerSideApply": null,
                  "validationFailureAction": "audit",
                  "validationFailureActionOverrides": null,
                  "webhookTimeoutSeconds": null
                }
              },
              "type": [
                "object",
                {
                  "apiVersion": "string",
                  "kind": "string",
                  "metadata": [
                    "object",
                    {
                      "annotations": [
                        "map",
                        "string"
                      ],
                      "creationTimestamp": "string",
                      "deletionGracePeriodSeconds": "number",
                      "deletionTimestamp": "string",
                      "finalizers": [
                        "list",
                        "string"
                      ],
                      "generateName": "string",
                      "generation": "number",
                      "labels": [
                        "map",
                        "string"
                      ],
                      "managedFields": [
                        "tuple",
                        [
                          [
                            "object",
                            {
                              "apiVersion": "string",
                              "fieldsType": "string",
                              "fieldsV1": "dynamic",
                              "manager": "string",
                              "operation": "string",
                              "subresource": "string",
                              "time": "string"
                            }
                          ]
                        ]
                      ],
                      "name": "string",
                      "namespace": "string",
                      "ownerReferences": [
                        "list",
                        [
                          "object",
                          {
                            "apiVersion": "string",
                            "blockOwnerDeletion": "bool",
                            "controller": "bool",
                            "kind": "string",
                            "name": "string",
                            "uid": "string"
                          }
                        ]
                      ],
                      "resourceVersion": "string",
                      "selfLink": "string",
                      "uid": "string"
                    }
                  ],
                  "spec": [
                    "object",
                    {
                      "admission": "bool",
                      "applyRules": "string",
                      "background": "bool",
                      "failurePolicy": "string",
                      "generateExisting": "bool",
                      "generateExistingOnPolicyUpdate": "bool",
                      "mutateExistingOnPolicyUpdate": "bool",
                      "rules": [
                        "tuple",
                        [
                          [
                            "object",
                            {
                              "celPreconditions": [
                                "list",
                                [
                                  "object",
                                  {
                                    "expression": "string",
                                    "name": "string"
                                  }
                                ]
                              ],
                              "context": [
                                "tuple",
                                [
                                  [
                                    "object",
                                    {
                                      "apiCall": [
                                        "object",
                                        {
                                          "data": [
                                            "tuple",
                                            [
                                              [
                                                "object",
                                                {
                                                  "key": "string",
                                                  "value": "dynamic"
                                                }
                                              ]
                                            ]
                                          ],
                                          "jmesPath": "string",
                                          "method": "string",
                                          "service": [
                                            "object",
                                            {
                                              "caBundle": "string",
                                              "url": "string"
                                            }
                                          ],
                                          "urlPath": "string"
                                        }
                                      ],
                                      "configMap": [
                                        "object",
                                        {
                                          "name": "string",
                                          "namespace": "string"
                                        }
                                      ],
                                      "imageRegistry": [
                                        "object",
                                        {
                                          "imageRegistryCredentials": [
                                            "object",
                                            {
                                              "allowInsecureRegistry": "bool",
                                              "providers": [
                                                "list",
                                                "string"
                                              ],
                                              "secrets": [
                                                "list",
                                                "string"
                                              ]
                                            }
                                          ],
                                          "jmesPath": "string",
                                          "reference": "string"
                                        }
                                      ],
                                      "name": "string",
                                      "variable": [
                                        "object",
                                        {
                                          "default": "dynamic",
                                          "jmesPath": "string",
                                          "value": "dynamic"
                                        }
                                      ]
                                    }
                                  ]
                                ]
                              ],
                              "exclude": [
                                "object",
                                {
                                  "all": [
                                    "list",
                                    [
                                      "object",
                                      {
                                        "clusterRoles": [
                                          "list",
                                          "string"
                                        ],
                                        "resources": [
                                          "object",
                                          {
                                            "annotations": [
                                              "map",
                                              "string"
                                            ],
                                            "kinds": [
                                              "list",
                                              "string"
                                            ],
                                            "name": "string",
                                            "names": [
                                              "list",
                                              "string"
                                            ],
                                            "namespaceSelector": [
                                              "object",
                                              {
                                                "matchExpressions": [
                                                  "list",
                                                  [
                                                    "object",
                                                    {
                                                      "key": "string",
                                                      "operator": "string",
                                                      "values": [
                                                        "list",
                                                        "string"
                                                      ]
                                                    }
                                                  ]
                                                ],
                                                "matchLabels": [
                                                  "map",
                                                  "string"
                                                ]
                                              }
                                            ],
                                            "namespaces": [
                                              "list",
                                              "string"
                                            ],
                                            "operations": [
                                              "list",
                                              "string"
                                            ],
                                            "selector": [
                                              "object",
                                              {
                                                "matchExpressions": [
                                                  "list",
                                                  [
                                                    "object",
                                                    {
                                                      "key": "string",
                                                      "operator": "string",
                                                      "values": [
                                                        "list",
                                                        "string"
                                                      ]
                                                    }
                                                  ]
                                                ],
                                                "matchLabels": [
                                                  "map",
                                                  "string"
                                                ]
                                              }
                                            ]
                                          }
                                        ],
                                        "roles": [
                                          "list",
                                          "string"
                                        ],
                                        "subjects": [
                                          "list",
                                          [
                                            "object",
                                            {
                                              "apiGroup": "string",
                                              "kind": "string",
                                              "name": "string",
                                              "namespace": "string"
                                            }
                                          ]
                                        ]
                                      }
                                    ]
                                  ],
                                  "any": [
                                    "list",
                                    [
                                      "object",
                                      {
                                        "clusterRoles": [
                                          "list",
                                          "string"
                                        ],
                                        "resources": [
                                          "object",
                                          {
                                            "annotations": [
                                              "map",
                                              "string"
                                            ],
                                            "kinds": [
                                              "list",
                                              "string"
                                            ],
                                            "name": "string",
                                            "names": [
                                              "list",
                                              "string"
                                            ],
                                            "namespaceSelector": [
                                              "object",
                                              {
                                                "matchExpressions": [
                                                  "list",
                                                  [
                                                    "object",
                                                    {
                                                      "key": "string",
                                                      "operator": "string",
                                                      "values": [
                                                        "list",
                                                        "string"
                                                      ]
                                                    }
                                                  ]
                                                ],
                                                "matchLabels": [
                                                  "map",
                                                  "string"
                                                ]
                                              }
                                            ],
                                            "namespaces": [
                                              "list",
                                              "string"
                                            ],
                                            "operations": [
                                              "list",
                                              "string"
                                            ],
                                            "selector": [
                                              "object",
                                              {
                                                "matchExpressions": [
                                                  "list",
                                                  [
                                                    "object",
                                                    {
                                                      "key": "string",
                                                      "operator": "string",
                                                      "values": [
                                                        "list",
                                                        "string"
                                                      ]
                                                    }
                                                  ]
                                                ],
                                                "matchLabels": [
                                                  "map",
                                                  "string"
                                                ]
                                              }
                                            ]
                                          }
                                        ],
                                        "roles": [
                                          "list",
                                          "string"
                                        ],
                                        "subjects": [
                                          "list",
                                          [
                                            "object",
                                            {
                                              "apiGroup": "string",
                                              "kind": "string",
                                              "name": "string",
                                              "namespace": "string"
                                            }
                                          ]
                                        ]
                                      }
                                    ]
                                  ],
                                  "clusterRoles": [
                                    "list",
                                    "string"
                                  ],
                                  "resources": [
                                    "object",
                                    {
                                      "annotations": [
                                        "map",
                                        "string"
                                      ],
                                      "kinds": [
                                        "list",
                                        "string"
                                      ],
                                      "name": "string",
                                      "names": [
                                        "list",
                                        "string"
                                      ],
                                      "namespaceSelector": [
                                        "object",
                                        {
                                          "matchExpressions": [
                                            "list",
                                            [
                                              "object",
                                              {
                                                "key": "string",
                                                "operator": "string",
                                                "values": [
                                                  "list",
                                                  "string"
                                                ]
                                              }
                                            ]
                                          ],
                                          "matchLabels": [
                                            "map",
                                            "string"
                                          ]
                                        }
                                      ],
                                      "namespaces": [
                                        "list",
                                        "string"
                                      ],
                                      "operations": [
                                        "list",
                                        "string"
                                      ],
                                      "selector": [
                                        "object",
                                        {
                                          "matchExpressions": [
                                            "list",
                                            [
                                              "object",
                                              {
                                                "key": "string",
                                                "operator": "string",
                                                "values": [
                                                  "list",
                                                  "string"
                                                ]
                                              }
                                            ]
                                          ],
                                          "matchLabels": [
                                            "map",
                                            "string"
                                          ]
                                        }
                                      ]
                                    }
                                  ],
                                  "roles": [
                                    "list",
                                    "string"
                                  ],
                                  "subjects": [
                                    "list",
                                    [
                                      "object",
                                      {
                                        "apiGroup": "string",
                                        "kind": "string",
                                        "name": "string",
                                        "namespace": "string"
                                      }
                                    ]
                                  ]
                                }
                              ],
                              "generate": [
                                "object",
                                {
                                  "apiVersion": "string",
                                  "clone": [
                                    "object",
                                    {
                                      "name": "string",
                                      "namespace": "string"
                                    }
                                  ],
                                  "cloneList": [
                                    "object",
                                    {
                                      "kinds": [
                                        "list",
                                        "string"
                                      ],
                                      "namespace": "string",
                                      "selector": [
                                        "object",
                                        {
                                          "matchExpressions": [
                                            "list",
                                            [
                                              "object",
                                              {
                                                "key": "string",
                                                "operator": "string",
                                                "values": [
                                                  "list",
                                                  "string"
                                                ]
                                              }
                                            ]
                                          ],
                                          "matchLabels": [
                                            "map",
                                            "string"
                                          ]
                                        }
                                      ]
                                    }
                                  ],
                                  "data": "dynamic",
                                  "kind": "string",
                                  "name": "string",
                                  "namespace": "string",
                                  "synchronize": "bool",
                                  "uid": "string"
                                }
                              ],
                              "imageExtractors": [
                                "map",
                                [
                                  "list",
                                  [
                                    "object",
                                    {
                                      "jmesPath": "string",
                                      "key": "string",
                                      "name": "string",
                                      "path": "string",
                                      "value": "string"
                                    }
                                  ]
                                ]
                              ],
                              "match": [
                                "object",
                                {
                                  "all": [
                                    "list",
                                    [
                                      "object",
                                      {
                                        "clusterRoles": [
                                          "list",
                                          "string"
                                        ],
                                        "resources": [
                                          "object",
                                          {
                                            "annotations": [
                                              "map",
                                              "string"
                                            ],
                                            "kinds": [
                                              "list",
                                              "string"
                                            ],
                                            "name": "string",
                                            "names": [
                                              "list",
                                              "string"
                                            ],
                                            "namespaceSelector": [
                                              "object",
                                              {
                                                "matchExpressions": [
                                                  "list",
                                                  [
                                                    "object",
                                                    {
                                                      "key": "string",
                                                      "operator": "string",
                                                      "values": [
                                                        "list",
                                                        "string"
                                                      ]
                                                    }
                                                  ]
                                                ],
                                                "matchLabels": [
                                                  "map",
                                                  "string"
                                                ]
                                              }
                                            ],
                                            "namespaces": [
                                              "list",
                                              "string"
                                            ],
                                            "operations": [
                                              "list",
                                              "string"
                                            ],
                                            "selector": [
                                              "object",
                                              {
                                                "matchExpressions": [
                                                  "list",
                                                  [
                                                    "object",
                                                    {
                                                      "key": "string",
                                                      "operator": "string",
                                                      "values": [
                                                        "list",
                                                        "string"
                                                      ]
                                                    }
                                                  ]
                                                ],
                                                "matchLabels": [
                                                  "map",
                                                  "string"
                                                ]
                                              }
                                            ]
                                          }
                                        ],
                                        "roles": [
                                          "list",
                                          "string"
                                        ],
                                        "subjects": [
                                          "list",
                                          [
                                            "object",
                                            {
                                              "apiGroup": "string",
                                              "kind": "string",
                                              "name": "string",
                                              "namespace": "string"
                                            }
                                          ]
                                        ]
                                      }
                                    ]
                                  ],
                                  "any": [
                                    "list",
                                    [
                                      "object",
                                      {
                                        "clusterRoles": [
                                          "list",
                                          "string"
                                        ],
                                        "resources": [
                                          "object",
                                          {
                                            "annotations": [
                                              "map",
                                              "string"
                                            ],
                                            "kinds": [
                                              "list",
                                              "string"
                                            ],
                                            "name": "string",
                                            "names": [
                                              "list",
                                              "string"
                                            ],
                                            "namespaceSelector": [
                                              "object",
                                              {
                                                "matchExpressions": [
                                                  "list",
                                                  [
                                                    "object",
                                                    {
                                                      "key": "string",
                                                      "operator": "string",
                                                      "values": [
                                                        "list",
                                                        "string"
                                                      ]
                                                    }
                                                  ]
                                                ],
                                                "matchLabels": [
                                                  "map",
                                                  "string"
                                                ]
                                              }
                                            ],
                                            "namespaces": [
                                              "list",
                                              "string"
                                            ],
                                            "operations": [
                                              "list",
                                              "string"
                                            ],
                                            "selector": [
                                              "object",
                                              {
                                                "matchExpressions": [
                                                  "list",
                                                  [
                                                    "object",
                                                    {
                                                      "key": "string",
                                                      "operator": "string",
                                                      "values": [
                                                        "list",
                                                        "string"
                                                      ]
                                                    }
                                                  ]
                                                ],
                                                "matchLabels": [
                                                  "map",
                                                  "string"
                                                ]
                                              }
                                            ]
                                          }
                                        ],
                                        "roles": [
                                          "list",
                                          "string"
                                        ],
                                        "subjects": [
                                          "list",
                                          [
                                            "object",
                                            {
                                              "apiGroup": "string",
                                              "kind": "string",
                                              "name": "string",
                                              "namespace": "string"
                                            }
                                          ]
                                        ]
                                      }
                                    ]
                                  ],
                                  "clusterRoles": [
                                    "list",
                                    "string"
                                  ],
                                  "resources": [
                                    "object",
                                    {
                                      "annotations": [
                                        "map",
                                        "string"
                                      ],
                                      "kinds": [
                                        "list",
                                        "string"
                                      ],
                                      "name": "string",
                                      "names": [
                                        "list",
                                        "string"
                                      ],
                                      "namespaceSelector": [
                                        "object",
                                        {
                                          "matchExpressions": [
                                            "list",
                                            [
                                              "object",
                                              {
                                                "key": "string",
                                                "operator": "string",
                                                "values": [
                                                  "list",
                                                  "string"
                                                ]
                                              }
                                            ]
                                          ],
                                          "matchLabels": [
                                            "map",
                                            "string"
                                          ]
                                        }
                                      ],
                                      "namespaces": [
                                        "list",
                                        "string"
                                      ],
                                      "operations": [
                                        "list",
                                        "string"
                                      ],
                                      "selector": [
                                        "object",
                                        {
                                          "matchExpressions": [
                                            "list",
                                            [
                                              "object",
                                              {
                                                "key": "string",
                                                "operator": "string",
                                                "values": [
                                                  "list",
                                                  "string"
                                                ]
                                              }
                                            ]
                                          ],
                                          "matchLabels": [
                                            "map",
                                            "string"
                                          ]
                                        }
                                      ]
                                    }
                                  ],
                                  "roles": [
                                    "list",
                                    "string"
                                  ],
                                  "subjects": [
                                    "list",
                                    [
                                      "object",
                                      {
                                        "apiGroup": "string",
                                        "kind": "string",
                                        "name": "string",
                                        "namespace": "string"
                                      }
                                    ]
                                  ]
                                }
                              ],
                              "mutate": [
                                "object",
                                {
                                  "foreach": [
                                    "tuple",
                                    [
                                      [
                                        "object",
                                        {
                                          "context": [
                                            "tuple",
                                            [
                                              [
                                                "object",
                                                {
                                                  "apiCall": [
                                                    "object",
                                                    {
                                                      "data": [
                                                        "tuple",
                                                        [
                                                          [
                                                            "object",
                                                            {
                                                              "key": "string",
                                                              "value": "dynamic"
                                                            }
                                                          ]
                                                        ]
                                                      ],
                                                      "jmesPath": "string",
                                                      "method": "string",
                                                      "service": [
                                                        "object",
                                                        {
                                                          "caBundle": "string",
                                                          "url": "string"
                                                        }
                                                      ],
                                                      "urlPath": "string"
                                                    }
                                                  ],
                                                  "configMap": [
                                                    "object",
                                                    {
                                                      "name": "string",
                                                      "namespace": "string"
                                                    }
                                                  ],
                                                  "imageRegistry": [
                                                    "object",
                                                    {
                                                      "imageRegistryCredentials": [
                                                        "object",
                                                        {
                                                          "allowInsecureRegistry": "bool",
                                                          "providers": [
                                                            "list",
                                                            "string"
                                                          ],
                                                          "secrets": [
                                                            "list",
                                                            "string"
                                                          ]
                                                        }
                                                      ],
                                                      "jmesPath": "string",
                                                      "reference": "string"
                                                    }
                                                  ],
                                                  "name": "string",
                                                  "variable": [
                                                    "object",
                                                    {
                                                      "default": "dynamic",
                                                      "jmesPath": "string",
                                                      "value": "dynamic"
                                                    }
                                                  ]
                                                }
                                              ]
                                            ]
                                          ],
                                          "foreach": "dynamic",
                                          "list": "string",
                                          "order": "string",
                                          "patchStrategicMerge": "dynamic",
                                          "patchesJson6902": "string",
                                          "preconditions": [
                                            "object",
                                            {
                                              "all": [
                                                "tuple",
                                                [
                                                  [
                                                    "object",
                                                    {
                                                      "key": "dynamic",
                                                      "message": "string",
                                                      "operator": "string",
                                                      "value": "dynamic"
                                                    }
                                                  ]
                                                ]
                                              ],
                                              "any": [
                                                "tuple",
                                                [
                                                  [
                                                    "object",
                                                    {
                                                      "key": "dynamic",
                                                      "message": "string",
                                                      "operator": "string",
                                                      "value": "dynamic"
                                                    }
                                                  ]
                                                ]
                                              ]
                                            }
                                          ]
                                        }
                                      ]
                                    ]
                                  ],
                                  "patchStrategicMerge": "dynamic",
                                  "patchesJson6902": "string",
                                  "targets": [
                                    "tuple",
                                    [
                                      [
                                        "object",
                                        {
                                          "apiVersion": "string",
                                          "context": [
                                            "tuple",
                                            [
                                              [
                                                "object",
                                                {
                                                  "apiCall": [
                                                    "object",
                                                    {
                                                      "data": [
                                                        "tuple",
                                                        [
                                                          [
                                                            "object",
                                                            {
                                                              "key": "string",
                                                              "value": "dynamic"
                                                            }
                                                          ]
                                                        ]
                                                      ],
                                                      "jmesPath": "string",
                                                      "method": "string",
                                                      "service": [
                                                        "object",
                                                        {
                                                          "caBundle": "string",
                                                          "url": "string"
                                                        }
                                                      ],
                                                      "urlPath": "string"
                                                    }
                                                  ],
                                                  "configMap": [
                                                    "object",
                                                    {
                                                      "name": "string",
                                                      "namespace": "string"
                                                    }
                                                  ],
                                                  "imageRegistry": [
                                                    "object",
                                                    {
                                                      "imageRegistryCredentials": [
                                                        "object",
                                                        {
                                                          "allowInsecureRegistry": "bool",
                                                          "providers": [
                                                            "list",
                                                            "string"
                                                          ],
                                                          "secrets": [
                                                            "list",
                                                            "string"
                                                          ]
                                                        }
                                                      ],
                                                      "jmesPath": "string",
                                                      "reference": "string"
                                                    }
                                                  ],
                                                  "name": "string",
                                                  "variable": [
                                                    "object",
                                                    {
                                                      "default": "dynamic",
                                                      "jmesPath": "string",
                                                      "value": "dynamic"
                                                    }
                                                  ]
                                                }
                                              ]
                                            ]
                                          ],
                                          "kind": "string",
                                          "name": "string",
                                          "namespace": "string",
                                          "preconditions": "dynamic",
                                          "uid": "string"
                                        }
                                      ]
                                    ]
                                  ]
                                }
                              ],
                              "name": "string",
                              "preconditions": "dynamic",
                              "skipBackgroundRequests": "bool",
                              "validate": [
                                "object",
                                {
                                  "anyPattern": "dynamic",
                                  "cel": [
                                    "object",
                                    {
                                      "auditAnnotations": [
                                        "list",
                                        [
                                          "object",
                                          {
                                            "key": "string",
                                            "valueExpression": "string"
                                          }
                                        ]
                                      ],
                                      "expressions": [
                                        "list",
                                        [
                                          "object",
                                          {
                                            "expression": "string",
                                            "message": "string",
                                            "messageExpression": "string",
                                            "reason": "string"
                                          }
                                        ]
                                      ],
                                      "paramKind": [
                                        "object",
                                        {
                                          "apiVersion": "string",
                                          "kind": "string"
                                        }
                                      ],
                                      "paramRef": [
                                        "object",
                                        {
                                          "name": "string",
                                          "namespace": "string",
                                          "parameterNotFoundAction": "string",
                                          "selector": [
                                            "object",
                                            {
                                              "matchExpressions": [
                                                "list",
                                                [
                                                  "object",
                                                  {
                                                    "key": "string",
                                                    "operator": "string",
                                                    "values": [
                                                      "list",
                                                      "string"
                                                    ]
                                                  }
                                                ]
                                              ],
                                              "matchLabels": [
                                                "map",
                                                "string"
                                              ]
                                            }
                                          ]
                                        }
                                      ],
                                      "variables": [
                                        "list",
                                        [
                                          "object",
                                          {
                                            "expression": "string",
                                            "name": "string"
                                          }
                                        ]
                                      ]
                                    }
                                  ],
                                  "deny": [
                                    "object",
                                    {
                                      "conditions": "dynamic"
                                    }
                                  ],
                                  "foreach": [
                                    "tuple",
                                    [
                                      [
                                        "object",
                                        {
                                          "anyPattern": "dynamic",
                                          "context": [
                                            "tuple",
                                            [
                                              [
                                                "object",
                                                {
                                                  "apiCall": [
                                                    "object",
                                                    {
                                                      "data": [
                                                        "tuple",
                                                        [
                                                          [
                                                            "object",
                                                            {
                                                              "key": "string",
                                                              "value": "dynamic"
                                                            }
                                                          ]
                                                        ]
                                                      ],
                                                      "jmesPath": "string",
                                                      "method": "string",
                                                      "service": [
                                                        "object",
                                                        {
                                                          "caBundle": "string",
                                                          "url": "string"
                                                        }
                                                      ],
                                                      "urlPath": "string"
                                                    }
                                                  ],
                                                  "configMap": [
                                                    "object",
                                                    {
                                                      "name": "string",
                                                      "namespace": "string"
                                                    }
                                                  ],
                                                  "imageRegistry": [
                                                    "object",
                                                    {
                                                      "imageRegistryCredentials": [
                                                        "object",
                                                        {
                                                          "allowInsecureRegistry": "bool",
                                                          "providers": [
                                                            "list",
                                                            "string"
                                                          ],
                                                          "secrets": [
                                                            "list",
                                                            "string"
                                                          ]
                                                        }
                                                      ],
                                                      "jmesPath": "string",
                                                      "reference": "string"
                                                    }
                                                  ],
                                                  "name": "string",
                                                  "variable": [
                                                    "object",
                                                    {
                                                      "default": "dynamic",
                                                      "jmesPath": "string",
                                                      "value": "dynamic"
                                                    }
                                                  ]
                                                }
                                              ]
                                            ]
                                          ],
                                          "deny": [
                                            "object",
                                            {
                                              "conditions": "dynamic"
                                            }
                                          ],
                                          "elementScope": "bool",
                                          "foreach": "dynamic",
                                          "list": "string",
                                          "pattern": "dynamic",
                                          "preconditions": [
                                            "object",
                                            {
                                              "all": [
                                                "tuple",
                                                [
                                                  [
                                                    "object",
                                                    {
                                                      "key": "dynamic",
                                                      "message": "string",
                                                      "operator": "string",
                                                      "value": "dynamic"
                                                    }
                                                  ]
                                                ]
                                              ],
                                              "any": [
                                                "tuple",
                                                [
                                                  [
                                                    "object",
                                                    {
                                                      "key": "dynamic",
                                                      "message": "string",
                                                      "operator": "string",
                                                      "value": "dynamic"
                                                    }
                                                  ]
                                                ]
                                              ]
                                            }
                                          ]
                                        }
                                      ]
                                    ]
                                  ],
                                  "manifests": [
                                    "object",
                                    {
                                      "annotationDomain": "string",
                                      "attestors": [
                                        "tuple",
                                        [
                                          [
                                            "object",
                                            {
                                              "count": "number",
                                              "entries": [
                                                "tuple",
                                                [
                                                  [
                                                    "object",
                                                    {
                                                      "annotations": [
                                                        "map",
                                                        "string"
                                                      ],
                                                      "attestor": "dynamic",
                                                      "certificates": [
                                                        "object",
                                                        {
                                                          "cert": "string",
                                                          "certChain": "string",
                                                          "ctlog": [
                                                            "object",
                                                            {
                                                              "ignoreSCT": "bool",
                                                              "pubkey": "string"
                                                            }
                                                          ],
                                                          "rekor": [
                                                            "object",
                                                            {
                                                              "ignoreTlog": "bool",
                                                              "pubkey": "string",
                                                              "url": "string"
                                                            }
                                                          ]
                                                        }
                                                      ],
                                                      "keyless": [
                                                        "object",
                                                        {
                                                          "additionalExtensions": [
                                                            "map",
                                                            "string"
                                                          ],
                                                          "ctlog": [
                                                            "object",
                                                            {
                                                              "ignoreSCT": "bool",
                                                              "pubkey": "string"
                                                            }
                                                          ],
                                                          "issuer": "string",
                                                          "rekor": [
                                                            "object",
                                                            {
                                                              "ignoreTlog": "bool",
                                                              "pubkey": "string",
                                                              "url": "string"
                                                            }
                                                          ],
                                                          "roots": "string",
                                                          "subject": "string"
                                                        }
                                                      ],
                                                      "keys": [
                                                        "object",
                                                        {
                                                          "ctlog": [
                                                            "object",
                                                            {
                                                              "ignoreSCT": "bool",
                                                              "pubkey": "string"
                                                            }
                                                          ],
                                                          "kms": "string",
                                                          "publicKeys": "string",
                                                          "rekor": [
                                                            "object",
                                                            {
                                                              "ignoreTlog": "bool",
                                                              "pubkey": "string",
                                                              "url": "string"
                                                            }
                                                          ],
                                                          "secret": [
                                                            "object",
                                                            {
                                                              "name": "string",
                                                              "namespace": "string"
                                                            }
                                                          ],
                                                          "signatureAlgorithm": "string"
                                                        }
                                                      ],
                                                      "repository": "string"
                                                    }
                                                  ]
                                                ]
                                              ]
                                            }
                                          ]
                                        ]
                                      ],
                                      "dryRun": [
                                        "object",
                                        {
                                          "enable": "bool",
                                          "namespace": "string"
                                        }
                                      ],
                                      "ignoreFields": [
                                        "list",
                                        [
                                          "object",
                                          {
                                            "fields": [
                                              "list",
                                              "string"
                                            ],
                                            "objects": [
                                              "list",
                                              [
                                                "object",
                                                {
                                                  "group": "string",
                                                  "kind": "string",
                                                  "name": "string",
                                                  "namespace": "string",
                                                  "version": "string"
                                                }
                                              ]
                                            ]
                                          }
                                        ]
                                      ],
                                      "repository": "string"
                                    }
                                  ],
                                  "message": "string",
                                  "pattern": [
                                    "object",
                                    {
                                      "spec": [
                                        "object",
                                        {
                                          "containers": [
                                            "tuple",
                                            [
                                              [
                                                "object",
                                                {
                                                  "image": "string"
                                                }
                                              ]
                                            ]
                                          ]
                                        }
                                      ]
                                    }
                                  ],
                                  "podSecurity": [
                                    "object",
                                    {
                                      "exclude": [
                                        "list",
                                        [
                                          "object",
                                          {
                                            "controlName": "string",
                                            "images": [
                                              "list",
                                              "string"
                                            ]
                                          }
                                        ]
                                      ],
                                      "level": "string",
                                      "version": "string"
                                    }
                                  ]
                                }
                              ],
                              "verifyImages": [
                                "tuple",
                                [
                                  [
                                    "object",
                                    {
                                      "additionalExtensions": [
                                        "map",
                                        "string"
                                      ],
                                      "annotations": [
                                        "map",
                                        "string"
                                      ],
                                      "attestations": [
                                        "tuple",
                                        [
                                          [
                                            "object",
                                            {
                                              "attestors": [
                                                "tuple",
                                                [
                                                  [
                                                    "object",
                                                    {
                                                      "count": "number",
                                                      "entries": [
                                                        "tuple",
                                                        [
                                                          [
                                                            "object",
                                                            {
                                                              "annotations": [
                                                                "map",
                                                                "string"
                                                              ],
                                                              "attestor": "dynamic",
                                                              "certificates": [
                                                                "object",
                                                                {
                                                                  "cert": "string",
                                                                  "certChain": "string",
                                                                  "ctlog": [
                                                                    "object",
                                                                    {
                                                                      "ignoreSCT": "bool",
                                                                      "pubkey": "string"
                                                                    }
                                                                  ],
                                                                  "rekor": [
                                                                    "object",
                                                                    {
                                                                      "ignoreTlog": "bool",
                                                                      "pubkey": "string",
                                                                      "url": "string"
                                                                    }
                                                                  ]
                                                                }
                                                              ],
                                                              "keyless": [
                                                                "object",
                                                                {
                                                                  "additionalExtensions": [
                                                                    "map",
                                                                    "string"
                                                                  ],
                                                                  "ctlog": [
                                                                    "object",
                                                                    {
                                                                      "ignoreSCT": "bool",
                                                                      "pubkey": "string"
                                                                    }
                                                                  ],
                                                                  "issuer": "string",
                                                                  "rekor": [
                                                                    "object",
                                                                    {
                                                                      "ignoreTlog": "bool",
                                                                      "pubkey": "string",
                                                                      "url": "string"
                                                                    }
                                                                  ],
                                                                  "roots": "string",
                                                                  "subject": "string"
                                                                }
                                                              ],
                                                              "keys": [
                                                                "object",
                                                                {
                                                                  "ctlog": [
                                                                    "object",
                                                                    {
                                                                      "ignoreSCT": "bool",
                                                                      "pubkey": "string"
                                                                    }
                                                                  ],
                                                                  "kms": "string",
                                                                  "publicKeys": "string",
                                                                  "rekor": [
                                                                    "object",
                                                                    {
                                                                      "ignoreTlog": "bool",
                                                                      "pubkey": "string",
                                                                      "url": "string"
                                                                    }
                                                                  ],
                                                                  "secret": [
                                                                    "object",
                                                                    {
                                                                      "name": "string",
                                                                      "namespace": "string"
                                                                    }
                                                                  ],
                                                                  "signatureAlgorithm": "string"
                                                                }
                                                              ],
                                                              "repository": "string"
                                                            }
                                                          ]
                                                        ]
                                                      ]
                                                    }
                                                  ]
                                                ]
                                              ],
                                              "conditions": [
                                                "tuple",
                                                [
                                                  [
                                                    "object",
                                                    {
                                                      "all": [
                                                        "tuple",
                                                        [
                                                          [
                                                            "object",
                                                            {
                                                              "key": "dynamic",
                                                              "message": "string",
                                                              "operator": "string",
                                                              "value": "dynamic"
                                                            }
                                                          ]
                                                        ]
                                                      ],
                                                      "any": [
                                                        "tuple",
                                                        [
                                                          [
                                                            "object",
                                                            {
                                                              "key": "dynamic",
                                                              "message": "string",
                                                              "operator": "string",
                                                              "value": "dynamic"
                                                            }
                                                          ]
                                                        ]
                                                      ]
                                                    }
                                                  ]
                                                ]
                                              ],
                                              "predicateType": "string",
                                              "type": "string"
                                            }
                                          ]
                                        ]
                                      ],
                                      "attestors": [
                                        "tuple",
                                        [
                                          [
                                            "object",
                                            {
                                              "count": "number",
                                              "entries": [
                                                "tuple",
                                                [
                                                  [
                                                    "object",
                                                    {
                                                      "annotations": [
                                                        "map",
                                                        "string"
                                                      ],
                                                      "attestor": "dynamic",
                                                      "certificates": [
                                                        "object",
                                                        {
                                                          "cert": "string",
                                                          "certChain": "string",
                                                          "ctlog": [
                                                            "object",
                                                            {
                                                              "ignoreSCT": "bool",
                                                              "pubkey": "string"
                                                            }
                                                          ],
                                                          "rekor": [
                                                            "object",
                                                            {
                                                              "ignoreTlog": "bool",
                                                              "pubkey": "string",
                                                              "url": "string"
                                                            }
                                                          ]
                                                        }
                                                      ],
                                                      "keyless": [
                                                        "object",
                                                        {
                                                          "additionalExtensions": [
                                                            "map",
                                                            "string"
                                                          ],
                                                          "ctlog": [
                                                            "object",
                                                            {
                                                              "ignoreSCT": "bool",
                                                              "pubkey": "string"
                                                            }
                                                          ],
                                                          "issuer": "string",
                                                          "rekor": [
                                                            "object",
                                                            {
                                                              "ignoreTlog": "bool",
                                                              "pubkey": "string",
                                                              "url": "string"
                                                            }
                                                          ],
                                                          "roots": "string",
                                                          "subject": "string"
                                                        }
                                                      ],
                                                      "keys": [
                                                        "object",
                                                        {
                                                          "ctlog": [
                                                            "object",
                                                            {
                                                              "ignoreSCT": "bool",
                                                              "pubkey": "string"
                                                            }
                                                          ],
                                                          "kms": "string",
                                                          "publicKeys": "string",
                                                          "rekor": [
                                                            "object",
                                                            {
                                                              "ignoreTlog": "bool",
                                                              "pubkey": "string",
                                                              "url": "string"
                                                            }
                                                          ],
                                                          "secret": [
                                                            "object",
                                                            {
                                                              "name": "string",
                                                              "namespace": "string"
                                                            }
                                                          ],
                                                          "signatureAlgorithm": "string"
                                                        }
                                                      ],
                                                      "repository": "string"
                                                    }
                                                  ]
                                                ]
                                              ]
                                            }
                                          ]
                                        ]
                                      ],
                                      "image": "string",
                                      "imageReferences": [
                                        "list",
                                        "string"
                                      ],
                                      "imageRegistryCredentials": [
                                        "object",
                                        {
                                          "allowInsecureRegistry": "bool",
                                          "providers": [
                                            "list",
                                            "string"
                                          ],
                                          "secrets": [
                                            "list",
                                            "string"
                                          ]
                                        }
                                      ],
                                      "issuer": "string",
                                      "key": "string",
                                      "mutateDigest": "bool",
                                      "repository": "string",
                                      "required": "bool",
                                      "roots": "string",
                                      "subject": "string",
                                      "type": "string",
                                      "useCache": "bool",
                                      "verifyDigest": "bool"
                                    }
                                  ]
                                ]
                              ]
                            }
                          ],
                          [
                            "object",
                            {
                              "celPreconditions": [
                                "list",
                                [
                                  "object",
                                  {
                                    "expression": "string",
                                    "name": "string"
                                  }
                                ]
                              ],
                              "context": [
                                "tuple",
                                [
                                  [
                                    "object",
                                    {
                                      "apiCall": [
                                        "object",
                                        {
                                          "data": [
                                            "tuple",
                                            [
                                              [
                                                "object",
                                                {
                                                  "key": "string",
                                                  "value": "dynamic"
                                                }
                                              ]
                                            ]
                                          ],
                                          "jmesPath": "string",
                                          "method": "string",
                                          "service": [
                                            "object",
                                            {
                                              "caBundle": "string",
                                              "url": "string"
                                            }
                                          ],
                                          "urlPath": "string"
                                        }
                                      ],
                                      "configMap": [
                                        "object",
                                        {
                                          "name": "string",
                                          "namespace": "string"
                                        }
                                      ],
                                      "imageRegistry": [
                                        "object",
                                        {
                                          "imageRegistryCredentials": [
                                            "object",
                                            {
                                              "allowInsecureRegistry": "bool",
                                              "providers": [
                                                "list",
                                                "string"
                                              ],
                                              "secrets": [
                                                "list",
                                                "string"
                                              ]
                                            }
                                          ],
                                          "jmesPath": "string",
                                          "reference": "string"
                                        }
                                      ],
                                      "name": "string",
                                      "variable": [
                                        "object",
                                        {
                                          "default": "dynamic",
                                          "jmesPath": "string",
                                          "value": "dynamic"
                                        }
                                      ]
                                    }
                                  ]
                                ]
                              ],
                              "exclude": [
                                "object",
                                {
                                  "all": [
                                    "list",
                                    [
                                      "object",
                                      {
                                        "clusterRoles": [
                                          "list",
                                          "string"
                                        ],
                                        "resources": [
                                          "object",
                                          {
                                            "annotations": [
                                              "map",
                                              "string"
                                            ],
                                            "kinds": [
                                              "list",
                                              "string"
                                            ],
                                            "name": "string",
                                            "names": [
                                              "list",
                                              "string"
                                            ],
                                            "namespaceSelector": [
                                              "object",
                                              {
                                                "matchExpressions": [
                                                  "list",
                                                  [
                                                    "object",
                                                    {
                                                      "key": "string",
                                                      "operator": "string",
                                                      "values": [
                                                        "list",
                                                        "string"
                                                      ]
                                                    }
                                                  ]
                                                ],
                                                "matchLabels": [
                                                  "map",
                                                  "string"
                                                ]
                                              }
                                            ],
                                            "namespaces": [
                                              "list",
                                              "string"
                                            ],
                                            "operations": [
                                              "list",
                                              "string"
                                            ],
                                            "selector": [
                                              "object",
                                              {
                                                "matchExpressions": [
                                                  "list",
                                                  [
                                                    "object",
                                                    {
                                                      "key": "string",
                                                      "operator": "string",
                                                      "values": [
                                                        "list",
                                                        "string"
                                                      ]
                                                    }
                                                  ]
                                                ],
                                                "matchLabels": [
                                                  "map",
                                                  "string"
                                                ]
                                              }
                                            ]
                                          }
                                        ],
                                        "roles": [
                                          "list",
                                          "string"
                                        ],
                                        "subjects": [
                                          "list",
                                          [
                                            "object",
                                            {
                                              "apiGroup": "string",
                                              "kind": "string",
                                              "name": "string",
                                              "namespace": "string"
                                            }
                                          ]
                                        ]
                                      }
                                    ]
                                  ],
                                  "any": [
                                    "list",
                                    [
                                      "object",
                                      {
                                        "clusterRoles": [
                                          "list",
                                          "string"
                                        ],
                                        "resources": [
                                          "object",
                                          {
                                            "annotations": [
                                              "map",
                                              "string"
                                            ],
                                            "kinds": [
                                              "list",
                                              "string"
                                            ],
                                            "name": "string",
                                            "names": [
                                              "list",
                                              "string"
                                            ],
                                            "namespaceSelector": [
                                              "object",
                                              {
                                                "matchExpressions": [
                                                  "list",
                                                  [
                                                    "object",
                                                    {
                                                      "key": "string",
                                                      "operator": "string",
                                                      "values": [
                                                        "list",
                                                        "string"
                                                      ]
                                                    }
                                                  ]
                                                ],
                                                "matchLabels": [
                                                  "map",
                                                  "string"
                                                ]
                                              }
                                            ],
                                            "namespaces": [
                                              "list",
                                              "string"
                                            ],
                                            "operations": [
                                              "list",
                                              "string"
                                            ],
                                            "selector": [
                                              "object",
                                              {
                                                "matchExpressions": [
                                                  "list",
                                                  [
                                                    "object",
                                                    {
                                                      "key": "string",
                                                      "operator": "string",
                                                      "values": [
                                                        "list",
                                                        "string"
                                                      ]
                                                    }
                                                  ]
                                                ],
                                                "matchLabels": [
                                                  "map",
                                                  "string"
                                                ]
                                              }
                                            ]
                                          }
                                        ],
                                        "roles": [
                                          "list",
                                          "string"
                                        ],
                                        "subjects": [
                                          "list",
                                          [
                                            "object",
                                            {
                                              "apiGroup": "string",
                                              "kind": "string",
                                              "name": "string",
                                              "namespace": "string"
                                            }
                                          ]
                                        ]
                                      }
                                    ]
                                  ],
                                  "clusterRoles": [
                                    "list",
                                    "string"
                                  ],
                                  "resources": [
                                    "object",
                                    {
                                      "annotations": [
                                        "map",
                                        "string"
                                      ],
                                      "kinds": [
                                        "list",
                                        "string"
                                      ],
                                      "name": "string",
                                      "names": [
                                        "list",
                                        "string"
                                      ],
                                      "namespaceSelector": [
                                        "object",
                                        {
                                          "matchExpressions": [
                                            "list",
                                            [
                                              "object",
                                              {
                                                "key": "string",
                                                "operator": "string",
                                                "values": [
                                                  "list",
                                                  "string"
                                                ]
                                              }
                                            ]
                                          ],
                                          "matchLabels": [
                                            "map",
                                            "string"
                                          ]
                                        }
                                      ],
                                      "namespaces": [
                                        "list",
                                        "string"
                                      ],
                                      "operations": [
                                        "list",
                                        "string"
                                      ],
                                      "selector": [
                                        "object",
                                        {
                                          "matchExpressions": [
                                            "list",
                                            [
                                              "object",
                                              {
                                                "key": "string",
                                                "operator": "string",
                                                "values": [
                                                  "list",
                                                  "string"
                                                ]
                                              }
                                            ]
                                          ],
                                          "matchLabels": [
                                            "map",
                                            "string"
                                          ]
                                        }
                                      ]
                                    }
                                  ],
                                  "roles": [
                                    "list",
                                    "string"
                                  ],
                                  "subjects": [
                                    "list",
                                    [
                                      "object",
                                      {
                                        "apiGroup": "string",
                                        "kind": "string",
                                        "name": "string",
                                        "namespace": "string"
                                      }
                                    ]
                                  ]
                                }
                              ],
                              "generate": [
                                "object",
                                {
                                  "apiVersion": "string",
                                  "clone": [
                                    "object",
                                    {
                                      "name": "string",
                                      "namespace": "string"
                                    }
                                  ],
                                  "cloneList": [
                                    "object",
                                    {
                                      "kinds": [
                                        "list",
                                        "string"
                                      ],
                                      "namespace": "string",
                                      "selector": [
                                        "object",
                                        {
                                          "matchExpressions": [
                                            "list",
                                            [
                                              "object",
                                              {
                                                "key": "string",
                                                "operator": "string",
                                                "values": [
                                                  "list",
                                                  "string"
                                                ]
                                              }
                                            ]
                                          ],
                                          "matchLabels": [
                                            "map",
                                            "string"
                                          ]
                                        }
                                      ]
                                    }
                                  ],
                                  "data": "dynamic",
                                  "kind": "string",
                                  "name": "string",
                                  "namespace": "string",
                                  "synchronize": "bool",
                                  "uid": "string"
                                }
                              ],
                              "imageExtractors": [
                                "map",
                                [
                                  "list",
                                  [
                                    "object",
                                    {
                                      "jmesPath": "string",
                                      "key": "string",
                                      "name": "string",
                                      "path": "string",
                                      "value": "string"
                                    }
                                  ]
                                ]
                              ],
                              "match": [
                                "object",
                                {
                                  "all": [
                                    "list",
                                    [
                                      "object",
                                      {
                                        "clusterRoles": [
                                          "list",
                                          "string"
                                        ],
                                        "resources": [
                                          "object",
                                          {
                                            "annotations": [
                                              "map",
                                              "string"
                                            ],
                                            "kinds": [
                                              "list",
                                              "string"
                                            ],
                                            "name": "string",
                                            "names": [
                                              "list",
                                              "string"
                                            ],
                                            "namespaceSelector": [
                                              "object",
                                              {
                                                "matchExpressions": [
                                                  "list",
                                                  [
                                                    "object",
                                                    {
                                                      "key": "string",
                                                      "operator": "string",
                                                      "values": [
                                                        "list",
                                                        "string"
                                                      ]
                                                    }
                                                  ]
                                                ],
                                                "matchLabels": [
                                                  "map",
                                                  "string"
                                                ]
                                              }
                                            ],
                                            "namespaces": [
                                              "list",
                                              "string"
                                            ],
                                            "operations": [
                                              "list",
                                              "string"
                                            ],
                                            "selector": [
                                              "object",
                                              {
                                                "matchExpressions": [
                                                  "list",
                                                  [
                                                    "object",
                                                    {
                                                      "key": "string",
                                                      "operator": "string",
                                                      "values": [
                                                        "list",
                                                        "string"
                                                      ]
                                                    }
                                                  ]
                                                ],
                                                "matchLabels": [
                                                  "map",
                                                  "string"
                                                ]
                                              }
                                            ]
                                          }
                                        ],
                                        "roles": [
                                          "list",
                                          "string"
                                        ],
                                        "subjects": [
                                          "list",
                                          [
                                            "object",
                                            {
                                              "apiGroup": "string",
                                              "kind": "string",
                                              "name": "string",
                                              "namespace": "string"
                                            }
                                          ]
                                        ]
                                      }
                                    ]
                                  ],
                                  "any": [
                                    "list",
                                    [
                                      "object",
                                      {
                                        "clusterRoles": [
                                          "list",
                                          "string"
                                        ],
                                        "resources": [
                                          "object",
                                          {
                                            "annotations": [
                                              "map",
                                              "string"
                                            ],
                                            "kinds": [
                                              "list",
                                              "string"
                                            ],
                                            "name": "string",
                                            "names": [
                                              "list",
                                              "string"
                                            ],
                                            "namespaceSelector": [
                                              "object",
                                              {
                                                "matchExpressions": [
                                                  "list",
                                                  [
                                                    "object",
                                                    {
                                                      "key": "string",
                                                      "operator": "string",
                                                      "values": [
                                                        "list",
                                                        "string"
                                                      ]
                                                    }
                                                  ]
                                                ],
                                                "matchLabels": [
                                                  "map",
                                                  "string"
                                                ]
                                              }
                                            ],
                                            "namespaces": [
                                              "list",
                                              "string"
                                            ],
                                            "operations": [
                                              "list",
                                              "string"
                                            ],
                                            "selector": [
                                              "object",
                                              {
                                                "matchExpressions": [
                                                  "list",
                                                  [
                                                    "object",
                                                    {
                                                      "key": "string",
                                                      "operator": "string",
                                                      "values": [
                                                        "list",
                                                        "string"
                                                      ]
                                                    }
                                                  ]
                                                ],
                                                "matchLabels": [
                                                  "map",
                                                  "string"
                                                ]
                                              }
                                            ]
                                          }
                                        ],
                                        "roles": [
                                          "list",
                                          "string"
                                        ],
                                        "subjects": [
                                          "list",
                                          [
                                            "object",
                                            {
                                              "apiGroup": "string",
                                              "kind": "string",
                                              "name": "string",
                                              "namespace": "string"
                                            }
                                          ]
                                        ]
                                      }
                                    ]
                                  ],
                                  "clusterRoles": [
                                    "list",
                                    "string"
                                  ],
                                  "resources": [
                                    "object",
                                    {
                                      "annotations": [
                                        "map",
                                        "string"
                                      ],
                                      "kinds": [
                                        "list",
                                        "string"
                                      ],
                                      "name": "string",
                                      "names": [
                                        "list",
                                        "string"
                                      ],
                                      "namespaceSelector": [
                                        "object",
                                        {
                                          "matchExpressions": [
                                            "list",
                                            [
                                              "object",
                                              {
                                                "key": "string",
                                                "operator": "string",
                                                "values": [
                                                  "list",
                                                  "string"
                                                ]
                                              }
                                            ]
                                          ],
                                          "matchLabels": [
                                            "map",
                                            "string"
                                          ]
                                        }
                                      ],
                                      "namespaces": [
                                        "list",
                                        "string"
                                      ],
                                      "operations": [
                                        "list",
                                        "string"
                                      ],
                                      "selector": [
                                        "object",
                                        {
                                          "matchExpressions": [
                                            "list",
                                            [
                                              "object",
                                              {
                                                "key": "string",
                                                "operator": "string",
                                                "values": [
                                                  "list",
                                                  "string"
                                                ]
                                              }
                                            ]
                                          ],
                                          "matchLabels": [
                                            "map",
                                            "string"
                                          ]
                                        }
                                      ]
                                    }
                                  ],
                                  "roles": [
                                    "list",
                                    "string"
                                  ],
                                  "subjects": [
                                    "list",
                                    [
                                      "object",
                                      {
                                        "apiGroup": "string",
                                        "kind": "string",
                                        "name": "string",
                                        "namespace": "string"
                                      }
                                    ]
                                  ]
                                }
                              ],
                              "mutate": [
                                "object",
                                {
                                  "foreach": [
                                    "tuple",
                                    [
                                      [
                                        "object",
                                        {
                                          "context": [
                                            "tuple",
                                            [
                                              [
                                                "object",
                                                {
                                                  "apiCall": [
                                                    "object",
                                                    {
                                                      "data": [
                                                        "tuple",
                                                        [
                                                          [
                                                            "object",
                                                            {
                                                              "key": "string",
                                                              "value": "dynamic"
                                                            }
                                                          ]
                                                        ]
                                                      ],
                                                      "jmesPath": "string",
                                                      "method": "string",
                                                      "service": [
                                                        "object",
                                                        {
                                                          "caBundle": "string",
                                                          "url": "string"
                                                        }
                                                      ],
                                                      "urlPath": "string"
                                                    }
                                                  ],
                                                  "configMap": [
                                                    "object",
                                                    {
                                                      "name": "string",
                                                      "namespace": "string"
                                                    }
                                                  ],
                                                  "imageRegistry": [
                                                    "object",
                                                    {
                                                      "imageRegistryCredentials": [
                                                        "object",
                                                        {
                                                          "allowInsecureRegistry": "bool",
                                                          "providers": [
                                                            "list",
                                                            "string"
                                                          ],
                                                          "secrets": [
                                                            "list",
                                                            "string"
                                                          ]
                                                        }
                                                      ],
                                                      "jmesPath": "string",
                                                      "reference": "string"
                                                    }
                                                  ],
                                                  "name": "string",
                                                  "variable": [
                                                    "object",
                                                    {
                                                      "default": "dynamic",
                                                      "jmesPath": "string",
                                                      "value": "dynamic"
                                                    }
                                                  ]
                                                }
                                              ]
                                            ]
                                          ],
                                          "foreach": "dynamic",
                                          "list": "string",
                                          "order": "string",
                                          "patchStrategicMerge": "dynamic",
                                          "patchesJson6902": "string",
                                          "preconditions": [
                                            "object",
                                            {
                                              "all": [
                                                "tuple",
                                                [
                                                  [
                                                    "object",
                                                    {
                                                      "key": "dynamic",
                                                      "message": "string",
                                                      "operator": "string",
                                                      "value": "dynamic"
                                                    }
                                                  ]
                                                ]
                                              ],
                                              "any": [
                                                "tuple",
                                                [
                                                  [
                                                    "object",
                                                    {
                                                      "key": "dynamic",
                                                      "message": "string",
                                                      "operator": "string",
                                                      "value": "dynamic"
                                                    }
                                                  ]
                                                ]
                                              ]
                                            }
                                          ]
                                        }
                                      ]
                                    ]
                                  ],
                                  "patchStrategicMerge": "dynamic",
                                  "patchesJson6902": "string",
                                  "targets": [
                                    "tuple",
                                    [
                                      [
                                        "object",
                                        {
                                          "apiVersion": "string",
                                          "context": [
                                            "tuple",
                                            [
                                              [
                                                "object",
                                                {
                                                  "apiCall": [
                                                    "object",
                                                    {
                                                      "data": [
                                                        "tuple",
                                                        [
                                                          [
                                                            "object",
                                                            {
                                                              "key": "string",
                                                              "value": "dynamic"
                                                            }
                                                          ]
                                                        ]
                                                      ],
                                                      "jmesPath": "string",
                                                      "method": "string",
                                                      "service": [
                                                        "object",
                                                        {
                                                          "caBundle": "string",
                                                          "url": "string"
                                                        }
                                                      ],
                                                      "urlPath": "string"
                                                    }
                                                  ],
                                                  "configMap": [
                                                    "object",
                                                    {
                                                      "name": "string",
                                                      "namespace": "string"
                                                    }
                                                  ],
                                                  "imageRegistry": [
                                                    "object",
                                                    {
                                                      "imageRegistryCredentials": [
                                                        "object",
                                                        {
                                                          "allowInsecureRegistry": "bool",
                                                          "providers": [
                                                            "list",
                                                            "string"
                                                          ],
                                                          "secrets": [
                                                            "list",
                                                            "string"
                                                          ]
                                                        }
                                                      ],
                                                      "jmesPath": "string",
                                                      "reference": "string"
                                                    }
                                                  ],
                                                  "name": "string",
                                                  "variable": [
                                                    "object",
                                                    {
                                                      "default": "dynamic",
                                                      "jmesPath": "string",
                                                      "value": "dynamic"
                                                    }
                                                  ]
                                                }
                                              ]
                                            ]
                                          ],
                                          "kind": "string",
                                          "name": "string",
                                          "namespace": "string",
                                          "preconditions": "dynamic",
                                          "uid": "string"
                                        }
                                      ]
                                    ]
                                  ]
                                }
                              ],
                              "name": "string",
                              "preconditions": "dynamic",
                              "skipBackgroundRequests": "bool",
                              "validate": [
                                "object",
                                {
                                  "anyPattern": "dynamic",
                                  "cel": [
                                    "object",
                                    {
                                      "auditAnnotations": [
                                        "list",
                                        [
                                          "object",
                                          {
                                            "key": "string",
                                            "valueExpression": "string"
                                          }
                                        ]
                                      ],
                                      "expressions": [
                                        "list",
                                        [
                                          "object",
                                          {
                                            "expression": "string",
                                            "message": "string",
                                            "messageExpression": "string",
                                            "reason": "string"
                                          }
                                        ]
                                      ],
                                      "paramKind": [
                                        "object",
                                        {
                                          "apiVersion": "string",
                                          "kind": "string"
                                        }
                                      ],
                                      "paramRef": [
                                        "object",
                                        {
                                          "name": "string",
                                          "namespace": "string",
                                          "parameterNotFoundAction": "string",
                                          "selector": [
                                            "object",
                                            {
                                              "matchExpressions": [
                                                "list",
                                                [
                                                  "object",
                                                  {
                                                    "key": "string",
                                                    "operator": "string",
                                                    "values": [
                                                      "list",
                                                      "string"
                                                    ]
                                                  }
                                                ]
                                              ],
                                              "matchLabels": [
                                                "map",
                                                "string"
                                              ]
                                            }
                                          ]
                                        }
                                      ],
                                      "variables": [
                                        "list",
                                        [
                                          "object",
                                          {
                                            "expression": "string",
                                            "name": "string"
                                          }
                                        ]
                                      ]
                                    }
                                  ],
                                  "deny": [
                                    "object",
                                    {
                                      "conditions": "dynamic"
                                    }
                                  ],
                                  "foreach": [
                                    "tuple",
                                    [
                                      [
                                        "object",
                                        {
                                          "anyPattern": "dynamic",
                                          "context": [
                                            "tuple",
                                            [
                                              [
                                                "object",
                                                {
                                                  "apiCall": [
                                                    "object",
                                                    {
                                                      "data": [
                                                        "tuple",
                                                        [
                                                          [
                                                            "object",
                                                            {
                                                              "key": "string",
                                                              "value": "dynamic"
                                                            }
                                                          ]
                                                        ]
                                                      ],
                                                      "jmesPath": "string",
                                                      "method": "string",
                                                      "service": [
                                                        "object",
                                                        {
                                                          "caBundle": "string",
                                                          "url": "string"
                                                        }
                                                      ],
                                                      "urlPath": "string"
                                                    }
                                                  ],
                                                  "configMap": [
                                                    "object",
                                                    {
                                                      "name": "string",
                                                      "namespace": "string"
                                                    }
                                                  ],
                                                  "imageRegistry": [
                                                    "object",
                                                    {
                                                      "imageRegistryCredentials": [
                                                        "object",
                                                        {
                                                          "allowInsecureRegistry": "bool",
                                                          "providers": [
                                                            "list",
                                                            "string"
                                                          ],
                                                          "secrets": [
                                                            "list",
                                                            "string"
                                                          ]
                                                        }
                                                      ],
                                                      "jmesPath": "string",
                                                      "reference": "string"
                                                    }
                                                  ],
                                                  "name": "string",
                                                  "variable": [
                                                    "object",
                                                    {
                                                      "default": "dynamic",
                                                      "jmesPath": "string",
                                                      "value": "dynamic"
                                                    }
                                                  ]
                                                }
                                              ]
                                            ]
                                          ],
                                          "deny": [
                                            "object",
                                            {
                                              "conditions": "dynamic"
                                            }
                                          ],
                                          "elementScope": "bool",
                                          "foreach": "dynamic",
                                          "list": "string",
                                          "pattern": "dynamic",
                                          "preconditions": [
                                            "object",
                                            {
                                              "all": [
                                                "tuple",
                                                [
                                                  [
                                                    "object",
                                                    {
                                                      "key": "dynamic",
                                                      "message": "string",
                                                      "operator": "string",
                                                      "value": "dynamic"
                                                    }
                                                  ]
                                                ]
                                              ],
                                              "any": [
                                                "tuple",
                                                [
                                                  [
                                                    "object",
                                                    {
                                                      "key": "dynamic",
                                                      "message": "string",
                                                      "operator": "string",
                                                      "value": "dynamic"
                                                    }
                                                  ]
                                                ]
                                              ]
                                            }
                                          ]
                                        }
                                      ]
                                    ]
                                  ],
                                  "manifests": [
                                    "object",
                                    {
                                      "annotationDomain": "string",
                                      "attestors": [
                                        "tuple",
                                        [
                                          [
                                            "object",
                                            {
                                              "count": "number",
                                              "entries": [
                                                "tuple",
                                                [
                                                  [
                                                    "object",
                                                    {
                                                      "annotations": [
                                                        "map",
                                                        "string"
                                                      ],
                                                      "attestor": "dynamic",
                                                      "certificates": [
                                                        "object",
                                                        {
                                                          "cert": "string",
                                                          "certChain": "string",
                                                          "ctlog": [
                                                            "object",
                                                            {
                                                              "ignoreSCT": "bool",
                                                              "pubkey": "string"
                                                            }
                                                          ],
                                                          "rekor": [
                                                            "object",
                                                            {
                                                              "ignoreTlog": "bool",
                                                              "pubkey": "string",
                                                              "url": "string"
                                                            }
                                                          ]
                                                        }
                                                      ],
                                                      "keyless": [
                                                        "object",
                                                        {
                                                          "additionalExtensions": [
                                                            "map",
                                                            "string"
                                                          ],
                                                          "ctlog": [
                                                            "object",
                                                            {
                                                              "ignoreSCT": "bool",
                                                              "pubkey": "string"
                                                            }
                                                          ],
                                                          "issuer": "string",
                                                          "rekor": [
                                                            "object",
                                                            {
                                                              "ignoreTlog": "bool",
                                                              "pubkey": "string",
                                                              "url": "string"
                                                            }
                                                          ],
                                                          "roots": "string",
                                                          "subject": "string"
                                                        }
                                                      ],
                                                      "keys": [
                                                        "object",
                                                        {
                                                          "ctlog": [
                                                            "object",
                                                            {
                                                              "ignoreSCT": "bool",
                                                              "pubkey": "string"
                                                            }
                                                          ],
                                                          "kms": "string",
                                                          "publicKeys": "string",
                                                          "rekor": [
                                                            "object",
                                                            {
                                                              "ignoreTlog": "bool",
                                                              "pubkey": "string",
                                                              "url": "string"
                                                            }
                                                          ],
                                                          "secret": [
                                                            "object",
                                                            {
                                                              "name": "string",
                                                              "namespace": "string"
                                                            }
                                                          ],
                                                          "signatureAlgorithm": "string"
                                                        }
                                                      ],
                                                      "repository": "string"
                                                    }
                                                  ]
                                                ]
                                              ]
                                            }
                                          ]
                                        ]
                                      ],
                                      "dryRun": [
                                        "object",
                                        {
                                          "enable": "bool",
                                          "namespace": "string"
                                        }
                                      ],
                                      "ignoreFields": [
                                        "list",
                                        [
                                          "object",
                                          {
                                            "fields": [
                                              "list",
                                              "string"
                                            ],
                                            "objects": [
                                              "list",
                                              [
                                                "object",
                                                {
                                                  "group": "string",
                                                  "kind": "string",
                                                  "name": "string",
                                                  "namespace": "string",
                                                  "version": "string"
                                                }
                                              ]
                                            ]
                                          }
                                        ]
                                      ],
                                      "repository": "string"
                                    }
                                  ],
                                  "message": "string",
                                  "pattern": [
                                    "object",
                                    {
                                      "spec": [
                                        "object",
                                        {
                                          "containers": [
                                            "tuple",
                                            [
                                              [
                                                "object",
                                                {
                                                  "image": "string"
                                                }
                                              ]
                                            ]
                                          ]
                                        }
                                      ]
                                    }
                                  ],
                                  "podSecurity": [
                                    "object",
                                    {
                                      "exclude": [
                                        "list",
                                        [
                                          "object",
                                          {
                                            "controlName": "string",
                                            "images": [
                                              "list",
                                              "string"
                                            ]
                                          }
                                        ]
                                      ],
                                      "level": "string",
                                      "version": "string"
                                    }
                                  ]
                                }
                              ],
                              "verifyImages": [
                                "tuple",
                                [
                                  [
                                    "object",
                                    {
                                      "additionalExtensions": [
                                        "map",
                                        "string"
                                      ],
                                      "annotations": [
                                        "map",
                                        "string"
                                      ],
                                      "attestations": [
                                        "tuple",
                                        [
                                          [
                                            "object",
                                            {
                                              "attestors": [
                                                "tuple",
                                                [
                                                  [
                                                    "object",
                                                    {
                                                      "count": "number",
                                                      "entries": [
                                                        "tuple",
                                                        [
                                                          [
                                                            "object",
                                                            {
                                                              "annotations": [
                                                                "map",
                                                                "string"
                                                              ],
                                                              "attestor": "dynamic",
                                                              "certificates": [
                                                                "object",
                                                                {
                                                                  "cert": "string",
                                                                  "certChain": "string",
                                                                  "ctlog": [
                                                                    "object",
                                                                    {
                                                                      "ignoreSCT": "bool",
                                                                      "pubkey": "string"
                                                                    }
                                                                  ],
                                                                  "rekor": [
                                                                    "object",
                                                                    {
                                                                      "ignoreTlog": "bool",
                                                                      "pubkey": "string",
                                                                      "url": "string"
                                                                    }
                                                                  ]
                                                                }
                                                              ],
                                                              "keyless": [
                                                                "object",
                                                                {
                                                                  "additionalExtensions": [
                                                                    "map",
                                                                    "string"
                                                                  ],
                                                                  "ctlog": [
                                                                    "object",
                                                                    {
                                                                      "ignoreSCT": "bool",
                                                                      "pubkey": "string"
                                                                    }
                                                                  ],
                                                                  "issuer": "string",
                                                                  "rekor": [
                                                                    "object",
                                                                    {
                                                                      "ignoreTlog": "bool",
                                                                      "pubkey": "string",
                                                                      "url": "string"
                                                                    }
                                                                  ],
                                                                  "roots": "string",
                                                                  "subject": "string"
                                                                }
                                                              ],
                                                              "keys": [
                                                                "object",
                                                                {
                                                                  "ctlog": [
                                                                    "object",
                                                                    {
                                                                      "ignoreSCT": "bool",
                                                                      "pubkey": "string"
                                                                    }
                                                                  ],
                                                                  "kms": "string",
                                                                  "publicKeys": "string",
                                                                  "rekor": [
                                                                    "object",
                                                                    {
                                                                      "ignoreTlog": "bool",
                                                                      "pubkey": "string",
                                                                      "url": "string"
                                                                    }
                                                                  ],
                                                                  "secret": [
                                                                    "object",
                                                                    {
                                                                      "name": "string",
                                                                      "namespace": "string"
                                                                    }
                                                                  ],
                                                                  "signatureAlgorithm": "string"
                                                                }
                                                              ],
                                                              "repository": "string"
                                                            }
                                                          ]
                                                        ]
                                                      ]
                                                    }
                                                  ]
                                                ]
                                              ],
                                              "conditions": [
                                                "tuple",
                                                [
                                                  [
                                                    "object",
                                                    {
                                                      "all": [
                                                        "tuple",
                                                        [
                                                          [
                                                            "object",
                                                            {
                                                              "key": "dynamic",
                                                              "message": "string",
                                                              "operator": "string",
                                                              "value": "dynamic"
                                                            }
                                                          ]
                                                        ]
                                                      ],
                                                      "any": [
                                                        "tuple",
                                                        [
                                                          [
                                                            "object",
                                                            {
                                                              "key": "dynamic",
                                                              "message": "string",
                                                              "operator": "string",
                                                              "value": "dynamic"
                                                            }
                                                          ]
                                                        ]
                                                      ]
                                                    }
                                                  ]
                                                ]
                                              ],
                                              "predicateType": "string",
                                              "type": "string"
                                            }
                                          ]
                                        ]
                                      ],
                                      "attestors": [
                                        "tuple",
                                        [
                                          [
                                            "object",
                                            {
                                              "count": "number",
                                              "entries": [
                                                "tuple",
                                                [
                                                  [
                                                    "object",
                                                    {
                                                      "annotations": [
                                                        "map",
                                                        "string"
                                                      ],
                                                      "attestor": "dynamic",
                                                      "certificates": [
                                                        "object",
                                                        {
                                                          "cert": "string",
                                                          "certChain": "string",
                                                          "ctlog": [
                                                            "object",
                                                            {
                                                              "ignoreSCT": "bool",
                                                              "pubkey": "string"
                                                            }
                                                          ],
                                                          "rekor": [
                                                            "object",
                                                            {
                                                              "ignoreTlog": "bool",
                                                              "pubkey": "string",
                                                              "url": "string"
                                                            }
                                                          ]
                                                        }
                                                      ],
                                                      "keyless": [
                                                        "object",
                                                        {
                                                          "additionalExtensions": [
                                                            "map",
                                                            "string"
                                                          ],
                                                          "ctlog": [
                                                            "object",
                                                            {
                                                              "ignoreSCT": "bool",
                                                              "pubkey": "string"
                                                            }
                                                          ],
                                                          "issuer": "string",
                                                          "rekor": [
                                                            "object",
                                                            {
                                                              "ignoreTlog": "bool",
                                                              "pubkey": "string",
                                                              "url": "string"
                                                            }
                                                          ],
                                                          "roots": "string",
                                                          "subject": "string"
                                                        }
                                                      ],
                                                      "keys": [
                                                        "object",
                                                        {
                                                          "ctlog": [
                                                            "object",
                                                            {
                                                              "ignoreSCT": "bool",
                                                              "pubkey": "string"
                                                            }
                                                          ],
                                                          "kms": "string",
                                                          "publicKeys": "string",
                                                          "rekor": [
                                                            "object",
                                                            {
                                                              "ignoreTlog": "bool",
                                                              "pubkey": "string",
                                                              "url": "string"
                                                            }
                                                          ],
                                                          "secret": [
                                                            "object",
                                                            {
                                                              "name": "string",
                                                              "namespace": "string"
                                                            }
                                                          ],
                                                          "signatureAlgorithm": "string"
                                                        }
                                                      ],
                                                      "repository": "string"
                                                    }
                                                  ]
                                                ]
                                              ]
                                            }
                                          ]
                                        ]
                                      ],
                                      "image": "string",
                                      "imageReferences": [
                                        "list",
                                        "string"
                                      ],
                                      "imageRegistryCredentials": [
                                        "object",
                                        {
                                          "allowInsecureRegistry": "bool",
                                          "providers": [
                                            "list",
                                            "string"
                                          ],
                                          "secrets": [
                                            "list",
                                            "string"
                                          ]
                                        }
                                      ],
                                      "issuer": "string",
                                      "key": "string",
                                      "mutateDigest": "bool",
                                      "repository": "string",
                                      "required": "bool",
                                      "roots": "string",
                                      "subject": "string",
                                      "type": "string",
                                      "useCache": "bool",
                                      "verifyDigest": "bool"
                                    }
                                  ]
                                ]
                              ]
                            }
                          ]
                        ]
                      ],
                      "schemaValidation": "bool",
                      "useServerSideApply": "bool",
                      "validationFailureAction": "string",
                      "validationFailureActionOverrides": [
                        "list",
                        [
                          "object",
                          {
                            "action": "string",
                            "namespaceSelector": [
                              "object",
                              {
                                "matchExpressions": [
                                  "list",
                                  [
                                    "object",
                                    {
                                      "key": "string",
                                      "operator": "string",
                                      "values": [
                                        "list",
                                        "string"
                                      ]
                                    }
                                  ]
                                ],
                                "matchLabels": [
                                  "map",
                                  "string"
                                ]
                              }
                            ],
                            "namespaces": [
                              "list",
                              "string"
                            ]
                          }
                        ]
                      ],
                      "webhookTimeoutSeconds": "number"
                    }
                  ]
                }
              ]
            },
            "timeouts": [],
            "wait": [],
            "wait_for": null
          },
          "sensitive_attributes": [],
          "dependencies": [
            "helm_release.kyverno",
            "helm_release.kyverno-policies",
            "kubernetes_namespace_v1.kyverno"
          ]
        }
      ]
    },
    {
      "mode": "managed",
      "type": "kubernetes_manifest",
      "name": "cluster-polycy_disallow-nodeport",
      "provider": "provider[\"registry.terraform.io/hashicorp/kubernetes\"]",
      "instances": [
        {
          "schema_version": 1,
          "attributes": {
            "computed_fields": null,
            "field_manager": [],
            "manifest": {
              "value": {
                "apiVersion": "kyverno.io/v1",
                "kind": "ClusterPolicy",
                "metadata": {
                  "annotations": {
                    "policies.kyverno.io/category": "Best Practices",
                    "policies.kyverno.io/description": "A Kubernetes Service of type NodePort uses a host port to receive traffic from any source. A NetworkPolicy cannot be used to control traffic to host ports. Although NodePort Services can be useful, their use must be limited to Services with additional upstream security checks. This policy validates that any new Services do not use the `NodePort` type.",
                    "policies.kyverno.io/minversion": "1.6.0",
                    "policies.kyverno.io/severity": "medium",
                    "policies.kyverno.io/subject": "Service",
                    "policies.kyverno.io/title": "Disallow NodePort"
                  },
                  "name": "restrict-nodeport"
                },
                "spec": {
                  "background": true,
                  "rules": [
                    {
                      "match": {
                        "any": [
                          {
                            "resources": {
                              "kinds": [
                                "Service"
                              ]
                            }
                          }
                        ]
                      },
                      "name": "validate-nodeport",
                      "validate": {
                        "message": "Services of type NodePort are not allowed.",
                        "pattern": {
                          "spec": {
                            "type": "!NodePort"
                          }
                        }
                      }
                    }
                  ],
                  "validationFailureAction": "audit"
                }
              },
              "type": [
                "object",
                {
                  "apiVersion": "string",
                  "kind": "string",
                  "metadata": [
                    "object",
                    {
                      "annotations": [
                        "object",
                        {
                          "policies.kyverno.io/category": "string",
                          "policies.kyverno.io/description": "string",
                          "policies.kyverno.io/minversion": "string",
                          "policies.kyverno.io/severity": "string",
                          "policies.kyverno.io/subject": "string",
                          "policies.kyverno.io/title": "string"
                        }
                      ],
                      "name": "string"
                    }
                  ],
                  "spec": [
                    "object",
                    {
                      "background": "bool",
                      "rules": [
                        "tuple",
                        [
                          [
                            "object",
                            {
                              "match": [
                                "object",
                                {
                                  "any": [
                                    "tuple",
                                    [
                                      [
                                        "object",
                                        {
                                          "resources": [
                                            "object",
                                            {
                                              "kinds": [
                                                "tuple",
                                                [
                                                  "string"
                                                ]
                                              ]
                                            }
                                          ]
                                        }
                                      ]
                                    ]
                                  ]
                                }
                              ],
                              "name": "string",
                              "validate": [
                                "object",
                                {
                                  "message": "string",
                                  "pattern": [
                                    "object",
                                    {
                                      "spec": [
                                        "object",
                                        {
                                          "type": "string"
                                        }
                                      ]
                                    }
                                  ]
                                }
                              ]
                            }
                          ]
                        ]
                      ],
                      "validationFailureAction": "string"
                    }
                  ]
                }
              ]
            },
            "object": {
              "value": {
                "apiVersion": "kyverno.io/v1",
                "kind": "ClusterPolicy",
                "metadata": {
                  "annotations": {
                    "policies.kyverno.io/category": "Best Practices",
                    "policies.kyverno.io/description": "A Kubernetes Service of type NodePort uses a host port to receive traffic from any source. A NetworkPolicy cannot be used to control traffic to host ports. Although NodePort Services can be useful, their use must be limited to Services with additional upstream security checks. This policy validates that any new Services do not use the `NodePort` type.",
                    "policies.kyverno.io/minversion": "1.6.0",
                    "policies.kyverno.io/severity": "medium",
                    "policies.kyverno.io/subject": "Service",
                    "policies.kyverno.io/title": "Disallow NodePort"
                  },
                  "creationTimestamp": null,
                  "deletionGracePeriodSeconds": null,
                  "deletionTimestamp": null,
                  "finalizers": null,
                  "generateName": null,
                  "generation": null,
                  "labels": null,
                  "managedFields": null,
                  "name": "restrict-nodeport",
                  "namespace": null,
                  "ownerReferences": null,
                  "resourceVersion": null,
                  "selfLink": null,
                  "uid": null
                },
                "spec": {
                  "admission": true,
                  "applyRules": null,
                  "background": true,
                  "failurePolicy": null,
                  "generateExisting": null,
                  "generateExistingOnPolicyUpdate": null,
                  "mutateExistingOnPolicyUpdate": null,
                  "rules": [
                    {
                      "celPreconditions": null,
                      "context": null,
                      "exclude": {
                        "all": null,
                        "any": null,
                        "clusterRoles": null,
                        "resources": {
                          "annotations": null,
                          "kinds": null,
                          "name": null,
                          "names": null,
                          "namespaceSelector": {
                            "matchExpressions": null,
                            "matchLabels": null
                          },
                          "namespaces": null,
                          "operations": null,
                          "selector": {
                            "matchExpressions": null,
                            "matchLabels": null
                          }
                        },
                        "roles": null,
                        "subjects": null
                      },
                      "generate": {
                        "apiVersion": null,
                        "clone": {
                          "name": null,
                          "namespace": null
                        },
                        "cloneList": {
                          "kinds": null,
                          "namespace": null,
                          "selector": {
                            "matchExpressions": null,
                            "matchLabels": null
                          }
                        },
                        "data": null,
                        "kind": null,
                        "name": null,
                        "namespace": null,
                        "synchronize": null,
                        "uid": null
                      },
                      "imageExtractors": null,
                      "match": {
                        "all": null,
                        "any": [
                          {
                            "clusterRoles": null,
                            "resources": {
                              "annotations": null,
                              "kinds": [
                                "Service"
                              ],
                              "name": null,
                              "names": null,
                              "namespaceSelector": {
                                "matchExpressions": null,
                                "matchLabels": null
                              },
                              "namespaces": null,
                              "operations": null,
                              "selector": {
                                "matchExpressions": null,
                                "matchLabels": null
                              }
                            },
                            "roles": null,
                            "subjects": null
                          }
                        ],
                        "clusterRoles": null,
                        "resources": {
                          "annotations": null,
                          "kinds": null,
                          "name": null,
                          "names": null,
                          "namespaceSelector": {
                            "matchExpressions": null,
                            "matchLabels": null
                          },
                          "namespaces": null,
                          "operations": null,
                          "selector": {
                            "matchExpressions": null,
                            "matchLabels": null
                          }
                        },
                        "roles": null,
                        "subjects": null
                      },
                      "mutate": {
                        "foreach": null,
                        "patchStrategicMerge": null,
                        "patchesJson6902": null,
                        "targets": null
                      },
                      "name": "validate-nodeport",
                      "preconditions": null,
                      "skipBackgroundRequests": true,
                      "validate": {
                        "anyPattern": null,
                        "cel": {
                          "auditAnnotations": null,
                          "expressions": null,
                          "paramKind": {
                            "apiVersion": null,
                            "kind": null
                          },
                          "paramRef": {
                            "name": null,
                            "namespace": null,
                            "parameterNotFoundAction": null,
                            "selector": {
                              "matchExpressions": null,
                              "matchLabels": null
                            }
                          },
                          "variables": null
                        },
                        "deny": {
                          "conditions": null
                        },
                        "foreach": null,
                        "manifests": {
                          "annotationDomain": null,
                          "attestors": null,
                          "dryRun": {
                            "enable": null,
                            "namespace": null
                          },
                          "ignoreFields": null,
                          "repository": null
                        },
                        "message": "Services of type NodePort are not allowed.",
                        "pattern": {
                          "spec": {
                            "type": "!NodePort"
                          }
                        },
                        "podSecurity": {
                          "exclude": null,
                          "level": null,
                          "version": null
                        }
                      },
                      "verifyImages": null
                    }
                  ],
                  "schemaValidation": null,
                  "useServerSideApply": null,
                  "validationFailureAction": "audit",
                  "validationFailureActionOverrides": null,
                  "webhookTimeoutSeconds": null
                }
              },
              "type": [
                "object",
                {
                  "apiVersion": "string",
                  "kind": "string",
                  "metadata": [
                    "object",
                    {
                      "annotations": [
                        "map",
                        "string"
                      ],
                      "creationTimestamp": "string",
                      "deletionGracePeriodSeconds": "number",
                      "deletionTimestamp": "string",
                      "finalizers": [
                        "list",
                        "string"
                      ],
                      "generateName": "string",
                      "generation": "number",
                      "labels": [
                        "map",
                        "string"
                      ],
                      "managedFields": [
                        "tuple",
                        [
                          [
                            "object",
                            {
                              "apiVersion": "string",
                              "fieldsType": "string",
                              "fieldsV1": "dynamic",
                              "manager": "string",
                              "operation": "string",
                              "subresource": "string",
                              "time": "string"
                            }
                          ]
                        ]
                      ],
                      "name": "string",
                      "namespace": "string",
                      "ownerReferences": [
                        "list",
                        [
                          "object",
                          {
                            "apiVersion": "string",
                            "blockOwnerDeletion": "bool",
                            "controller": "bool",
                            "kind": "string",
                            "name": "string",
                            "uid": "string"
                          }
                        ]
                      ],
                      "resourceVersion": "string",
                      "selfLink": "string",
                      "uid": "string"
                    }
                  ],
                  "spec": [
                    "object",
                    {
                      "admission": "bool",
                      "applyRules": "string",
                      "background": "bool",
                      "failurePolicy": "string",
                      "generateExisting": "bool",
                      "generateExistingOnPolicyUpdate": "bool",
                      "mutateExistingOnPolicyUpdate": "bool",
                      "rules": [
                        "tuple",
                        [
                          [
                            "object",
                            {
                              "celPreconditions": [
                                "list",
                                [
                                  "object",
                                  {
                                    "expression": "string",
                                    "name": "string"
                                  }
                                ]
                              ],
                              "context": [
                                "tuple",
                                [
                                  [
                                    "object",
                                    {
                                      "apiCall": [
                                        "object",
                                        {
                                          "data": [
                                            "tuple",
                                            [
                                              [
                                                "object",
                                                {
                                                  "key": "string",
                                                  "value": "dynamic"
                                                }
                                              ]
                                            ]
                                          ],
                                          "jmesPath": "string",
                                          "method": "string",
                                          "service": [
                                            "object",
                                            {
                                              "caBundle": "string",
                                              "url": "string"
                                            }
                                          ],
                                          "urlPath": "string"
                                        }
                                      ],
                                      "configMap": [
                                        "object",
                                        {
                                          "name": "string",
                                          "namespace": "string"
                                        }
                                      ],
                                      "imageRegistry": [
                                        "object",
                                        {
                                          "imageRegistryCredentials": [
                                            "object",
                                            {
                                              "allowInsecureRegistry": "bool",
                                              "providers": [
                                                "list",
                                                "string"
                                              ],
                                              "secrets": [
                                                "list",
                                                "string"
                                              ]
                                            }
                                          ],
                                          "jmesPath": "string",
                                          "reference": "string"
                                        }
                                      ],
                                      "name": "string",
                                      "variable": [
                                        "object",
                                        {
                                          "default": "dynamic",
                                          "jmesPath": "string",
                                          "value": "dynamic"
                                        }
                                      ]
                                    }
                                  ]
                                ]
                              ],
                              "exclude": [
                                "object",
                                {
                                  "all": [
                                    "list",
                                    [
                                      "object",
                                      {
                                        "clusterRoles": [
                                          "list",
                                          "string"
                                        ],
                                        "resources": [
                                          "object",
                                          {
                                            "annotations": [
                                              "map",
                                              "string"
                                            ],
                                            "kinds": [
                                              "list",
                                              "string"
                                            ],
                                            "name": "string",
                                            "names": [
                                              "list",
                                              "string"
                                            ],
                                            "namespaceSelector": [
                                              "object",
                                              {
                                                "matchExpressions": [
                                                  "list",
                                                  [
                                                    "object",
                                                    {
                                                      "key": "string",
                                                      "operator": "string",
                                                      "values": [
                                                        "list",
                                                        "string"
                                                      ]
                                                    }
                                                  ]
                                                ],
                                                "matchLabels": [
                                                  "map",
                                                  "string"
                                                ]
                                              }
                                            ],
                                            "namespaces": [
                                              "list",
                                              "string"
                                            ],
                                            "operations": [
                                              "list",
                                              "string"
                                            ],
                                            "selector": [
                                              "object",
                                              {
                                                "matchExpressions": [
                                                  "list",
                                                  [
                                                    "object",
                                                    {
                                                      "key": "string",
                                                      "operator": "string",
                                                      "values": [
                                                        "list",
                                                        "string"
                                                      ]
                                                    }
                                                  ]
                                                ],
                                                "matchLabels": [
                                                  "map",
                                                  "string"
                                                ]
                                              }
                                            ]
                                          }
                                        ],
                                        "roles": [
                                          "list",
                                          "string"
                                        ],
                                        "subjects": [
                                          "list",
                                          [
                                            "object",
                                            {
                                              "apiGroup": "string",
                                              "kind": "string",
                                              "name": "string",
                                              "namespace": "string"
                                            }
                                          ]
                                        ]
                                      }
                                    ]
                                  ],
                                  "any": [
                                    "list",
                                    [
                                      "object",
                                      {
                                        "clusterRoles": [
                                          "list",
                                          "string"
                                        ],
                                        "resources": [
                                          "object",
                                          {
                                            "annotations": [
                                              "map",
                                              "string"
                                            ],
                                            "kinds": [
                                              "list",
                                              "string"
                                            ],
                                            "name": "string",
                                            "names": [
                                              "list",
                                              "string"
                                            ],
                                            "namespaceSelector": [
                                              "object",
                                              {
                                                "matchExpressions": [
                                                  "list",
                                                  [
                                                    "object",
                                                    {
                                                      "key": "string",
                                                      "operator": "string",
                                                      "values": [
                                                        "list",
                                                        "string"
                                                      ]
                                                    }
                                                  ]
                                                ],
                                                "matchLabels": [
                                                  "map",
                                                  "string"
                                                ]
                                              }
                                            ],
                                            "namespaces": [
                                              "list",
                                              "string"
                                            ],
                                            "operations": [
                                              "list",
                                              "string"
                                            ],
                                            "selector": [
                                              "object",
                                              {
                                                "matchExpressions": [
                                                  "list",
                                                  [
                                                    "object",
                                                    {
                                                      "key": "string",
                                                      "operator": "string",
                                                      "values": [
                                                        "list",
                                                        "string"
                                                      ]
                                                    }
                                                  ]
                                                ],
                                                "matchLabels": [
                                                  "map",
                                                  "string"
                                                ]
                                              }
                                            ]
                                          }
                                        ],
                                        "roles": [
                                          "list",
                                          "string"
                                        ],
                                        "subjects": [
                                          "list",
                                          [
                                            "object",
                                            {
                                              "apiGroup": "string",
                                              "kind": "string",
                                              "name": "string",
                                              "namespace": "string"
                                            }
                                          ]
                                        ]
                                      }
                                    ]
                                  ],
                                  "clusterRoles": [
                                    "list",
                                    "string"
                                  ],
                                  "resources": [
                                    "object",
                                    {
                                      "annotations": [
                                        "map",
                                        "string"
                                      ],
                                      "kinds": [
                                        "list",
                                        "string"
                                      ],
                                      "name": "string",
                                      "names": [
                                        "list",
                                        "string"
                                      ],
                                      "namespaceSelector": [
                                        "object",
                                        {
                                          "matchExpressions": [
                                            "list",
                                            [
                                              "object",
                                              {
                                                "key": "string",
                                                "operator": "string",
                                                "values": [
                                                  "list",
                                                  "string"
                                                ]
                                              }
                                            ]
                                          ],
                                          "matchLabels": [
                                            "map",
                                            "string"
                                          ]
                                        }
                                      ],
                                      "namespaces": [
                                        "list",
                                        "string"
                                      ],
                                      "operations": [
                                        "list",
                                        "string"
                                      ],
                                      "selector": [
                                        "object",
                                        {
                                          "matchExpressions": [
                                            "list",
                                            [
                                              "object",
                                              {
                                                "key": "string",
                                                "operator": "string",
                                                "values": [
                                                  "list",
                                                  "string"
                                                ]
                                              }
                                            ]
                                          ],
                                          "matchLabels": [
                                            "map",
                                            "string"
                                          ]
                                        }
                                      ]
                                    }
                                  ],
                                  "roles": [
                                    "list",
                                    "string"
                                  ],
                                  "subjects": [
                                    "list",
                                    [
                                      "object",
                                      {
                                        "apiGroup": "string",
                                        "kind": "string",
                                        "name": "string",
                                        "namespace": "string"
                                      }
                                    ]
                                  ]
                                }
                              ],
                              "generate": [
                                "object",
                                {
                                  "apiVersion": "string",
                                  "clone": [
                                    "object",
                                    {
                                      "name": "string",
                                      "namespace": "string"
                                    }
                                  ],
                                  "cloneList": [
                                    "object",
                                    {
                                      "kinds": [
                                        "list",
                                        "string"
                                      ],
                                      "namespace": "string",
                                      "selector": [
                                        "object",
                                        {
                                          "matchExpressions": [
                                            "list",
                                            [
                                              "object",
                                              {
                                                "key": "string",
                                                "operator": "string",
                                                "values": [
                                                  "list",
                                                  "string"
                                                ]
                                              }
                                            ]
                                          ],
                                          "matchLabels": [
                                            "map",
                                            "string"
                                          ]
                                        }
                                      ]
                                    }
                                  ],
                                  "data": "dynamic",
                                  "kind": "string",
                                  "name": "string",
                                  "namespace": "string",
                                  "synchronize": "bool",
                                  "uid": "string"
                                }
                              ],
                              "imageExtractors": [
                                "map",
                                [
                                  "list",
                                  [
                                    "object",
                                    {
                                      "jmesPath": "string",
                                      "key": "string",
                                      "name": "string",
                                      "path": "string",
                                      "value": "string"
                                    }
                                  ]
                                ]
                              ],
                              "match": [
                                "object",
                                {
                                  "all": [
                                    "list",
                                    [
                                      "object",
                                      {
                                        "clusterRoles": [
                                          "list",
                                          "string"
                                        ],
                                        "resources": [
                                          "object",
                                          {
                                            "annotations": [
                                              "map",
                                              "string"
                                            ],
                                            "kinds": [
                                              "list",
                                              "string"
                                            ],
                                            "name": "string",
                                            "names": [
                                              "list",
                                              "string"
                                            ],
                                            "namespaceSelector": [
                                              "object",
                                              {
                                                "matchExpressions": [
                                                  "list",
                                                  [
                                                    "object",
                                                    {
                                                      "key": "string",
                                                      "operator": "string",
                                                      "values": [
                                                        "list",
                                                        "string"
                                                      ]
                                                    }
                                                  ]
                                                ],
                                                "matchLabels": [
                                                  "map",
                                                  "string"
                                                ]
                                              }
                                            ],
                                            "namespaces": [
                                              "list",
                                              "string"
                                            ],
                                            "operations": [
                                              "list",
                                              "string"
                                            ],
                                            "selector": [
                                              "object",
                                              {
                                                "matchExpressions": [
                                                  "list",
                                                  [
                                                    "object",
                                                    {
                                                      "key": "string",
                                                      "operator": "string",
                                                      "values": [
                                                        "list",
                                                        "string"
                                                      ]
                                                    }
                                                  ]
                                                ],
                                                "matchLabels": [
                                                  "map",
                                                  "string"
                                                ]
                                              }
                                            ]
                                          }
                                        ],
                                        "roles": [
                                          "list",
                                          "string"
                                        ],
                                        "subjects": [
                                          "list",
                                          [
                                            "object",
                                            {
                                              "apiGroup": "string",
                                              "kind": "string",
                                              "name": "string",
                                              "namespace": "string"
                                            }
                                          ]
                                        ]
                                      }
                                    ]
                                  ],
                                  "any": [
                                    "list",
                                    [
                                      "object",
                                      {
                                        "clusterRoles": [
                                          "list",
                                          "string"
                                        ],
                                        "resources": [
                                          "object",
                                          {
                                            "annotations": [
                                              "map",
                                              "string"
                                            ],
                                            "kinds": [
                                              "list",
                                              "string"
                                            ],
                                            "name": "string",
                                            "names": [
                                              "list",
                                              "string"
                                            ],
                                            "namespaceSelector": [
                                              "object",
                                              {
                                                "matchExpressions": [
                                                  "list",
                                                  [
                                                    "object",
                                                    {
                                                      "key": "string",
                                                      "operator": "string",
                                                      "values": [
                                                        "list",
                                                        "string"
                                                      ]
                                                    }
                                                  ]
                                                ],
                                                "matchLabels": [
                                                  "map",
                                                  "string"
                                                ]
                                              }
                                            ],
                                            "namespaces": [
                                              "list",
                                              "string"
                                            ],
                                            "operations": [
                                              "list",
                                              "string"
                                            ],
                                            "selector": [
                                              "object",
                                              {
                                                "matchExpressions": [
                                                  "list",
                                                  [
                                                    "object",
                                                    {
                                                      "key": "string",
                                                      "operator": "string",
                                                      "values": [
                                                        "list",
                                                        "string"
                                                      ]
                                                    }
                                                  ]
                                                ],
                                                "matchLabels": [
                                                  "map",
                                                  "string"
                                                ]
                                              }
                                            ]
                                          }
                                        ],
                                        "roles": [
                                          "list",
                                          "string"
                                        ],
                                        "subjects": [
                                          "list",
                                          [
                                            "object",
                                            {
                                              "apiGroup": "string",
                                              "kind": "string",
                                              "name": "string",
                                              "namespace": "string"
                                            }
                                          ]
                                        ]
                                      }
                                    ]
                                  ],
                                  "clusterRoles": [
                                    "list",
                                    "string"
                                  ],
                                  "resources": [
                                    "object",
                                    {
                                      "annotations": [
                                        "map",
                                        "string"
                                      ],
                                      "kinds": [
                                        "list",
                                        "string"
                                      ],
                                      "name": "string",
                                      "names": [
                                        "list",
                                        "string"
                                      ],
                                      "namespaceSelector": [
                                        "object",
                                        {
                                          "matchExpressions": [
                                            "list",
                                            [
                                              "object",
                                              {
                                                "key": "string",
                                                "operator": "string",
                                                "values": [
                                                  "list",
                                                  "string"
                                                ]
                                              }
                                            ]
                                          ],
                                          "matchLabels": [
                                            "map",
                                            "string"
                                          ]
                                        }
                                      ],
                                      "namespaces": [
                                        "list",
                                        "string"
                                      ],
                                      "operations": [
                                        "list",
                                        "string"
                                      ],
                                      "selector": [
                                        "object",
                                        {
                                          "matchExpressions": [
                                            "list",
                                            [
                                              "object",
                                              {
                                                "key": "string",
                                                "operator": "string",
                                                "values": [
                                                  "list",
                                                  "string"
                                                ]
                                              }
                                            ]
                                          ],
                                          "matchLabels": [
                                            "map",
                                            "string"
                                          ]
                                        }
                                      ]
                                    }
                                  ],
                                  "roles": [
                                    "list",
                                    "string"
                                  ],
                                  "subjects": [
                                    "list",
                                    [
                                      "object",
                                      {
                                        "apiGroup": "string",
                                        "kind": "string",
                                        "name": "string",
                                        "namespace": "string"
                                      }
                                    ]
                                  ]
                                }
                              ],
                              "mutate": [
                                "object",
                                {
                                  "foreach": [
                                    "tuple",
                                    [
                                      [
                                        "object",
                                        {
                                          "context": [
                                            "tuple",
                                            [
                                              [
                                                "object",
                                                {
                                                  "apiCall": [
                                                    "object",
                                                    {
                                                      "data": [
                                                        "tuple",
                                                        [
                                                          [
                                                            "object",
                                                            {
                                                              "key": "string",
                                                              "value": "dynamic"
                                                            }
                                                          ]
                                                        ]
                                                      ],
                                                      "jmesPath": "string",
                                                      "method": "string",
                                                      "service": [
                                                        "object",
                                                        {
                                                          "caBundle": "string",
                                                          "url": "string"
                                                        }
                                                      ],
                                                      "urlPath": "string"
                                                    }
                                                  ],
                                                  "configMap": [
                                                    "object",
                                                    {
                                                      "name": "string",
                                                      "namespace": "string"
                                                    }
                                                  ],
                                                  "imageRegistry": [
                                                    "object",
                                                    {
                                                      "imageRegistryCredentials": [
                                                        "object",
                                                        {
                                                          "allowInsecureRegistry": "bool",
                                                          "providers": [
                                                            "list",
                                                            "string"
                                                          ],
                                                          "secrets": [
                                                            "list",
                                                            "string"
                                                          ]
                                                        }
                                                      ],
                                                      "jmesPath": "string",
                                                      "reference": "string"
                                                    }
                                                  ],
                                                  "name": "string",
                                                  "variable": [
                                                    "object",
                                                    {
                                                      "default": "dynamic",
                                                      "jmesPath": "string",
                                                      "value": "dynamic"
                                                    }
                                                  ]
                                                }
                                              ]
                                            ]
                                          ],
                                          "foreach": "dynamic",
                                          "list": "string",
                                          "order": "string",
                                          "patchStrategicMerge": "dynamic",
                                          "patchesJson6902": "string",
                                          "preconditions": [
                                            "object",
                                            {
                                              "all": [
                                                "tuple",
                                                [
                                                  [
                                                    "object",
                                                    {
                                                      "key": "dynamic",
                                                      "message": "string",
                                                      "operator": "string",
                                                      "value": "dynamic"
                                                    }
                                                  ]
                                                ]
                                              ],
                                              "any": [
                                                "tuple",
                                                [
                                                  [
                                                    "object",
                                                    {
                                                      "key": "dynamic",
                                                      "message": "string",
                                                      "operator": "string",
                                                      "value": "dynamic"
                                                    }
                                                  ]
                                                ]
                                              ]
                                            }
                                          ]
                                        }
                                      ]
                                    ]
                                  ],
                                  "patchStrategicMerge": "dynamic",
                                  "patchesJson6902": "string",
                                  "targets": [
                                    "tuple",
                                    [
                                      [
                                        "object",
                                        {
                                          "apiVersion": "string",
                                          "context": [
                                            "tuple",
                                            [
                                              [
                                                "object",
                                                {
                                                  "apiCall": [
                                                    "object",
                                                    {
                                                      "data": [
                                                        "tuple",
                                                        [
                                                          [
                                                            "object",
                                                            {
                                                              "key": "string",
                                                              "value": "dynamic"
                                                            }
                                                          ]
                                                        ]
                                                      ],
                                                      "jmesPath": "string",
                                                      "method": "string",
                                                      "service": [
                                                        "object",
                                                        {
                                                          "caBundle": "string",
                                                          "url": "string"
                                                        }
                                                      ],
                                                      "urlPath": "string"
                                                    }
                                                  ],
                                                  "configMap": [
                                                    "object",
                                                    {
                                                      "name": "string",
                                                      "namespace": "string"
                                                    }
                                                  ],
                                                  "imageRegistry": [
                                                    "object",
                                                    {
                                                      "imageRegistryCredentials": [
                                                        "object",
                                                        {
                                                          "allowInsecureRegistry": "bool",
                                                          "providers": [
                                                            "list",
                                                            "string"
                                                          ],
                                                          "secrets": [
                                                            "list",
                                                            "string"
                                                          ]
                                                        }
                                                      ],
                                                      "jmesPath": "string",
                                                      "reference": "string"
                                                    }
                                                  ],
                                                  "name": "string",
                                                  "variable": [
                                                    "object",
                                                    {
                                                      "default": "dynamic",
                                                      "jmesPath": "string",
                                                      "value": "dynamic"
                                                    }
                                                  ]
                                                }
                                              ]
                                            ]
                                          ],
                                          "kind": "string",
                                          "name": "string",
                                          "namespace": "string",
                                          "preconditions": "dynamic",
                                          "uid": "string"
                                        }
                                      ]
                                    ]
                                  ]
                                }
                              ],
                              "name": "string",
                              "preconditions": "dynamic",
                              "skipBackgroundRequests": "bool",
                              "validate": [
                                "object",
                                {
                                  "anyPattern": "dynamic",
                                  "cel": [
                                    "object",
                                    {
                                      "auditAnnotations": [
                                        "list",
                                        [
                                          "object",
                                          {
                                            "key": "string",
                                            "valueExpression": "string"
                                          }
                                        ]
                                      ],
                                      "expressions": [
                                        "list",
                                        [
                                          "object",
                                          {
                                            "expression": "string",
                                            "message": "string",
                                            "messageExpression": "string",
                                            "reason": "string"
                                          }
                                        ]
                                      ],
                                      "paramKind": [
                                        "object",
                                        {
                                          "apiVersion": "string",
                                          "kind": "string"
                                        }
                                      ],
                                      "paramRef": [
                                        "object",
                                        {
                                          "name": "string",
                                          "namespace": "string",
                                          "parameterNotFoundAction": "string",
                                          "selector": [
                                            "object",
                                            {
                                              "matchExpressions": [
                                                "list",
                                                [
                                                  "object",
                                                  {
                                                    "key": "string",
                                                    "operator": "string",
                                                    "values": [
                                                      "list",
                                                      "string"
                                                    ]
                                                  }
                                                ]
                                              ],
                                              "matchLabels": [
                                                "map",
                                                "string"
                                              ]
                                            }
                                          ]
                                        }
                                      ],
                                      "variables": [
                                        "list",
                                        [
                                          "object",
                                          {
                                            "expression": "string",
                                            "name": "string"
                                          }
                                        ]
                                      ]
                                    }
                                  ],
                                  "deny": [
                                    "object",
                                    {
                                      "conditions": "dynamic"
                                    }
                                  ],
                                  "foreach": [
                                    "tuple",
                                    [
                                      [
                                        "object",
                                        {
                                          "anyPattern": "dynamic",
                                          "context": [
                                            "tuple",
                                            [
                                              [
                                                "object",
                                                {
                                                  "apiCall": [
                                                    "object",
                                                    {
                                                      "data": [
                                                        "tuple",
                                                        [
                                                          [
                                                            "object",
                                                            {
                                                              "key": "string",
                                                              "value": "dynamic"
                                                            }
                                                          ]
                                                        ]
                                                      ],
                                                      "jmesPath": "string",
                                                      "method": "string",
                                                      "service": [
                                                        "object",
                                                        {
                                                          "caBundle": "string",
                                                          "url": "string"
                                                        }
                                                      ],
                                                      "urlPath": "string"
                                                    }
                                                  ],
                                                  "configMap": [
                                                    "object",
                                                    {
                                                      "name": "string",
                                                      "namespace": "string"
                                                    }
                                                  ],
                                                  "imageRegistry": [
                                                    "object",
                                                    {
                                                      "imageRegistryCredentials": [
                                                        "object",
                                                        {
                                                          "allowInsecureRegistry": "bool",
                                                          "providers": [
                                                            "list",
                                                            "string"
                                                          ],
                                                          "secrets": [
                                                            "list",
                                                            "string"
                                                          ]
                                                        }
                                                      ],
                                                      "jmesPath": "string",
                                                      "reference": "string"
                                                    }
                                                  ],
                                                  "name": "string",
                                                  "variable": [
                                                    "object",
                                                    {
                                                      "default": "dynamic",
                                                      "jmesPath": "string",
                                                      "value": "dynamic"
                                                    }
                                                  ]
                                                }
                                              ]
                                            ]
                                          ],
                                          "deny": [
                                            "object",
                                            {
                                              "conditions": "dynamic"
                                            }
                                          ],
                                          "elementScope": "bool",
                                          "foreach": "dynamic",
                                          "list": "string",
                                          "pattern": "dynamic",
                                          "preconditions": [
                                            "object",
                                            {
                                              "all": [
                                                "tuple",
                                                [
                                                  [
                                                    "object",
                                                    {
                                                      "key": "dynamic",
                                                      "message": "string",
                                                      "operator": "string",
                                                      "value": "dynamic"
                                                    }
                                                  ]
                                                ]
                                              ],
                                              "any": [
                                                "tuple",
                                                [
                                                  [
                                                    "object",
                                                    {
                                                      "key": "dynamic",
                                                      "message": "string",
                                                      "operator": "string",
                                                      "value": "dynamic"
                                                    }
                                                  ]
                                                ]
                                              ]
                                            }
                                          ]
                                        }
                                      ]
                                    ]
                                  ],
                                  "manifests": [
                                    "object",
                                    {
                                      "annotationDomain": "string",
                                      "attestors": [
                                        "tuple",
                                        [
                                          [
                                            "object",
                                            {
                                              "count": "number",
                                              "entries": [
                                                "tuple",
                                                [
                                                  [
                                                    "object",
                                                    {
                                                      "annotations": [
                                                        "map",
                                                        "string"
                                                      ],
                                                      "attestor": "dynamic",
                                                      "certificates": [
                                                        "object",
                                                        {
                                                          "cert": "string",
                                                          "certChain": "string",
                                                          "ctlog": [
                                                            "object",
                                                            {
                                                              "ignoreSCT": "bool",
                                                              "pubkey": "string"
                                                            }
                                                          ],
                                                          "rekor": [
                                                            "object",
                                                            {
                                                              "ignoreTlog": "bool",
                                                              "pubkey": "string",
                                                              "url": "string"
                                                            }
                                                          ]
                                                        }
                                                      ],
                                                      "keyless": [
                                                        "object",
                                                        {
                                                          "additionalExtensions": [
                                                            "map",
                                                            "string"
                                                          ],
                                                          "ctlog": [
                                                            "object",
                                                            {
                                                              "ignoreSCT": "bool",
                                                              "pubkey": "string"
                                                            }
                                                          ],
                                                          "issuer": "string",
                                                          "rekor": [
                                                            "object",
                                                            {
                                                              "ignoreTlog": "bool",
                                                              "pubkey": "string",
                                                              "url": "string"
                                                            }
                                                          ],
                                                          "roots": "string",
                                                          "subject": "string"
                                                        }
                                                      ],
                                                      "keys": [
                                                        "object",
                                                        {
                                                          "ctlog": [
                                                            "object",
                                                            {
                                                              "ignoreSCT": "bool",
                                                              "pubkey": "string"
                                                            }
                                                          ],
                                                          "kms": "string",
                                                          "publicKeys": "string",
                                                          "rekor": [
                                                            "object",
                                                            {
                                                              "ignoreTlog": "bool",
                                                              "pubkey": "string",
                                                              "url": "string"
                                                            }
                                                          ],
                                                          "secret": [
                                                            "object",
                                                            {
                                                              "name": "string",
                                                              "namespace": "string"
                                                            }
                                                          ],
                                                          "signatureAlgorithm": "string"
                                                        }
                                                      ],
                                                      "repository": "string"
                                                    }
                                                  ]
                                                ]
                                              ]
                                            }
                                          ]
                                        ]
                                      ],
                                      "dryRun": [
                                        "object",
                                        {
                                          "enable": "bool",
                                          "namespace": "string"
                                        }
                                      ],
                                      "ignoreFields": [
                                        "list",
                                        [
                                          "object",
                                          {
                                            "fields": [
                                              "list",
                                              "string"
                                            ],
                                            "objects": [
                                              "list",
                                              [
                                                "object",
                                                {
                                                  "group": "string",
                                                  "kind": "string",
                                                  "name": "string",
                                                  "namespace": "string",
                                                  "version": "string"
                                                }
                                              ]
                                            ]
                                          }
                                        ]
                                      ],
                                      "repository": "string"
                                    }
                                  ],
                                  "message": "string",
                                  "pattern": [
                                    "object",
                                    {
                                      "spec": [
                                        "object",
                                        {
                                          "type": "string"
                                        }
                                      ]
                                    }
                                  ],
                                  "podSecurity": [
                                    "object",
                                    {
                                      "exclude": [
                                        "list",
                                        [
                                          "object",
                                          {
                                            "controlName": "string",
                                            "images": [
                                              "list",
                                              "string"
                                            ]
                                          }
                                        ]
                                      ],
                                      "level": "string",
                                      "version": "string"
                                    }
                                  ]
                                }
                              ],
                              "verifyImages": [
                                "tuple",
                                [
                                  [
                                    "object",
                                    {
                                      "additionalExtensions": [
                                        "map",
                                        "string"
                                      ],
                                      "annotations": [
                                        "map",
                                        "string"
                                      ],
                                      "attestations": [
                                        "tuple",
                                        [
                                          [
                                            "object",
                                            {
                                              "attestors": [
                                                "tuple",
                                                [
                                                  [
                                                    "object",
                                                    {
                                                      "count": "number",
                                                      "entries": [
                                                        "tuple",
                                                        [
                                                          [
                                                            "object",
                                                            {
                                                              "annotations": [
                                                                "map",
                                                                "string"
                                                              ],
                                                              "attestor": "dynamic",
                                                              "certificates": [
                                                                "object",
                                                                {
                                                                  "cert": "string",
                                                                  "certChain": "string",
                                                                  "ctlog": [
                                                                    "object",
                                                                    {
                                                                      "ignoreSCT": "bool",
                                                                      "pubkey": "string"
                                                                    }
                                                                  ],
                                                                  "rekor": [
                                                                    "object",
                                                                    {
                                                                      "ignoreTlog": "bool",
                                                                      "pubkey": "string",
                                                                      "url": "string"
                                                                    }
                                                                  ]
                                                                }
                                                              ],
                                                              "keyless": [
                                                                "object",
                                                                {
                                                                  "additionalExtensions": [
                                                                    "map",
                                                                    "string"
                                                                  ],
                                                                  "ctlog": [
                                                                    "object",
                                                                    {
                                                                      "ignoreSCT": "bool",
                                                                      "pubkey": "string"
                                                                    }
                                                                  ],
                                                                  "issuer": "string",
                                                                  "rekor": [
                                                                    "object",
                                                                    {
                                                                      "ignoreTlog": "bool",
                                                                      "pubkey": "string",
                                                                      "url": "string"
                                                                    }
                                                                  ],
                                                                  "roots": "string",
                                                                  "subject": "string"
                                                                }
                                                              ],
                                                              "keys": [
                                                                "object",
                                                                {
                                                                  "ctlog": [
                                                                    "object",
                                                                    {
                                                                      "ignoreSCT": "bool",
                                                                      "pubkey": "string"
                                                                    }
                                                                  ],
                                                                  "kms": "string",
                                                                  "publicKeys": "string",
                                                                  "rekor": [
                                                                    "object",
                                                                    {
                                                                      "ignoreTlog": "bool",
                                                                      "pubkey": "string",
                                                                      "url": "string"
                                                                    }
                                                                  ],
                                                                  "secret": [
                                                                    "object",
                                                                    {
                                                                      "name": "string",
                                                                      "namespace": "string"
                                                                    }
                                                                  ],
                                                                  "signatureAlgorithm": "string"
                                                                }
                                                              ],
                                                              "repository": "string"
                                                            }
                                                          ]
                                                        ]
                                                      ]
                                                    }
                                                  ]
                                                ]
                                              ],
                                              "conditions": [
                                                "tuple",
                                                [
                                                  [
                                                    "object",
                                                    {
                                                      "all": [
                                                        "tuple",
                                                        [
                                                          [
                                                            "object",
                                                            {
                                                              "key": "dynamic",
                                                              "message": "string",
                                                              "operator": "string",
                                                              "value": "dynamic"
                                                            }
                                                          ]
                                                        ]
                                                      ],
                                                      "any": [
                                                        "tuple",
                                                        [
                                                          [
                                                            "object",
                                                            {
                                                              "key": "dynamic",
                                                              "message": "string",
                                                              "operator": "string",
                                                              "value": "dynamic"
                                                            }
                                                          ]
                                                        ]
                                                      ]
                                                    }
                                                  ]
                                                ]
                                              ],
                                              "predicateType": "string",
                                              "type": "string"
                                            }
                                          ]
                                        ]
                                      ],
                                      "attestors": [
                                        "tuple",
                                        [
                                          [
                                            "object",
                                            {
                                              "count": "number",
                                              "entries": [
                                                "tuple",
                                                [
                                                  [
                                                    "object",
                                                    {
                                                      "annotations": [
                                                        "map",
                                                        "string"
                                                      ],
                                                      "attestor": "dynamic",
                                                      "certificates": [
                                                        "object",
                                                        {
                                                          "cert": "string",
                                                          "certChain": "string",
                                                          "ctlog": [
                                                            "object",
                                                            {
                                                              "ignoreSCT": "bool",
                                                              "pubkey": "string"
                                                            }
                                                          ],
                                                          "rekor": [
                                                            "object",
                                                            {
                                                              "ignoreTlog": "bool",
                                                              "pubkey": "string",
                                                              "url": "string"
                                                            }
                                                          ]
                                                        }
                                                      ],
                                                      "keyless": [
                                                        "object",
                                                        {
                                                          "additionalExtensions": [
                                                            "map",
                                                            "string"
                                                          ],
                                                          "ctlog": [
                                                            "object",
                                                            {
                                                              "ignoreSCT": "bool",
                                                              "pubkey": "string"
                                                            }
                                                          ],
                                                          "issuer": "string",
                                                          "rekor": [
                                                            "object",
                                                            {
                                                              "ignoreTlog": "bool",
                                                              "pubkey": "string",
                                                              "url": "string"
                                                            }
                                                          ],
                                                          "roots": "string",
                                                          "subject": "string"
                                                        }
                                                      ],
                                                      "keys": [
                                                        "object",
                                                        {
                                                          "ctlog": [
                                                            "object",
                                                            {
                                                              "ignoreSCT": "bool",
                                                              "pubkey": "string"
                                                            }
                                                          ],
                                                          "kms": "string",
                                                          "publicKeys": "string",
                                                          "rekor": [
                                                            "object",
                                                            {
                                                              "ignoreTlog": "bool",
                                                              "pubkey": "string",
                                                              "url": "string"
                                                            }
                                                          ],
                                                          "secret": [
                                                            "object",
                                                            {
                                                              "name": "string",
                                                              "namespace": "string"
                                                            }
                                                          ],
                                                          "signatureAlgorithm": "string"
                                                        }
                                                      ],
                                                      "repository": "string"
                                                    }
                                                  ]
                                                ]
                                              ]
                                            }
                                          ]
                                        ]
                                      ],
                                      "image": "string",
                                      "imageReferences": [
                                        "list",
                                        "string"
                                      ],
                                      "imageRegistryCredentials": [
                                        "object",
                                        {
                                          "allowInsecureRegistry": "bool",
                                          "providers": [
                                            "list",
                                            "string"
                                          ],
                                          "secrets": [
                                            "list",
                                            "string"
                                          ]
                                        }
                                      ],
                                      "issuer": "string",
                                      "key": "string",
                                      "mutateDigest": "bool",
                                      "repository": "string",
                                      "required": "bool",
                                      "roots": "string",
                                      "subject": "string",
                                      "type": "string",
                                      "useCache": "bool",
                                      "verifyDigest": "bool"
                                    }
                                  ]
                                ]
                              ]
                            }
                          ]
                        ]
                      ],
                      "schemaValidation": "bool",
                      "useServerSideApply": "bool",
                      "validationFailureAction": "string",
                      "validationFailureActionOverrides": [
                        "list",
                        [
                          "object",
                          {
                            "action": "string",
                            "namespaceSelector": [
                              "object",
                              {
                                "matchExpressions": [
                                  "list",
                                  [
                                    "object",
                                    {
                                      "key": "string",
                                      "operator": "string",
                                      "values": [
                                        "list",
                                        "string"
                                      ]
                                    }
                                  ]
                                ],
                                "matchLabels": [
                                  "map",
                                  "string"
                                ]
                              }
                            ],
                            "namespaces": [
                              "list",
                              "string"
                            ]
                          }
                        ]
                      ],
                      "webhookTimeoutSeconds": "number"
                    }
                  ]
                }
              ]
            },
            "timeouts": [],
            "wait": [],
            "wait_for": null
          },
          "sensitive_attributes": [],
          "dependencies": [
            "helm_release.kyverno",
            "helm_release.kyverno-policies",
            "kubernetes_namespace_v1.kyverno"
          ]
        }
      ]
    },
    {
      "mode": "managed",
      "type": "kubernetes_manifest",
      "name": "cluster-polycy_domain-label-enforcement",
      "provider": "provider[\"registry.terraform.io/hashicorp/kubernetes\"]",
      "instances": [
        {
          "schema_version": 1,
          "attributes": {
            "computed_fields": null,
            "field_manager": [],
            "manifest": {
              "value": {
                "apiVersion": "kyverno.io/v1",
                "kind": "ClusterPolicy",
                "metadata": {
                  "name": "require-domain-labels"
                },
                "spec": {
                  "rules": [
                    {
                      "match": {
                        "any": [
                          {
                            "resources": {
                              "kinds": [
                                "Pod"
                              ]
                            }
                          }
                        ]
                      },
                      "name": "check-domain",
                      "validate": {
                        "message": "label 'domain' is required, it can be one of: monitoring, app, security",
                        "pattern": {
                          "metadata": {
                            "labels": {
                              "domain": "monitoring|app|security"
                            }
                          }
                        }
                      }
                    }
                  ],
                  "validationFailureAction": "Enforce"
                }
              },
              "type": [
                "object",
                {
                  "apiVersion": "string",
                  "kind": "string",
                  "metadata": [
                    "object",
                    {
                      "name": "string"
                    }
                  ],
                  "spec": [
                    "object",
                    {
                      "rules": [
                        "tuple",
                        [
                          [
                            "object",
                            {
                              "match": [
                                "object",
                                {
                                  "any": [
                                    "tuple",
                                    [
                                      [
                                        "object",
                                        {
                                          "resources": [
                                            "object",
                                            {
                                              "kinds": [
                                                "tuple",
                                                [
                                                  "string"
                                                ]
                                              ]
                                            }
                                          ]
                                        }
                                      ]
                                    ]
                                  ]
                                }
                              ],
                              "name": "string",
                              "validate": [
                                "object",
                                {
                                  "message": "string",
                                  "pattern": [
                                    "object",
                                    {
                                      "metadata": [
                                        "object",
                                        {
                                          "labels": [
                                            "object",
                                            {
                                              "domain": "string"
                                            }
                                          ]
                                        }
                                      ]
                                    }
                                  ]
                                }
                              ]
                            }
                          ]
                        ]
                      ],
                      "validationFailureAction": "string"
                    }
                  ]
                }
              ]
            },
            "object": {
              "value": {
                "apiVersion": "kyverno.io/v1",
                "kind": "ClusterPolicy",
                "metadata": {
                  "annotations": null,
                  "creationTimestamp": null,
                  "deletionGracePeriodSeconds": null,
                  "deletionTimestamp": null,
                  "finalizers": null,
                  "generateName": null,
                  "generation": null,
                  "labels": null,
                  "managedFields": null,
                  "name": "require-domain-labels",
                  "namespace": null,
                  "ownerReferences": null,
                  "resourceVersion": null,
                  "selfLink": null,
                  "uid": null
                },
                "spec": {
                  "admission": true,
                  "applyRules": null,
                  "background": true,
                  "failurePolicy": null,
                  "generateExisting": null,
                  "generateExistingOnPolicyUpdate": null,
                  "mutateExistingOnPolicyUpdate": null,
                  "rules": [
                    {
                      "celPreconditions": null,
                      "context": null,
                      "exclude": {
                        "all": null,
                        "any": null,
                        "clusterRoles": null,
                        "resources": {
                          "annotations": null,
                          "kinds": null,
                          "name": null,
                          "names": null,
                          "namespaceSelector": {
                            "matchExpressions": null,
                            "matchLabels": null
                          },
                          "namespaces": null,
                          "operations": null,
                          "selector": {
                            "matchExpressions": null,
                            "matchLabels": null
                          }
                        },
                        "roles": null,
                        "subjects": null
                      },
                      "generate": {
                        "apiVersion": null,
                        "clone": {
                          "name": null,
                          "namespace": null
                        },
                        "cloneList": {
                          "kinds": null,
                          "namespace": null,
                          "selector": {
                            "matchExpressions": null,
                            "matchLabels": null
                          }
                        },
                        "data": null,
                        "kind": null,
                        "name": null,
                        "namespace": null,
                        "synchronize": null,
                        "uid": null
                      },
                      "imageExtractors": null,
                      "match": {
                        "all": null,
                        "any": [
                          {
                            "clusterRoles": null,
                            "resources": {
                              "annotations": null,
                              "kinds": [
                                "Pod"
                              ],
                              "name": null,
                              "names": null,
                              "namespaceSelector": {
                                "matchExpressions": null,
                                "matchLabels": null
                              },
                              "namespaces": null,
                              "operations": null,
                              "selector": {
                                "matchExpressions": null,
                                "matchLabels": null
                              }
                            },
                            "roles": null,
                            "subjects": null
                          }
                        ],
                        "clusterRoles": null,
                        "resources": {
                          "annotations": null,
                          "kinds": null,
                          "name": null,
                          "names": null,
                          "namespaceSelector": {
                            "matchExpressions": null,
                            "matchLabels": null
                          },
                          "namespaces": null,
                          "operations": null,
                          "selector": {
                            "matchExpressions": null,
                            "matchLabels": null
                          }
                        },
                        "roles": null,
                        "subjects": null
                      },
                      "mutate": {
                        "foreach": null,
                        "patchStrategicMerge": null,
                        "patchesJson6902": null,
                        "targets": null
                      },
                      "name": "check-domain",
                      "preconditions": null,
                      "skipBackgroundRequests": true,
                      "validate": {
                        "anyPattern": null,
                        "cel": {
                          "auditAnnotations": null,
                          "expressions": null,
                          "paramKind": {
                            "apiVersion": null,
                            "kind": null
                          },
                          "paramRef": {
                            "name": null,
                            "namespace": null,
                            "parameterNotFoundAction": null,
                            "selector": {
                              "matchExpressions": null,
                              "matchLabels": null
                            }
                          },
                          "variables": null
                        },
                        "deny": {
                          "conditions": null
                        },
                        "foreach": null,
                        "manifests": {
                          "annotationDomain": null,
                          "attestors": null,
                          "dryRun": {
                            "enable": null,
                            "namespace": null
                          },
                          "ignoreFields": null,
                          "repository": null
                        },
                        "message": "label 'domain' is required, it can be one of: monitoring, app, security",
                        "pattern": {
                          "metadata": {
                            "labels": {
                              "domain": "monitoring|app|security"
                            }
                          }
                        },
                        "podSecurity": {
                          "exclude": null,
                          "level": null,
                          "version": null
                        }
                      },
                      "verifyImages": null
                    }
                  ],
                  "schemaValidation": null,
                  "useServerSideApply": null,
                  "validationFailureAction": "Enforce",
                  "validationFailureActionOverrides": null,
                  "webhookTimeoutSeconds": null
                }
              },
              "type": [
                "object",
                {
                  "apiVersion": "string",
                  "kind": "string",
                  "metadata": [
                    "object",
                    {
                      "annotations": [
                        "map",
                        "string"
                      ],
                      "creationTimestamp": "string",
                      "deletionGracePeriodSeconds": "number",
                      "deletionTimestamp": "string",
                      "finalizers": [
                        "list",
                        "string"
                      ],
                      "generateName": "string",
                      "generation": "number",
                      "labels": [
                        "map",
                        "string"
                      ],
                      "managedFields": [
                        "tuple",
                        [
                          [
                            "object",
                            {
                              "apiVersion": "string",
                              "fieldsType": "string",
                              "fieldsV1": "dynamic",
                              "manager": "string",
                              "operation": "string",
                              "subresource": "string",
                              "time": "string"
                            }
                          ]
                        ]
                      ],
                      "name": "string",
                      "namespace": "string",
                      "ownerReferences": [
                        "list",
                        [
                          "object",
                          {
                            "apiVersion": "string",
                            "blockOwnerDeletion": "bool",
                            "controller": "bool",
                            "kind": "string",
                            "name": "string",
                            "uid": "string"
                          }
                        ]
                      ],
                      "resourceVersion": "string",
                      "selfLink": "string",
                      "uid": "string"
                    }
                  ],
                  "spec": [
                    "object",
                    {
                      "admission": "bool",
                      "applyRules": "string",
                      "background": "bool",
                      "failurePolicy": "string",
                      "generateExisting": "bool",
                      "generateExistingOnPolicyUpdate": "bool",
                      "mutateExistingOnPolicyUpdate": "bool",
                      "rules": [
                        "tuple",
                        [
                          [
                            "object",
                            {
                              "celPreconditions": [
                                "list",
                                [
                                  "object",
                                  {
                                    "expression": "string",
                                    "name": "string"
                                  }
                                ]
                              ],
                              "context": [
                                "tuple",
                                [
                                  [
                                    "object",
                                    {
                                      "apiCall": [
                                        "object",
                                        {
                                          "data": [
                                            "tuple",
                                            [
                                              [
                                                "object",
                                                {
                                                  "key": "string",
                                                  "value": "dynamic"
                                                }
                                              ]
                                            ]
                                          ],
                                          "jmesPath": "string",
                                          "method": "string",
                                          "service": [
                                            "object",
                                            {
                                              "caBundle": "string",
                                              "url": "string"
                                            }
                                          ],
                                          "urlPath": "string"
                                        }
                                      ],
                                      "configMap": [
                                        "object",
                                        {
                                          "name": "string",
                                          "namespace": "string"
                                        }
                                      ],
                                      "imageRegistry": [
                                        "object",
                                        {
                                          "imageRegistryCredentials": [
                                            "object",
                                            {
                                              "allowInsecureRegistry": "bool",
                                              "providers": [
                                                "list",
                                                "string"
                                              ],
                                              "secrets": [
                                                "list",
                                                "string"
                                              ]
                                            }
                                          ],
                                          "jmesPath": "string",
                                          "reference": "string"
                                        }
                                      ],
                                      "name": "string",
                                      "variable": [
                                        "object",
                                        {
                                          "default": "dynamic",
                                          "jmesPath": "string",
                                          "value": "dynamic"
                                        }
                                      ]
                                    }
                                  ]
                                ]
                              ],
                              "exclude": [
                                "object",
                                {
                                  "all": [
                                    "list",
                                    [
                                      "object",
                                      {
                                        "clusterRoles": [
                                          "list",
                                          "string"
                                        ],
                                        "resources": [
                                          "object",
                                          {
                                            "annotations": [
                                              "map",
                                              "string"
                                            ],
                                            "kinds": [
                                              "list",
                                              "string"
                                            ],
                                            "name": "string",
                                            "names": [
                                              "list",
                                              "string"
                                            ],
                                            "namespaceSelector": [
                                              "object",
                                              {
                                                "matchExpressions": [
                                                  "list",
                                                  [
                                                    "object",
                                                    {
                                                      "key": "string",
                                                      "operator": "string",
                                                      "values": [
                                                        "list",
                                                        "string"
                                                      ]
                                                    }
                                                  ]
                                                ],
                                                "matchLabels": [
                                                  "map",
                                                  "string"
                                                ]
                                              }
                                            ],
                                            "namespaces": [
                                              "list",
                                              "string"
                                            ],
                                            "operations": [
                                              "list",
                                              "string"
                                            ],
                                            "selector": [
                                              "object",
                                              {
                                                "matchExpressions": [
                                                  "list",
                                                  [
                                                    "object",
                                                    {
                                                      "key": "string",
                                                      "operator": "string",
                                                      "values": [
                                                        "list",
                                                        "string"
                                                      ]
                                                    }
                                                  ]
                                                ],
                                                "matchLabels": [
                                                  "map",
                                                  "string"
                                                ]
                                              }
                                            ]
                                          }
                                        ],
                                        "roles": [
                                          "list",
                                          "string"
                                        ],
                                        "subjects": [
                                          "list",
                                          [
                                            "object",
                                            {
                                              "apiGroup": "string",
                                              "kind": "string",
                                              "name": "string",
                                              "namespace": "string"
                                            }
                                          ]
                                        ]
                                      }
                                    ]
                                  ],
                                  "any": [
                                    "list",
                                    [
                                      "object",
                                      {
                                        "clusterRoles": [
                                          "list",
                                          "string"
                                        ],
                                        "resources": [
                                          "object",
                                          {
                                            "annotations": [
                                              "map",
                                              "string"
                                            ],
                                            "kinds": [
                                              "list",
                                              "string"
                                            ],
                                            "name": "string",
                                            "names": [
                                              "list",
                                              "string"
                                            ],
                                            "namespaceSelector": [
                                              "object",
                                              {
                                                "matchExpressions": [
                                                  "list",
                                                  [
                                                    "object",
                                                    {
                                                      "key": "string",
                                                      "operator": "string",
                                                      "values": [
                                                        "list",
                                                        "string"
                                                      ]
                                                    }
                                                  ]
                                                ],
                                                "matchLabels": [
                                                  "map",
                                                  "string"
                                                ]
                                              }
                                            ],
                                            "namespaces": [
                                              "list",
                                              "string"
                                            ],
                                            "operations": [
                                              "list",
                                              "string"
                                            ],
                                            "selector": [
                                              "object",
                                              {
                                                "matchExpressions": [
                                                  "list",
                                                  [
                                                    "object",
                                                    {
                                                      "key": "string",
                                                      "operator": "string",
                                                      "values": [
                                                        "list",
                                                        "string"
                                                      ]
                                                    }
                                                  ]
                                                ],
                                                "matchLabels": [
                                                  "map",
                                                  "string"
                                                ]
                                              }
                                            ]
                                          }
                                        ],
                                        "roles": [
                                          "list",
                                          "string"
                                        ],
                                        "subjects": [
                                          "list",
                                          [
                                            "object",
                                            {
                                              "apiGroup": "string",
                                              "kind": "string",
                                              "name": "string",
                                              "namespace": "string"
                                            }
                                          ]
                                        ]
                                      }
                                    ]
                                  ],
                                  "clusterRoles": [
                                    "list",
                                    "string"
                                  ],
                                  "resources": [
                                    "object",
                                    {
                                      "annotations": [
                                        "map",
                                        "string"
                                      ],
                                      "kinds": [
                                        "list",
                                        "string"
                                      ],
                                      "name": "string",
                                      "names": [
                                        "list",
                                        "string"
                                      ],
                                      "namespaceSelector": [
                                        "object",
                                        {
                                          "matchExpressions": [
                                            "list",
                                            [
                                              "object",
                                              {
                                                "key": "string",
                                                "operator": "string",
                                                "values": [
                                                  "list",
                                                  "string"
                                                ]
                                              }
                                            ]
                                          ],
                                          "matchLabels": [
                                            "map",
                                            "string"
                                          ]
                                        }
                                      ],
                                      "namespaces": [
                                        "list",
                                        "string"
                                      ],
                                      "operations": [
                                        "list",
                                        "string"
                                      ],
                                      "selector": [
                                        "object",
                                        {
                                          "matchExpressions": [
                                            "list",
                                            [
                                              "object",
                                              {
                                                "key": "string",
                                                "operator": "string",
                                                "values": [
                                                  "list",
                                                  "string"
                                                ]
                                              }
                                            ]
                                          ],
                                          "matchLabels": [
                                            "map",
                                            "string"
                                          ]
                                        }
                                      ]
                                    }
                                  ],
                                  "roles": [
                                    "list",
                                    "string"
                                  ],
                                  "subjects": [
                                    "list",
                                    [
                                      "object",
                                      {
                                        "apiGroup": "string",
                                        "kind": "string",
                                        "name": "string",
                                        "namespace": "string"
                                      }
                                    ]
                                  ]
                                }
                              ],
                              "generate": [
                                "object",
                                {
                                  "apiVersion": "string",
                                  "clone": [
                                    "object",
                                    {
                                      "name": "string",
                                      "namespace": "string"
                                    }
                                  ],
                                  "cloneList": [
                                    "object",
                                    {
                                      "kinds": [
                                        "list",
                                        "string"
                                      ],
                                      "namespace": "string",
                                      "selector": [
                                        "object",
                                        {
                                          "matchExpressions": [
                                            "list",
                                            [
                                              "object",
                                              {
                                                "key": "string",
                                                "operator": "string",
                                                "values": [
                                                  "list",
                                                  "string"
                                                ]
                                              }
                                            ]
                                          ],
                                          "matchLabels": [
                                            "map",
                                            "string"
                                          ]
                                        }
                                      ]
                                    }
                                  ],
                                  "data": "dynamic",
                                  "kind": "string",
                                  "name": "string",
                                  "namespace": "string",
                                  "synchronize": "bool",
                                  "uid": "string"
                                }
                              ],
                              "imageExtractors": [
                                "map",
                                [
                                  "list",
                                  [
                                    "object",
                                    {
                                      "jmesPath": "string",
                                      "key": "string",
                                      "name": "string",
                                      "path": "string",
                                      "value": "string"
                                    }
                                  ]
                                ]
                              ],
                              "match": [
                                "object",
                                {
                                  "all": [
                                    "list",
                                    [
                                      "object",
                                      {
                                        "clusterRoles": [
                                          "list",
                                          "string"
                                        ],
                                        "resources": [
                                          "object",
                                          {
                                            "annotations": [
                                              "map",
                                              "string"
                                            ],
                                            "kinds": [
                                              "list",
                                              "string"
                                            ],
                                            "name": "string",
                                            "names": [
                                              "list",
                                              "string"
                                            ],
                                            "namespaceSelector": [
                                              "object",
                                              {
                                                "matchExpressions": [
                                                  "list",
                                                  [
                                                    "object",
                                                    {
                                                      "key": "string",
                                                      "operator": "string",
                                                      "values": [
                                                        "list",
                                                        "string"
                                                      ]
                                                    }
                                                  ]
                                                ],
                                                "matchLabels": [
                                                  "map",
                                                  "string"
                                                ]
                                              }
                                            ],
                                            "namespaces": [
                                              "list",
                                              "string"
                                            ],
                                            "operations": [
                                              "list",
                                              "string"
                                            ],
                                            "selector": [
                                              "object",
                                              {
                                                "matchExpressions": [
                                                  "list",
                                                  [
                                                    "object",
                                                    {
                                                      "key": "string",
                                                      "operator": "string",
                                                      "values": [
                                                        "list",
                                                        "string"
                                                      ]
                                                    }
                                                  ]
                                                ],
                                                "matchLabels": [
                                                  "map",
                                                  "string"
                                                ]
                                              }
                                            ]
                                          }
                                        ],
                                        "roles": [
                                          "list",
                                          "string"
                                        ],
                                        "subjects": [
                                          "list",
                                          [
                                            "object",
                                            {
                                              "apiGroup": "string",
                                              "kind": "string",
                                              "name": "string",
                                              "namespace": "string"
                                            }
                                          ]
                                        ]
                                      }
                                    ]
                                  ],
                                  "any": [
                                    "list",
                                    [
                                      "object",
                                      {
                                        "clusterRoles": [
                                          "list",
                                          "string"
                                        ],
                                        "resources": [
                                          "object",
                                          {
                                            "annotations": [
                                              "map",
                                              "string"
                                            ],
                                            "kinds": [
                                              "list",
                                              "string"
                                            ],
                                            "name": "string",
                                            "names": [
                                              "list",
                                              "string"
                                            ],
                                            "namespaceSelector": [
                                              "object",
                                              {
                                                "matchExpressions": [
                                                  "list",
                                                  [
                                                    "object",
                                                    {
                                                      "key": "string",
                                                      "operator": "string",
                                                      "values": [
                                                        "list",
                                                        "string"
                                                      ]
                                                    }
                                                  ]
                                                ],
                                                "matchLabels": [
                                                  "map",
                                                  "string"
                                                ]
                                              }
                                            ],
                                            "namespaces": [
                                              "list",
                                              "string"
                                            ],
                                            "operations": [
                                              "list",
                                              "string"
                                            ],
                                            "selector": [
                                              "object",
                                              {
                                                "matchExpressions": [
                                                  "list",
                                                  [
                                                    "object",
                                                    {
                                                      "key": "string",
                                                      "operator": "string",
                                                      "values": [
                                                        "list",
                                                        "string"
                                                      ]
                                                    }
                                                  ]
                                                ],
                                                "matchLabels": [
                                                  "map",
                                                  "string"
                                                ]
                                              }
                                            ]
                                          }
                                        ],
                                        "roles": [
                                          "list",
                                          "string"
                                        ],
                                        "subjects": [
                                          "list",
                                          [
                                            "object",
                                            {
                                              "apiGroup": "string",
                                              "kind": "string",
                                              "name": "string",
                                              "namespace": "string"
                                            }
                                          ]
                                        ]
                                      }
                                    ]
                                  ],
                                  "clusterRoles": [
                                    "list",
                                    "string"
                                  ],
                                  "resources": [
                                    "object",
                                    {
                                      "annotations": [
                                        "map",
                                        "string"
                                      ],
                                      "kinds": [
                                        "list",
                                        "string"
                                      ],
                                      "name": "string",
                                      "names": [
                                        "list",
                                        "string"
                                      ],
                                      "namespaceSelector": [
                                        "object",
                                        {
                                          "matchExpressions": [
                                            "list",
                                            [
                                              "object",
                                              {
                                                "key": "string",
                                                "operator": "string",
                                                "values": [
                                                  "list",
                                                  "string"
                                                ]
                                              }
                                            ]
                                          ],
                                          "matchLabels": [
                                            "map",
                                            "string"
                                          ]
                                        }
                                      ],
                                      "namespaces": [
                                        "list",
                                        "string"
                                      ],
                                      "operations": [
                                        "list",
                                        "string"
                                      ],
                                      "selector": [
                                        "object",
                                        {
                                          "matchExpressions": [
                                            "list",
                                            [
                                              "object",
                                              {
                                                "key": "string",
                                                "operator": "string",
                                                "values": [
                                                  "list",
                                                  "string"
                                                ]
                                              }
                                            ]
                                          ],
                                          "matchLabels": [
                                            "map",
                                            "string"
                                          ]
                                        }
                                      ]
                                    }
                                  ],
                                  "roles": [
                                    "list",
                                    "string"
                                  ],
                                  "subjects": [
                                    "list",
                                    [
                                      "object",
                                      {
                                        "apiGroup": "string",
                                        "kind": "string",
                                        "name": "string",
                                        "namespace": "string"
                                      }
                                    ]
                                  ]
                                }
                              ],
                              "mutate": [
                                "object",
                                {
                                  "foreach": [
                                    "tuple",
                                    [
                                      [
                                        "object",
                                        {
                                          "context": [
                                            "tuple",
                                            [
                                              [
                                                "object",
                                                {
                                                  "apiCall": [
                                                    "object",
                                                    {
                                                      "data": [
                                                        "tuple",
                                                        [
                                                          [
                                                            "object",
                                                            {
                                                              "key": "string",
                                                              "value": "dynamic"
                                                            }
                                                          ]
                                                        ]
                                                      ],
                                                      "jmesPath": "string",
                                                      "method": "string",
                                                      "service": [
                                                        "object",
                                                        {
                                                          "caBundle": "string",
                                                          "url": "string"
                                                        }
                                                      ],
                                                      "urlPath": "string"
                                                    }
                                                  ],
                                                  "configMap": [
                                                    "object",
                                                    {
                                                      "name": "string",
                                                      "namespace": "string"
                                                    }
                                                  ],
                                                  "imageRegistry": [
                                                    "object",
                                                    {
                                                      "imageRegistryCredentials": [
                                                        "object",
                                                        {
                                                          "allowInsecureRegistry": "bool",
                                                          "providers": [
                                                            "list",
                                                            "string"
                                                          ],
                                                          "secrets": [
                                                            "list",
                                                            "string"
                                                          ]
                                                        }
                                                      ],
                                                      "jmesPath": "string",
                                                      "reference": "string"
                                                    }
                                                  ],
                                                  "name": "string",
                                                  "variable": [
                                                    "object",
                                                    {
                                                      "default": "dynamic",
                                                      "jmesPath": "string",
                                                      "value": "dynamic"
                                                    }
                                                  ]
                                                }
                                              ]
                                            ]
                                          ],
                                          "foreach": "dynamic",
                                          "list": "string",
                                          "order": "string",
                                          "patchStrategicMerge": "dynamic",
                                          "patchesJson6902": "string",
                                          "preconditions": [
                                            "object",
                                            {
                                              "all": [
                                                "tuple",
                                                [
                                                  [
                                                    "object",
                                                    {
                                                      "key": "dynamic",
                                                      "message": "string",
                                                      "operator": "string",
                                                      "value": "dynamic"
                                                    }
                                                  ]
                                                ]
                                              ],
                                              "any": [
                                                "tuple",
                                                [
                                                  [
                                                    "object",
                                                    {
                                                      "key": "dynamic",
                                                      "message": "string",
                                                      "operator": "string",
                                                      "value": "dynamic"
                                                    }
                                                  ]
                                                ]
                                              ]
                                            }
                                          ]
                                        }
                                      ]
                                    ]
                                  ],
                                  "patchStrategicMerge": "dynamic",
                                  "patchesJson6902": "string",
                                  "targets": [
                                    "tuple",
                                    [
                                      [
                                        "object",
                                        {
                                          "apiVersion": "string",
                                          "context": [
                                            "tuple",
                                            [
                                              [
                                                "object",
                                                {
                                                  "apiCall": [
                                                    "object",
                                                    {
                                                      "data": [
                                                        "tuple",
                                                        [
                                                          [
                                                            "object",
                                                            {
                                                              "key": "string",
                                                              "value": "dynamic"
                                                            }
                                                          ]
                                                        ]
                                                      ],
                                                      "jmesPath": "string",
                                                      "method": "string",
                                                      "service": [
                                                        "object",
                                                        {
                                                          "caBundle": "string",
                                                          "url": "string"
                                                        }
                                                      ],
                                                      "urlPath": "string"
                                                    }
                                                  ],
                                                  "configMap": [
                                                    "object",
                                                    {
                                                      "name": "string",
                                                      "namespace": "string"
                                                    }
                                                  ],
                                                  "imageRegistry": [
                                                    "object",
                                                    {
                                                      "imageRegistryCredentials": [
                                                        "object",
                                                        {
                                                          "allowInsecureRegistry": "bool",
                                                          "providers": [
                                                            "list",
                                                            "string"
                                                          ],
                                                          "secrets": [
                                                            "list",
                                                            "string"
                                                          ]
                                                        }
                                                      ],
                                                      "jmesPath": "string",
                                                      "reference": "string"
                                                    }
                                                  ],
                                                  "name": "string",
                                                  "variable": [
                                                    "object",
                                                    {
                                                      "default": "dynamic",
                                                      "jmesPath": "string",
                                                      "value": "dynamic"
                                                    }
                                                  ]
                                                }
                                              ]
                                            ]
                                          ],
                                          "kind": "string",
                                          "name": "string",
                                          "namespace": "string",
                                          "preconditions": "dynamic",
                                          "uid": "string"
                                        }
                                      ]
                                    ]
                                  ]
                                }
                              ],
                              "name": "string",
                              "preconditions": "dynamic",
                              "skipBackgroundRequests": "bool",
                              "validate": [
                                "object",
                                {
                                  "anyPattern": "dynamic",
                                  "cel": [
                                    "object",
                                    {
                                      "auditAnnotations": [
                                        "list",
                                        [
                                          "object",
                                          {
                                            "key": "string",
                                            "valueExpression": "string"
                                          }
                                        ]
                                      ],
                                      "expressions": [
                                        "list",
                                        [
                                          "object",
                                          {
                                            "expression": "string",
                                            "message": "string",
                                            "messageExpression": "string",
                                            "reason": "string"
                                          }
                                        ]
                                      ],
                                      "paramKind": [
                                        "object",
                                        {
                                          "apiVersion": "string",
                                          "kind": "string"
                                        }
                                      ],
                                      "paramRef": [
                                        "object",
                                        {
                                          "name": "string",
                                          "namespace": "string",
                                          "parameterNotFoundAction": "string",
                                          "selector": [
                                            "object",
                                            {
                                              "matchExpressions": [
                                                "list",
                                                [
                                                  "object",
                                                  {
                                                    "key": "string",
                                                    "operator": "string",
                                                    "values": [
                                                      "list",
                                                      "string"
                                                    ]
                                                  }
                                                ]
                                              ],
                                              "matchLabels": [
                                                "map",
                                                "string"
                                              ]
                                            }
                                          ]
                                        }
                                      ],
                                      "variables": [
                                        "list",
                                        [
                                          "object",
                                          {
                                            "expression": "string",
                                            "name": "string"
                                          }
                                        ]
                                      ]
                                    }
                                  ],
                                  "deny": [
                                    "object",
                                    {
                                      "conditions": "dynamic"
                                    }
                                  ],
                                  "foreach": [
                                    "tuple",
                                    [
                                      [
                                        "object",
                                        {
                                          "anyPattern": "dynamic",
                                          "context": [
                                            "tuple",
                                            [
                                              [
                                                "object",
                                                {
                                                  "apiCall": [
                                                    "object",
                                                    {
                                                      "data": [
                                                        "tuple",
                                                        [
                                                          [
                                                            "object",
                                                            {
                                                              "key": "string",
                                                              "value": "dynamic"
                                                            }
                                                          ]
                                                        ]
                                                      ],
                                                      "jmesPath": "string",
                                                      "method": "string",
                                                      "service": [
                                                        "object",
                                                        {
                                                          "caBundle": "string",
                                                          "url": "string"
                                                        }
                                                      ],
                                                      "urlPath": "string"
                                                    }
                                                  ],
                                                  "configMap": [
                                                    "object",
                                                    {
                                                      "name": "string",
                                                      "namespace": "string"
                                                    }
                                                  ],
                                                  "imageRegistry": [
                                                    "object",
                                                    {
                                                      "imageRegistryCredentials": [
                                                        "object",
                                                        {
                                                          "allowInsecureRegistry": "bool",
                                                          "providers": [
                                                            "list",
                                                            "string"
                                                          ],
                                                          "secrets": [
                                                            "list",
                                                            "string"
                                                          ]
                                                        }
                                                      ],
                                                      "jmesPath": "string",
                                                      "reference": "string"
                                                    }
                                                  ],
                                                  "name": "string",
                                                  "variable": [
                                                    "object",
                                                    {
                                                      "default": "dynamic",
                                                      "jmesPath": "string",
                                                      "value": "dynamic"
                                                    }
                                                  ]
                                                }
                                              ]
                                            ]
                                          ],
                                          "deny": [
                                            "object",
                                            {
                                              "conditions": "dynamic"
                                            }
                                          ],
                                          "elementScope": "bool",
                                          "foreach": "dynamic",
                                          "list": "string",
                                          "pattern": "dynamic",
                                          "preconditions": [
                                            "object",
                                            {
                                              "all": [
                                                "tuple",
                                                [
                                                  [
                                                    "object",
                                                    {
                                                      "key": "dynamic",
                                                      "message": "string",
                                                      "operator": "string",
                                                      "value": "dynamic"
                                                    }
                                                  ]
                                                ]
                                              ],
                                              "any": [
                                                "tuple",
                                                [
                                                  [
                                                    "object",
                                                    {
                                                      "key": "dynamic",
                                                      "message": "string",
                                                      "operator": "string",
                                                      "value": "dynamic"
                                                    }
                                                  ]
                                                ]
                                              ]
                                            }
                                          ]
                                        }
                                      ]
                                    ]
                                  ],
                                  "manifests": [
                                    "object",
                                    {
                                      "annotationDomain": "string",
                                      "attestors": [
                                        "tuple",
                                        [
                                          [
                                            "object",
                                            {
                                              "count": "number",
                                              "entries": [
                                                "tuple",
                                                [
                                                  [
                                                    "object",
                                                    {
                                                      "annotations": [
                                                        "map",
                                                        "string"
                                                      ],
                                                      "attestor": "dynamic",
                                                      "certificates": [
                                                        "object",
                                                        {
                                                          "cert": "string",
                                                          "certChain": "string",
                                                          "ctlog": [
                                                            "object",
                                                            {
                                                              "ignoreSCT": "bool",
                                                              "pubkey": "string"
                                                            }
                                                          ],
                                                          "rekor": [
                                                            "object",
                                                            {
                                                              "ignoreTlog": "bool",
                                                              "pubkey": "string",
                                                              "url": "string"
                                                            }
                                                          ]
                                                        }
                                                      ],
                                                      "keyless": [
                                                        "object",
                                                        {
                                                          "additionalExtensions": [
                                                            "map",
                                                            "string"
                                                          ],
                                                          "ctlog": [
                                                            "object",
                                                            {
                                                              "ignoreSCT": "bool",
                                                              "pubkey": "string"
                                                            }
                                                          ],
                                                          "issuer": "string",
                                                          "rekor": [
                                                            "object",
                                                            {
                                                              "ignoreTlog": "bool",
                                                              "pubkey": "string",
                                                              "url": "string"
                                                            }
                                                          ],
                                                          "roots": "string",
                                                          "subject": "string"
                                                        }
                                                      ],
                                                      "keys": [
                                                        "object",
                                                        {
                                                          "ctlog": [
                                                            "object",
                                                            {
                                                              "ignoreSCT": "bool",
                                                              "pubkey": "string"
                                                            }
                                                          ],
                                                          "kms": "string",
                                                          "publicKeys": "string",
                                                          "rekor": [
                                                            "object",
                                                            {
                                                              "ignoreTlog": "bool",
                                                              "pubkey": "string",
                                                              "url": "string"
                                                            }
                                                          ],
                                                          "secret": [
                                                            "object",
                                                            {
                                                              "name": "string",
                                                              "namespace": "string"
                                                            }
                                                          ],
                                                          "signatureAlgorithm": "string"
                                                        }
                                                      ],
                                                      "repository": "string"
                                                    }
                                                  ]
                                                ]
                                              ]
                                            }
                                          ]
                                        ]
                                      ],
                                      "dryRun": [
                                        "object",
                                        {
                                          "enable": "bool",
                                          "namespace": "string"
                                        }
                                      ],
                                      "ignoreFields": [
                                        "list",
                                        [
                                          "object",
                                          {
                                            "fields": [
                                              "list",
                                              "string"
                                            ],
                                            "objects": [
                                              "list",
                                              [
                                                "object",
                                                {
                                                  "group": "string",
                                                  "kind": "string",
                                                  "name": "string",
                                                  "namespace": "string",
                                                  "version": "string"
                                                }
                                              ]
                                            ]
                                          }
                                        ]
                                      ],
                                      "repository": "string"
                                    }
                                  ],
                                  "message": "string",
                                  "pattern": [
                                    "object",
                                    {
                                      "metadata": [
                                        "object",
                                        {
                                          "labels": [
                                            "object",
                                            {
                                              "domain": "string"
                                            }
                                          ]
                                        }
                                      ]
                                    }
                                  ],
                                  "podSecurity": [
                                    "object",
                                    {
                                      "exclude": [
                                        "list",
                                        [
                                          "object",
                                          {
                                            "controlName": "string",
                                            "images": [
                                              "list",
                                              "string"
                                            ]
                                          }
                                        ]
                                      ],
                                      "level": "string",
                                      "version": "string"
                                    }
                                  ]
                                }
                              ],
                              "verifyImages": [
                                "tuple",
                                [
                                  [
                                    "object",
                                    {
                                      "additionalExtensions": [
                                        "map",
                                        "string"
                                      ],
                                      "annotations": [
                                        "map",
                                        "string"
                                      ],
                                      "attestations": [
                                        "tuple",
                                        [
                                          [
                                            "object",
                                            {
                                              "attestors": [
                                                "tuple",
                                                [
                                                  [
                                                    "object",
                                                    {
                                                      "count": "number",
                                                      "entries": [
                                                        "tuple",
                                                        [
                                                          [
                                                            "object",
                                                            {
                                                              "annotations": [
                                                                "map",
                                                                "string"
                                                              ],
                                                              "attestor": "dynamic",
                                                              "certificates": [
                                                                "object",
                                                                {
                                                                  "cert": "string",
                                                                  "certChain": "string",
                                                                  "ctlog": [
                                                                    "object",
                                                                    {
                                                                      "ignoreSCT": "bool",
                                                                      "pubkey": "string"
                                                                    }
                                                                  ],
                                                                  "rekor": [
                                                                    "object",
                                                                    {
                                                                      "ignoreTlog": "bool",
                                                                      "pubkey": "string",
                                                                      "url": "string"
                                                                    }
                                                                  ]
                                                                }
                                                              ],
                                                              "keyless": [
                                                                "object",
                                                                {
                                                                  "additionalExtensions": [
                                                                    "map",
                                                                    "string"
                                                                  ],
                                                                  "ctlog": [
                                                                    "object",
                                                                    {
                                                                      "ignoreSCT": "bool",
                                                                      "pubkey": "string"
                                                                    }
                                                                  ],
                                                                  "issuer": "string",
                                                                  "rekor": [
                                                                    "object",
                                                                    {
                                                                      "ignoreTlog": "bool",
                                                                      "pubkey": "string",
                                                                      "url": "string"
                                                                    }
                                                                  ],
                                                                  "roots": "string",
                                                                  "subject": "string"
                                                                }
                                                              ],
                                                              "keys": [
                                                                "object",
                                                                {
                                                                  "ctlog": [
                                                                    "object",
                                                                    {
                                                                      "ignoreSCT": "bool",
                                                                      "pubkey": "string"
                                                                    }
                                                                  ],
                                                                  "kms": "string",
                                                                  "publicKeys": "string",
                                                                  "rekor": [
                                                                    "object",
                                                                    {
                                                                      "ignoreTlog": "bool",
                                                                      "pubkey": "string",
                                                                      "url": "string"
                                                                    }
                                                                  ],
                                                                  "secret": [
                                                                    "object",
                                                                    {
                                                                      "name": "string",
                                                                      "namespace": "string"
                                                                    }
                                                                  ],
                                                                  "signatureAlgorithm": "string"
                                                                }
                                                              ],
                                                              "repository": "string"
                                                            }
                                                          ]
                                                        ]
                                                      ]
                                                    }
                                                  ]
                                                ]
                                              ],
                                              "conditions": [
                                                "tuple",
                                                [
                                                  [
                                                    "object",
                                                    {
                                                      "all": [
                                                        "tuple",
                                                        [
                                                          [
                                                            "object",
                                                            {
                                                              "key": "dynamic",
                                                              "message": "string",
                                                              "operator": "string",
                                                              "value": "dynamic"
                                                            }
                                                          ]
                                                        ]
                                                      ],
                                                      "any": [
                                                        "tuple",
                                                        [
                                                          [
                                                            "object",
                                                            {
                                                              "key": "dynamic",
                                                              "message": "string",
                                                              "operator": "string",
                                                              "value": "dynamic"
                                                            }
                                                          ]
                                                        ]
                                                      ]
                                                    }
                                                  ]
                                                ]
                                              ],
                                              "predicateType": "string",
                                              "type": "string"
                                            }
                                          ]
                                        ]
                                      ],
                                      "attestors": [
                                        "tuple",
                                        [
                                          [
                                            "object",
                                            {
                                              "count": "number",
                                              "entries": [
                                                "tuple",
                                                [
                                                  [
                                                    "object",
                                                    {
                                                      "annotations": [
                                                        "map",
                                                        "string"
                                                      ],
                                                      "attestor": "dynamic",
                                                      "certificates": [
                                                        "object",
                                                        {
                                                          "cert": "string",
                                                          "certChain": "string",
                                                          "ctlog": [
                                                            "object",
                                                            {
                                                              "ignoreSCT": "bool",
                                                              "pubkey": "string"
                                                            }
                                                          ],
                                                          "rekor": [
                                                            "object",
                                                            {
                                                              "ignoreTlog": "bool",
                                                              "pubkey": "string",
                                                              "url": "string"
                                                            }
                                                          ]
                                                        }
                                                      ],
                                                      "keyless": [
                                                        "object",
                                                        {
                                                          "additionalExtensions": [
                                                            "map",
                                                            "string"
                                                          ],
                                                          "ctlog": [
                                                            "object",
                                                            {
                                                              "ignoreSCT": "bool",
                                                              "pubkey": "string"
                                                            }
                                                          ],
                                                          "issuer": "string",
                                                          "rekor": [
                                                            "object",
                                                            {
                                                              "ignoreTlog": "bool",
                                                              "pubkey": "string",
                                                              "url": "string"
                                                            }
                                                          ],
                                                          "roots": "string",
                                                          "subject": "string"
                                                        }
                                                      ],
                                                      "keys": [
                                                        "object",
                                                        {
                                                          "ctlog": [
                                                            "object",
                                                            {
                                                              "ignoreSCT": "bool",
                                                              "pubkey": "string"
                                                            }
                                                          ],
                                                          "kms": "string",
                                                          "publicKeys": "string",
                                                          "rekor": [
                                                            "object",
                                                            {
                                                              "ignoreTlog": "bool",
                                                              "pubkey": "string",
                                                              "url": "string"
                                                            }
                                                          ],
                                                          "secret": [
                                                            "object",
                                                            {
                                                              "name": "string",
                                                              "namespace": "string"
                                                            }
                                                          ],
                                                          "signatureAlgorithm": "string"
                                                        }
                                                      ],
                                                      "repository": "string"
                                                    }
                                                  ]
                                                ]
                                              ]
                                            }
                                          ]
                                        ]
                                      ],
                                      "image": "string",
                                      "imageReferences": [
                                        "list",
                                        "string"
                                      ],
                                      "imageRegistryCredentials": [
                                        "object",
                                        {
                                          "allowInsecureRegistry": "bool",
                                          "providers": [
                                            "list",
                                            "string"
                                          ],
                                          "secrets": [
                                            "list",
                                            "string"
                                          ]
                                        }
                                      ],
                                      "issuer": "string",
                                      "key": "string",
                                      "mutateDigest": "bool",
                                      "repository": "string",
                                      "required": "bool",
                                      "roots": "string",
                                      "subject": "string",
                                      "type": "string",
                                      "useCache": "bool",
                                      "verifyDigest": "bool"
                                    }
                                  ]
                                ]
                              ]
                            }
                          ]
                        ]
                      ],
                      "schemaValidation": "bool",
                      "useServerSideApply": "bool",
                      "validationFailureAction": "string",
                      "validationFailureActionOverrides": [
                        "list",
                        [
                          "object",
                          {
                            "action": "string",
                            "namespaceSelector": [
                              "object",
                              {
                                "matchExpressions": [
                                  "list",
                                  [
                                    "object",
                                    {
                                      "key": "string",
                                      "operator": "string",
                                      "values": [
                                        "list",
                                        "string"
                                      ]
                                    }
                                  ]
                                ],
                                "matchLabels": [
                                  "map",
                                  "string"
                                ]
                              }
                            ],
                            "namespaces": [
                              "list",
                              "string"
                            ]
                          }
                        ]
                      ],
                      "webhookTimeoutSeconds": "number"
                    }
                  ]
                }
              ]
            },
            "timeouts": [],
            "wait": [],
            "wait_for": null
          },
          "sensitive_attributes": [],
          "dependencies": [
            "helm_release.kyverno",
            "helm_release.kyverno-policies",
            "kubernetes_namespace_v1.kyverno"
          ]
        }
      ]
    },
    {
      "mode": "managed",
      "type": "kubernetes_manifest",
      "name": "cluster-polycy_label-mutation",
      "provider": "provider[\"registry.terraform.io/hashicorp/kubernetes\"]",
      "instances": [
        {
          "schema_version": 1,
          "attributes": {
            "computed_fields": null,
            "field_manager": [],
            "manifest": {
              "value": {
                "apiVersion": "kyverno.io/v1",
                "kind": "ClusterPolicy",
                "metadata": {
                  "annotations": {
                    "policies.kyverno.io/category": "Sample",
                    "policies.kyverno.io/description": "Labels are used as an important source of metadata describing objects in various ways or triggering other functionality. Labels are also a very basic concept and should be used throughout Kubernetes. This policy performs a simple mutation which adds a label `foo=bar` to Pods, Services, ConfigMaps, and Secrets.",
                    "policies.kyverno.io/minversion": "1.6.0",
                    "policies.kyverno.io/severity": "medium",
                    "policies.kyverno.io/subject": "Label",
                    "policies.kyverno.io/title": "Add Labels"
                  },
                  "name": "add-labels"
                },
                "spec": {
                  "rules": [
                    {
                      "match": {
                        "any": [
                          {
                            "resources": {
                              "kinds": [
                                "Pod",
                                "Service",
                                "ConfigMap",
                                "Secret"
                              ]
                            }
                          }
                        ]
                      },
                      "mutate": {
                        "patchStrategicMerge": {
                          "metadata": {
                            "labels": {
                              "kyverno-checked": "true"
                            }
                          }
                        }
                      },
                      "name": "add-labels"
                    }
                  ]
                }
              },
              "type": [
                "object",
                {
                  "apiVersion": "string",
                  "kind": "string",
                  "metadata": [
                    "object",
                    {
                      "annotations": [
                        "object",
                        {
                          "policies.kyverno.io/category": "string",
                          "policies.kyverno.io/description": "string",
                          "policies.kyverno.io/minversion": "string",
                          "policies.kyverno.io/severity": "string",
                          "policies.kyverno.io/subject": "string",
                          "policies.kyverno.io/title": "string"
                        }
                      ],
                      "name": "string"
                    }
                  ],
                  "spec": [
                    "object",
                    {
                      "rules": [
                        "tuple",
                        [
                          [
                            "object",
                            {
                              "match": [
                                "object",
                                {
                                  "any": [
                                    "tuple",
                                    [
                                      [
                                        "object",
                                        {
                                          "resources": [
                                            "object",
                                            {
                                              "kinds": [
                                                "tuple",
                                                [
                                                  "string",
                                                  "string",
                                                  "string",
                                                  "string"
                                                ]
                                              ]
                                            }
                                          ]
                                        }
                                      ]
                                    ]
                                  ]
                                }
                              ],
                              "mutate": [
                                "object",
                                {
                                  "patchStrategicMerge": [
                                    "object",
                                    {
                                      "metadata": [
                                        "object",
                                        {
                                          "labels": [
                                            "object",
                                            {
                                              "kyverno-checked": "string"
                                            }
                                          ]
                                        }
                                      ]
                                    }
                                  ]
                                }
                              ],
                              "name": "string"
                            }
                          ]
                        ]
                      ]
                    }
                  ]
                }
              ]
            },
            "object": {
              "value": {
                "apiVersion": "kyverno.io/v1",
                "kind": "ClusterPolicy",
                "metadata": {
                  "annotations": {
                    "policies.kyverno.io/category": "Sample",
                    "policies.kyverno.io/description": "Labels are used as an important source of metadata describing objects in various ways or triggering other functionality. Labels are also a very basic concept and should be used throughout Kubernetes. This policy performs a simple mutation which adds a label `foo=bar` to Pods, Services, ConfigMaps, and Secrets.",
                    "policies.kyverno.io/minversion": "1.6.0",
                    "policies.kyverno.io/severity": "medium",
                    "policies.kyverno.io/subject": "Label",
                    "policies.kyverno.io/title": "Add Labels"
                  },
                  "creationTimestamp": null,
                  "deletionGracePeriodSeconds": null,
                  "deletionTimestamp": null,
                  "finalizers": null,
                  "generateName": null,
                  "generation": null,
                  "labels": null,
                  "managedFields": null,
                  "name": "add-labels",
                  "namespace": null,
                  "ownerReferences": null,
                  "resourceVersion": null,
                  "selfLink": null,
                  "uid": null
                },
                "spec": {
                  "admission": true,
                  "applyRules": null,
                  "background": true,
                  "failurePolicy": null,
                  "generateExisting": null,
                  "generateExistingOnPolicyUpdate": null,
                  "mutateExistingOnPolicyUpdate": null,
                  "rules": [
                    {
                      "celPreconditions": null,
                      "context": null,
                      "exclude": {
                        "all": null,
                        "any": null,
                        "clusterRoles": null,
                        "resources": {
                          "annotations": null,
                          "kinds": null,
                          "name": null,
                          "names": null,
                          "namespaceSelector": {
                            "matchExpressions": null,
                            "matchLabels": null
                          },
                          "namespaces": null,
                          "operations": null,
                          "selector": {
                            "matchExpressions": null,
                            "matchLabels": null
                          }
                        },
                        "roles": null,
                        "subjects": null
                      },
                      "generate": {
                        "apiVersion": null,
                        "clone": {
                          "name": null,
                          "namespace": null
                        },
                        "cloneList": {
                          "kinds": null,
                          "namespace": null,
                          "selector": {
                            "matchExpressions": null,
                            "matchLabels": null
                          }
                        },
                        "data": null,
                        "kind": null,
                        "name": null,
                        "namespace": null,
                        "synchronize": null,
                        "uid": null
                      },
                      "imageExtractors": null,
                      "match": {
                        "all": null,
                        "any": [
                          {
                            "clusterRoles": null,
                            "resources": {
                              "annotations": null,
                              "kinds": [
                                "Pod",
                                "Service",
                                "ConfigMap",
                                "Secret"
                              ],
                              "name": null,
                              "names": null,
                              "namespaceSelector": {
                                "matchExpressions": null,
                                "matchLabels": null
                              },
                              "namespaces": null,
                              "operations": null,
                              "selector": {
                                "matchExpressions": null,
                                "matchLabels": null
                              }
                            },
                            "roles": null,
                            "subjects": null
                          }
                        ],
                        "clusterRoles": null,
                        "resources": {
                          "annotations": null,
                          "kinds": null,
                          "name": null,
                          "names": null,
                          "namespaceSelector": {
                            "matchExpressions": null,
                            "matchLabels": null
                          },
                          "namespaces": null,
                          "operations": null,
                          "selector": {
                            "matchExpressions": null,
                            "matchLabels": null
                          }
                        },
                        "roles": null,
                        "subjects": null
                      },
                      "mutate": {
                        "foreach": null,
                        "patchStrategicMerge": {
                          "metadata": {
                            "labels": {
                              "kyverno-checked": "true"
                            }
                          }
                        },
                        "patchesJson6902": null,
                        "targets": null
                      },
                      "name": "add-labels",
                      "preconditions": null,
                      "skipBackgroundRequests": true,
                      "validate": {
                        "anyPattern": null,
                        "cel": {
                          "auditAnnotations": null,
                          "expressions": null,
                          "paramKind": {
                            "apiVersion": null,
                            "kind": null
                          },
                          "paramRef": {
                            "name": null,
                            "namespace": null,
                            "parameterNotFoundAction": null,
                            "selector": {
                              "matchExpressions": null,
                              "matchLabels": null
                            }
                          },
                          "variables": null
                        },
                        "deny": {
                          "conditions": null
                        },
                        "foreach": null,
                        "manifests": {
                          "annotationDomain": null,
                          "attestors": null,
                          "dryRun": {
                            "enable": null,
                            "namespace": null
                          },
                          "ignoreFields": null,
                          "repository": null
                        },
                        "message": null,
                        "pattern": null,
                        "podSecurity": {
                          "exclude": null,
                          "level": null,
                          "version": null
                        }
                      },
                      "verifyImages": null
                    }
                  ],
                  "schemaValidation": null,
                  "useServerSideApply": null,
                  "validationFailureAction": "Audit",
                  "validationFailureActionOverrides": null,
                  "webhookTimeoutSeconds": null
                }
              },
              "type": [
                "object",
                {
                  "apiVersion": "string",
                  "kind": "string",
                  "metadata": [
                    "object",
                    {
                      "annotations": [
                        "map",
                        "string"
                      ],
                      "creationTimestamp": "string",
                      "deletionGracePeriodSeconds": "number",
                      "deletionTimestamp": "string",
                      "finalizers": [
                        "list",
                        "string"
                      ],
                      "generateName": "string",
                      "generation": "number",
                      "labels": [
                        "map",
                        "string"
                      ],
                      "managedFields": [
                        "tuple",
                        [
                          [
                            "object",
                            {
                              "apiVersion": "string",
                              "fieldsType": "string",
                              "fieldsV1": "dynamic",
                              "manager": "string",
                              "operation": "string",
                              "subresource": "string",
                              "time": "string"
                            }
                          ]
                        ]
                      ],
                      "name": "string",
                      "namespace": "string",
                      "ownerReferences": [
                        "list",
                        [
                          "object",
                          {
                            "apiVersion": "string",
                            "blockOwnerDeletion": "bool",
                            "controller": "bool",
                            "kind": "string",
                            "name": "string",
                            "uid": "string"
                          }
                        ]
                      ],
                      "resourceVersion": "string",
                      "selfLink": "string",
                      "uid": "string"
                    }
                  ],
                  "spec": [
                    "object",
                    {
                      "admission": "bool",
                      "applyRules": "string",
                      "background": "bool",
                      "failurePolicy": "string",
                      "generateExisting": "bool",
                      "generateExistingOnPolicyUpdate": "bool",
                      "mutateExistingOnPolicyUpdate": "bool",
                      "rules": [
                        "tuple",
                        [
                          [
                            "object",
                            {
                              "celPreconditions": [
                                "list",
                                [
                                  "object",
                                  {
                                    "expression": "string",
                                    "name": "string"
                                  }
                                ]
                              ],
                              "context": [
                                "tuple",
                                [
                                  [
                                    "object",
                                    {
                                      "apiCall": [
                                        "object",
                                        {
                                          "data": [
                                            "tuple",
                                            [
                                              [
                                                "object",
                                                {
                                                  "key": "string",
                                                  "value": "dynamic"
                                                }
                                              ]
                                            ]
                                          ],
                                          "jmesPath": "string",
                                          "method": "string",
                                          "service": [
                                            "object",
                                            {
                                              "caBundle": "string",
                                              "url": "string"
                                            }
                                          ],
                                          "urlPath": "string"
                                        }
                                      ],
                                      "configMap": [
                                        "object",
                                        {
                                          "name": "string",
                                          "namespace": "string"
                                        }
                                      ],
                                      "imageRegistry": [
                                        "object",
                                        {
                                          "imageRegistryCredentials": [
                                            "object",
                                            {
                                              "allowInsecureRegistry": "bool",
                                              "providers": [
                                                "list",
                                                "string"
                                              ],
                                              "secrets": [
                                                "list",
                                                "string"
                                              ]
                                            }
                                          ],
                                          "jmesPath": "string",
                                          "reference": "string"
                                        }
                                      ],
                                      "name": "string",
                                      "variable": [
                                        "object",
                                        {
                                          "default": "dynamic",
                                          "jmesPath": "string",
                                          "value": "dynamic"
                                        }
                                      ]
                                    }
                                  ]
                                ]
                              ],
                              "exclude": [
                                "object",
                                {
                                  "all": [
                                    "list",
                                    [
                                      "object",
                                      {
                                        "clusterRoles": [
                                          "list",
                                          "string"
                                        ],
                                        "resources": [
                                          "object",
                                          {
                                            "annotations": [
                                              "map",
                                              "string"
                                            ],
                                            "kinds": [
                                              "list",
                                              "string"
                                            ],
                                            "name": "string",
                                            "names": [
                                              "list",
                                              "string"
                                            ],
                                            "namespaceSelector": [
                                              "object",
                                              {
                                                "matchExpressions": [
                                                  "list",
                                                  [
                                                    "object",
                                                    {
                                                      "key": "string",
                                                      "operator": "string",
                                                      "values": [
                                                        "list",
                                                        "string"
                                                      ]
                                                    }
                                                  ]
                                                ],
                                                "matchLabels": [
                                                  "map",
                                                  "string"
                                                ]
                                              }
                                            ],
                                            "namespaces": [
                                              "list",
                                              "string"
                                            ],
                                            "operations": [
                                              "list",
                                              "string"
                                            ],
                                            "selector": [
                                              "object",
                                              {
                                                "matchExpressions": [
                                                  "list",
                                                  [
                                                    "object",
                                                    {
                                                      "key": "string",
                                                      "operator": "string",
                                                      "values": [
                                                        "list",
                                                        "string"
                                                      ]
                                                    }
                                                  ]
                                                ],
                                                "matchLabels": [
                                                  "map",
                                                  "string"
                                                ]
                                              }
                                            ]
                                          }
                                        ],
                                        "roles": [
                                          "list",
                                          "string"
                                        ],
                                        "subjects": [
                                          "list",
                                          [
                                            "object",
                                            {
                                              "apiGroup": "string",
                                              "kind": "string",
                                              "name": "string",
                                              "namespace": "string"
                                            }
                                          ]
                                        ]
                                      }
                                    ]
                                  ],
                                  "any": [
                                    "list",
                                    [
                                      "object",
                                      {
                                        "clusterRoles": [
                                          "list",
                                          "string"
                                        ],
                                        "resources": [
                                          "object",
                                          {
                                            "annotations": [
                                              "map",
                                              "string"
                                            ],
                                            "kinds": [
                                              "list",
                                              "string"
                                            ],
                                            "name": "string",
                                            "names": [
                                              "list",
                                              "string"
                                            ],
                                            "namespaceSelector": [
                                              "object",
                                              {
                                                "matchExpressions": [
                                                  "list",
                                                  [
                                                    "object",
                                                    {
                                                      "key": "string",
                                                      "operator": "string",
                                                      "values": [
                                                        "list",
                                                        "string"
                                                      ]
                                                    }
                                                  ]
                                                ],
                                                "matchLabels": [
                                                  "map",
                                                  "string"
                                                ]
                                              }
                                            ],
                                            "namespaces": [
                                              "list",
                                              "string"
                                            ],
                                            "operations": [
                                              "list",
                                              "string"
                                            ],
                                            "selector": [
                                              "object",
                                              {
                                                "matchExpressions": [
                                                  "list",
                                                  [
                                                    "object",
                                                    {
                                                      "key": "string",
                                                      "operator": "string",
                                                      "values": [
                                                        "list",
                                                        "string"
                                                      ]
                                                    }
                                                  ]
                                                ],
                                                "matchLabels": [
                                                  "map",
                                                  "string"
                                                ]
                                              }
                                            ]
                                          }
                                        ],
                                        "roles": [
                                          "list",
                                          "string"
                                        ],
                                        "subjects": [
                                          "list",
                                          [
                                            "object",
                                            {
                                              "apiGroup": "string",
                                              "kind": "string",
                                              "name": "string",
                                              "namespace": "string"
                                            }
                                          ]
                                        ]
                                      }
                                    ]
                                  ],
                                  "clusterRoles": [
                                    "list",
                                    "string"
                                  ],
                                  "resources": [
                                    "object",
                                    {
                                      "annotations": [
                                        "map",
                                        "string"
                                      ],
                                      "kinds": [
                                        "list",
                                        "string"
                                      ],
                                      "name": "string",
                                      "names": [
                                        "list",
                                        "string"
                                      ],
                                      "namespaceSelector": [
                                        "object",
                                        {
                                          "matchExpressions": [
                                            "list",
                                            [
                                              "object",
                                              {
                                                "key": "string",
                                                "operator": "string",
                                                "values": [
                                                  "list",
                                                  "string"
                                                ]
                                              }
                                            ]
                                          ],
                                          "matchLabels": [
                                            "map",
                                            "string"
                                          ]
                                        }
                                      ],
                                      "namespaces": [
                                        "list",
                                        "string"
                                      ],
                                      "operations": [
                                        "list",
                                        "string"
                                      ],
                                      "selector": [
                                        "object",
                                        {
                                          "matchExpressions": [
                                            "list",
                                            [
                                              "object",
                                              {
                                                "key": "string",
                                                "operator": "string",
                                                "values": [
                                                  "list",
                                                  "string"
                                                ]
                                              }
                                            ]
                                          ],
                                          "matchLabels": [
                                            "map",
                                            "string"
                                          ]
                                        }
                                      ]
                                    }
                                  ],
                                  "roles": [
                                    "list",
                                    "string"
                                  ],
                                  "subjects": [
                                    "list",
                                    [
                                      "object",
                                      {
                                        "apiGroup": "string",
                                        "kind": "string",
                                        "name": "string",
                                        "namespace": "string"
                                      }
                                    ]
                                  ]
                                }
                              ],
                              "generate": [
                                "object",
                                {
                                  "apiVersion": "string",
                                  "clone": [
                                    "object",
                                    {
                                      "name": "string",
                                      "namespace": "string"
                                    }
                                  ],
                                  "cloneList": [
                                    "object",
                                    {
                                      "kinds": [
                                        "list",
                                        "string"
                                      ],
                                      "namespace": "string",
                                      "selector": [
                                        "object",
                                        {
                                          "matchExpressions": [
                                            "list",
                                            [
                                              "object",
                                              {
                                                "key": "string",
                                                "operator": "string",
                                                "values": [
                                                  "list",
                                                  "string"
                                                ]
                                              }
                                            ]
                                          ],
                                          "matchLabels": [
                                            "map",
                                            "string"
                                          ]
                                        }
                                      ]
                                    }
                                  ],
                                  "data": "dynamic",
                                  "kind": "string",
                                  "name": "string",
                                  "namespace": "string",
                                  "synchronize": "bool",
                                  "uid": "string"
                                }
                              ],
                              "imageExtractors": [
                                "map",
                                [
                                  "list",
                                  [
                                    "object",
                                    {
                                      "jmesPath": "string",
                                      "key": "string",
                                      "name": "string",
                                      "path": "string",
                                      "value": "string"
                                    }
                                  ]
                                ]
                              ],
                              "match": [
                                "object",
                                {
                                  "all": [
                                    "list",
                                    [
                                      "object",
                                      {
                                        "clusterRoles": [
                                          "list",
                                          "string"
                                        ],
                                        "resources": [
                                          "object",
                                          {
                                            "annotations": [
                                              "map",
                                              "string"
                                            ],
                                            "kinds": [
                                              "list",
                                              "string"
                                            ],
                                            "name": "string",
                                            "names": [
                                              "list",
                                              "string"
                                            ],
                                            "namespaceSelector": [
                                              "object",
                                              {
                                                "matchExpressions": [
                                                  "list",
                                                  [
                                                    "object",
                                                    {
                                                      "key": "string",
                                                      "operator": "string",
                                                      "values": [
                                                        "list",
                                                        "string"
                                                      ]
                                                    }
                                                  ]
                                                ],
                                                "matchLabels": [
                                                  "map",
                                                  "string"
                                                ]
                                              }
                                            ],
                                            "namespaces": [
                                              "list",
                                              "string"
                                            ],
                                            "operations": [
                                              "list",
                                              "string"
                                            ],
                                            "selector": [
                                              "object",
                                              {
                                                "matchExpressions": [
                                                  "list",
                                                  [
                                                    "object",
                                                    {
                                                      "key": "string",
                                                      "operator": "string",
                                                      "values": [
                                                        "list",
                                                        "string"
                                                      ]
                                                    }
                                                  ]
                                                ],
                                                "matchLabels": [
                                                  "map",
                                                  "string"
                                                ]
                                              }
                                            ]
                                          }
                                        ],
                                        "roles": [
                                          "list",
                                          "string"
                                        ],
                                        "subjects": [
                                          "list",
                                          [
                                            "object",
                                            {
                                              "apiGroup": "string",
                                              "kind": "string",
                                              "name": "string",
                                              "namespace": "string"
                                            }
                                          ]
                                        ]
                                      }
                                    ]
                                  ],
                                  "any": [
                                    "list",
                                    [
                                      "object",
                                      {
                                        "clusterRoles": [
                                          "list",
                                          "string"
                                        ],
                                        "resources": [
                                          "object",
                                          {
                                            "annotations": [
                                              "map",
                                              "string"
                                            ],
                                            "kinds": [
                                              "list",
                                              "string"
                                            ],
                                            "name": "string",
                                            "names": [
                                              "list",
                                              "string"
                                            ],
                                            "namespaceSelector": [
                                              "object",
                                              {
                                                "matchExpressions": [
                                                  "list",
                                                  [
                                                    "object",
                                                    {
                                                      "key": "string",
                                                      "operator": "string",
                                                      "values": [
                                                        "list",
                                                        "string"
                                                      ]
                                                    }
                                                  ]
                                                ],
                                                "matchLabels": [
                                                  "map",
                                                  "string"
                                                ]
                                              }
                                            ],
                                            "namespaces": [
                                              "list",
                                              "string"
                                            ],
                                            "operations": [
                                              "list",
                                              "string"
                                            ],
                                            "selector": [
                                              "object",
                                              {
                                                "matchExpressions": [
                                                  "list",
                                                  [
                                                    "object",
                                                    {
                                                      "key": "string",
                                                      "operator": "string",
                                                      "values": [
                                                        "list",
                                                        "string"
                                                      ]
                                                    }
                                                  ]
                                                ],
                                                "matchLabels": [
                                                  "map",
                                                  "string"
                                                ]
                                              }
                                            ]
                                          }
                                        ],
                                        "roles": [
                                          "list",
                                          "string"
                                        ],
                                        "subjects": [
                                          "list",
                                          [
                                            "object",
                                            {
                                              "apiGroup": "string",
                                              "kind": "string",
                                              "name": "string",
                                              "namespace": "string"
                                            }
                                          ]
                                        ]
                                      }
                                    ]
                                  ],
                                  "clusterRoles": [
                                    "list",
                                    "string"
                                  ],
                                  "resources": [
                                    "object",
                                    {
                                      "annotations": [
                                        "map",
                                        "string"
                                      ],
                                      "kinds": [
                                        "list",
                                        "string"
                                      ],
                                      "name": "string",
                                      "names": [
                                        "list",
                                        "string"
                                      ],
                                      "namespaceSelector": [
                                        "object",
                                        {
                                          "matchExpressions": [
                                            "list",
                                            [
                                              "object",
                                              {
                                                "key": "string",
                                                "operator": "string",
                                                "values": [
                                                  "list",
                                                  "string"
                                                ]
                                              }
                                            ]
                                          ],
                                          "matchLabels": [
                                            "map",
                                            "string"
                                          ]
                                        }
                                      ],
                                      "namespaces": [
                                        "list",
                                        "string"
                                      ],
                                      "operations": [
                                        "list",
                                        "string"
                                      ],
                                      "selector": [
                                        "object",
                                        {
                                          "matchExpressions": [
                                            "list",
                                            [
                                              "object",
                                              {
                                                "key": "string",
                                                "operator": "string",
                                                "values": [
                                                  "list",
                                                  "string"
                                                ]
                                              }
                                            ]
                                          ],
                                          "matchLabels": [
                                            "map",
                                            "string"
                                          ]
                                        }
                                      ]
                                    }
                                  ],
                                  "roles": [
                                    "list",
                                    "string"
                                  ],
                                  "subjects": [
                                    "list",
                                    [
                                      "object",
                                      {
                                        "apiGroup": "string",
                                        "kind": "string",
                                        "name": "string",
                                        "namespace": "string"
                                      }
                                    ]
                                  ]
                                }
                              ],
                              "mutate": [
                                "object",
                                {
                                  "foreach": [
                                    "tuple",
                                    [
                                      [
                                        "object",
                                        {
                                          "context": [
                                            "tuple",
                                            [
                                              [
                                                "object",
                                                {
                                                  "apiCall": [
                                                    "object",
                                                    {
                                                      "data": [
                                                        "tuple",
                                                        [
                                                          [
                                                            "object",
                                                            {
                                                              "key": "string",
                                                              "value": "dynamic"
                                                            }
                                                          ]
                                                        ]
                                                      ],
                                                      "jmesPath": "string",
                                                      "method": "string",
                                                      "service": [
                                                        "object",
                                                        {
                                                          "caBundle": "string",
                                                          "url": "string"
                                                        }
                                                      ],
                                                      "urlPath": "string"
                                                    }
                                                  ],
                                                  "configMap": [
                                                    "object",
                                                    {
                                                      "name": "string",
                                                      "namespace": "string"
                                                    }
                                                  ],
                                                  "imageRegistry": [
                                                    "object",
                                                    {
                                                      "imageRegistryCredentials": [
                                                        "object",
                                                        {
                                                          "allowInsecureRegistry": "bool",
                                                          "providers": [
                                                            "list",
                                                            "string"
                                                          ],
                                                          "secrets": [
                                                            "list",
                                                            "string"
                                                          ]
                                                        }
                                                      ],
                                                      "jmesPath": "string",
                                                      "reference": "string"
                                                    }
                                                  ],
                                                  "name": "string",
                                                  "variable": [
                                                    "object",
                                                    {
                                                      "default": "dynamic",
                                                      "jmesPath": "string",
                                                      "value": "dynamic"
                                                    }
                                                  ]
                                                }
                                              ]
                                            ]
                                          ],
                                          "foreach": "dynamic",
                                          "list": "string",
                                          "order": "string",
                                          "patchStrategicMerge": "dynamic",
                                          "patchesJson6902": "string",
                                          "preconditions": [
                                            "object",
                                            {
                                              "all": [
                                                "tuple",
                                                [
                                                  [
                                                    "object",
                                                    {
                                                      "key": "dynamic",
                                                      "message": "string",
                                                      "operator": "string",
                                                      "value": "dynamic"
                                                    }
                                                  ]
                                                ]
                                              ],
                                              "any": [
                                                "tuple",
                                                [
                                                  [
                                                    "object",
                                                    {
                                                      "key": "dynamic",
                                                      "message": "string",
                                                      "operator": "string",
                                                      "value": "dynamic"
                                                    }
                                                  ]
                                                ]
                                              ]
                                            }
                                          ]
                                        }
                                      ]
                                    ]
                                  ],
                                  "patchStrategicMerge": [
                                    "object",
                                    {
                                      "metadata": [
                                        "object",
                                        {
                                          "labels": [
                                            "object",
                                            {
                                              "kyverno-checked": "string"
                                            }
                                          ]
                                        }
                                      ]
                                    }
                                  ],
                                  "patchesJson6902": "string",
                                  "targets": [
                                    "tuple",
                                    [
                                      [
                                        "object",
                                        {
                                          "apiVersion": "string",
                                          "context": [
                                            "tuple",
                                            [
                                              [
                                                "object",
                                                {
                                                  "apiCall": [
                                                    "object",
                                                    {
                                                      "data": [
                                                        "tuple",
                                                        [
                                                          [
                                                            "object",
                                                            {
                                                              "key": "string",
                                                              "value": "dynamic"
                                                            }
                                                          ]
                                                        ]
                                                      ],
                                                      "jmesPath": "string",
                                                      "method": "string",
                                                      "service": [
                                                        "object",
                                                        {
                                                          "caBundle": "string",
                                                          "url": "string"
                                                        }
                                                      ],
                                                      "urlPath": "string"
                                                    }
                                                  ],
                                                  "configMap": [
                                                    "object",
                                                    {
                                                      "name": "string",
                                                      "namespace": "string"
                                                    }
                                                  ],
                                                  "imageRegistry": [
                                                    "object",
                                                    {
                                                      "imageRegistryCredentials": [
                                                        "object",
                                                        {
                                                          "allowInsecureRegistry": "bool",
                                                          "providers": [
                                                            "list",
                                                            "string"
                                                          ],
                                                          "secrets": [
                                                            "list",
                                                            "string"
                                                          ]
                                                        }
                                                      ],
                                                      "jmesPath": "string",
                                                      "reference": "string"
                                                    }
                                                  ],
                                                  "name": "string",
                                                  "variable": [
                                                    "object",
                                                    {
                                                      "default": "dynamic",
                                                      "jmesPath": "string",
                                                      "value": "dynamic"
                                                    }
                                                  ]
                                                }
                                              ]
                                            ]
                                          ],
                                          "kind": "string",
                                          "name": "string",
                                          "namespace": "string",
                                          "preconditions": "dynamic",
                                          "uid": "string"
                                        }
                                      ]
                                    ]
                                  ]
                                }
                              ],
                              "name": "string",
                              "preconditions": "dynamic",
                              "skipBackgroundRequests": "bool",
                              "validate": [
                                "object",
                                {
                                  "anyPattern": "dynamic",
                                  "cel": [
                                    "object",
                                    {
                                      "auditAnnotations": [
                                        "list",
                                        [
                                          "object",
                                          {
                                            "key": "string",
                                            "valueExpression": "string"
                                          }
                                        ]
                                      ],
                                      "expressions": [
                                        "list",
                                        [
                                          "object",
                                          {
                                            "expression": "string",
                                            "message": "string",
                                            "messageExpression": "string",
                                            "reason": "string"
                                          }
                                        ]
                                      ],
                                      "paramKind": [
                                        "object",
                                        {
                                          "apiVersion": "string",
                                          "kind": "string"
                                        }
                                      ],
                                      "paramRef": [
                                        "object",
                                        {
                                          "name": "string",
                                          "namespace": "string",
                                          "parameterNotFoundAction": "string",
                                          "selector": [
                                            "object",
                                            {
                                              "matchExpressions": [
                                                "list",
                                                [
                                                  "object",
                                                  {
                                                    "key": "string",
                                                    "operator": "string",
                                                    "values": [
                                                      "list",
                                                      "string"
                                                    ]
                                                  }
                                                ]
                                              ],
                                              "matchLabels": [
                                                "map",
                                                "string"
                                              ]
                                            }
                                          ]
                                        }
                                      ],
                                      "variables": [
                                        "list",
                                        [
                                          "object",
                                          {
                                            "expression": "string",
                                            "name": "string"
                                          }
                                        ]
                                      ]
                                    }
                                  ],
                                  "deny": [
                                    "object",
                                    {
                                      "conditions": "dynamic"
                                    }
                                  ],
                                  "foreach": [
                                    "tuple",
                                    [
                                      [
                                        "object",
                                        {
                                          "anyPattern": "dynamic",
                                          "context": [
                                            "tuple",
                                            [
                                              [
                                                "object",
                                                {
                                                  "apiCall": [
                                                    "object",
                                                    {
                                                      "data": [
                                                        "tuple",
                                                        [
                                                          [
                                                            "object",
                                                            {
                                                              "key": "string",
                                                              "value": "dynamic"
                                                            }
                                                          ]
                                                        ]
                                                      ],
                                                      "jmesPath": "string",
                                                      "method": "string",
                                                      "service": [
                                                        "object",
                                                        {
                                                          "caBundle": "string",
                                                          "url": "string"
                                                        }
                                                      ],
                                                      "urlPath": "string"
                                                    }
                                                  ],
                                                  "configMap": [
                                                    "object",
                                                    {
                                                      "name": "string",
                                                      "namespace": "string"
                                                    }
                                                  ],
                                                  "imageRegistry": [
                                                    "object",
                                                    {
                                                      "imageRegistryCredentials": [
                                                        "object",
                                                        {
                                                          "allowInsecureRegistry": "bool",
                                                          "providers": [
                                                            "list",
                                                            "string"
                                                          ],
                                                          "secrets": [
                                                            "list",
                                                            "string"
                                                          ]
                                                        }
                                                      ],
                                                      "jmesPath": "string",
                                                      "reference": "string"
                                                    }
                                                  ],
                                                  "name": "string",
                                                  "variable": [
                                                    "object",
                                                    {
                                                      "default": "dynamic",
                                                      "jmesPath": "string",
                                                      "value": "dynamic"
                                                    }
                                                  ]
                                                }
                                              ]
                                            ]
                                          ],
                                          "deny": [
                                            "object",
                                            {
                                              "conditions": "dynamic"
                                            }
                                          ],
                                          "elementScope": "bool",
                                          "foreach": "dynamic",
                                          "list": "string",
                                          "pattern": "dynamic",
                                          "preconditions": [
                                            "object",
                                            {
                                              "all": [
                                                "tuple",
                                                [
                                                  [
                                                    "object",
                                                    {
                                                      "key": "dynamic",
                                                      "message": "string",
                                                      "operator": "string",
                                                      "value": "dynamic"
                                                    }
                                                  ]
                                                ]
                                              ],
                                              "any": [
                                                "tuple",
                                                [
                                                  [
                                                    "object",
                                                    {
                                                      "key": "dynamic",
                                                      "message": "string",
                                                      "operator": "string",
                                                      "value": "dynamic"
                                                    }
                                                  ]
                                                ]
                                              ]
                                            }
                                          ]
                                        }
                                      ]
                                    ]
                                  ],
                                  "manifests": [
                                    "object",
                                    {
                                      "annotationDomain": "string",
                                      "attestors": [
                                        "tuple",
                                        [
                                          [
                                            "object",
                                            {
                                              "count": "number",
                                              "entries": [
                                                "tuple",
                                                [
                                                  [
                                                    "object",
                                                    {
                                                      "annotations": [
                                                        "map",
                                                        "string"
                                                      ],
                                                      "attestor": "dynamic",
                                                      "certificates": [
                                                        "object",
                                                        {
                                                          "cert": "string",
                                                          "certChain": "string",
                                                          "ctlog": [
                                                            "object",
                                                            {
                                                              "ignoreSCT": "bool",
                                                              "pubkey": "string"
                                                            }
                                                          ],
                                                          "rekor": [
                                                            "object",
                                                            {
                                                              "ignoreTlog": "bool",
                                                              "pubkey": "string",
                                                              "url": "string"
                                                            }
                                                          ]
                                                        }
                                                      ],
                                                      "keyless": [
                                                        "object",
                                                        {
                                                          "additionalExtensions": [
                                                            "map",
                                                            "string"
                                                          ],
                                                          "ctlog": [
                                                            "object",
                                                            {
                                                              "ignoreSCT": "bool",
                                                              "pubkey": "string"
                                                            }
                                                          ],
                                                          "issuer": "string",
                                                          "rekor": [
                                                            "object",
                                                            {
                                                              "ignoreTlog": "bool",
                                                              "pubkey": "string",
                                                              "url": "string"
                                                            }
                                                          ],
                                                          "roots": "string",
                                                          "subject": "string"
                                                        }
                                                      ],
                                                      "keys": [
                                                        "object",
                                                        {
                                                          "ctlog": [
                                                            "object",
                                                            {
                                                              "ignoreSCT": "bool",
                                                              "pubkey": "string"
                                                            }
                                                          ],
                                                          "kms": "string",
                                                          "publicKeys": "string",
                                                          "rekor": [
                                                            "object",
                                                            {
                                                              "ignoreTlog": "bool",
                                                              "pubkey": "string",
                                                              "url": "string"
                                                            }
                                                          ],
                                                          "secret": [
                                                            "object",
                                                            {
                                                              "name": "string",
                                                              "namespace": "string"
                                                            }
                                                          ],
                                                          "signatureAlgorithm": "string"
                                                        }
                                                      ],
                                                      "repository": "string"
                                                    }
                                                  ]
                                                ]
                                              ]
                                            }
                                          ]
                                        ]
                                      ],
                                      "dryRun": [
                                        "object",
                                        {
                                          "enable": "bool",
                                          "namespace": "string"
                                        }
                                      ],
                                      "ignoreFields": [
                                        "list",
                                        [
                                          "object",
                                          {
                                            "fields": [
                                              "list",
                                              "string"
                                            ],
                                            "objects": [
                                              "list",
                                              [
                                                "object",
                                                {
                                                  "group": "string",
                                                  "kind": "string",
                                                  "name": "string",
                                                  "namespace": "string",
                                                  "version": "string"
                                                }
                                              ]
                                            ]
                                          }
                                        ]
                                      ],
                                      "repository": "string"
                                    }
                                  ],
                                  "message": "string",
                                  "pattern": "dynamic",
                                  "podSecurity": [
                                    "object",
                                    {
                                      "exclude": [
                                        "list",
                                        [
                                          "object",
                                          {
                                            "controlName": "string",
                                            "images": [
                                              "list",
                                              "string"
                                            ]
                                          }
                                        ]
                                      ],
                                      "level": "string",
                                      "version": "string"
                                    }
                                  ]
                                }
                              ],
                              "verifyImages": [
                                "tuple",
                                [
                                  [
                                    "object",
                                    {
                                      "additionalExtensions": [
                                        "map",
                                        "string"
                                      ],
                                      "annotations": [
                                        "map",
                                        "string"
                                      ],
                                      "attestations": [
                                        "tuple",
                                        [
                                          [
                                            "object",
                                            {
                                              "attestors": [
                                                "tuple",
                                                [
                                                  [
                                                    "object",
                                                    {
                                                      "count": "number",
                                                      "entries": [
                                                        "tuple",
                                                        [
                                                          [
                                                            "object",
                                                            {
                                                              "annotations": [
                                                                "map",
                                                                "string"
                                                              ],
                                                              "attestor": "dynamic",
                                                              "certificates": [
                                                                "object",
                                                                {
                                                                  "cert": "string",
                                                                  "certChain": "string",
                                                                  "ctlog": [
                                                                    "object",
                                                                    {
                                                                      "ignoreSCT": "bool",
                                                                      "pubkey": "string"
                                                                    }
                                                                  ],
                                                                  "rekor": [
                                                                    "object",
                                                                    {
                                                                      "ignoreTlog": "bool",
                                                                      "pubkey": "string",
                                                                      "url": "string"
                                                                    }
                                                                  ]
                                                                }
                                                              ],
                                                              "keyless": [
                                                                "object",
                                                                {
                                                                  "additionalExtensions": [
                                                                    "map",
                                                                    "string"
                                                                  ],
                                                                  "ctlog": [
                                                                    "object",
                                                                    {
                                                                      "ignoreSCT": "bool",
                                                                      "pubkey": "string"
                                                                    }
                                                                  ],
                                                                  "issuer": "string",
                                                                  "rekor": [
                                                                    "object",
                                                                    {
                                                                      "ignoreTlog": "bool",
                                                                      "pubkey": "string",
                                                                      "url": "string"
                                                                    }
                                                                  ],
                                                                  "roots": "string",
                                                                  "subject": "string"
                                                                }
                                                              ],
                                                              "keys": [
                                                                "object",
                                                                {
                                                                  "ctlog": [
                                                                    "object",
                                                                    {
                                                                      "ignoreSCT": "bool",
                                                                      "pubkey": "string"
                                                                    }
                                                                  ],
                                                                  "kms": "string",
                                                                  "publicKeys": "string",
                                                                  "rekor": [
                                                                    "object",
                                                                    {
                                                                      "ignoreTlog": "bool",
                                                                      "pubkey": "string",
                                                                      "url": "string"
                                                                    }
                                                                  ],
                                                                  "secret": [
                                                                    "object",
                                                                    {
                                                                      "name": "string",
                                                                      "namespace": "string"
                                                                    }
                                                                  ],
                                                                  "signatureAlgorithm": "string"
                                                                }
                                                              ],
                                                              "repository": "string"
                                                            }
                                                          ]
                                                        ]
                                                      ]
                                                    }
                                                  ]
                                                ]
                                              ],
                                              "conditions": [
                                                "tuple",
                                                [
                                                  [
                                                    "object",
                                                    {
                                                      "all": [
                                                        "tuple",
                                                        [
                                                          [
                                                            "object",
                                                            {
                                                              "key": "dynamic",
                                                              "message": "string",
                                                              "operator": "string",
                                                              "value": "dynamic"
                                                            }
                                                          ]
                                                        ]
                                                      ],
                                                      "any": [
                                                        "tuple",
                                                        [
                                                          [
                                                            "object",
                                                            {
                                                              "key": "dynamic",
                                                              "message": "string",
                                                              "operator": "string",
                                                              "value": "dynamic"
                                                            }
                                                          ]
                                                        ]
                                                      ]
                                                    }
                                                  ]
                                                ]
                                              ],
                                              "predicateType": "string",
                                              "type": "string"
                                            }
                                          ]
                                        ]
                                      ],
                                      "attestors": [
                                        "tuple",
                                        [
                                          [
                                            "object",
                                            {
                                              "count": "number",
                                              "entries": [
                                                "tuple",
                                                [
                                                  [
                                                    "object",
                                                    {
                                                      "annotations": [
                                                        "map",
                                                        "string"
                                                      ],
                                                      "attestor": "dynamic",
                                                      "certificates": [
                                                        "object",
                                                        {
                                                          "cert": "string",
                                                          "certChain": "string",
                                                          "ctlog": [
                                                            "object",
                                                            {
                                                              "ignoreSCT": "bool",
                                                              "pubkey": "string"
                                                            }
                                                          ],
                                                          "rekor": [
                                                            "object",
                                                            {
                                                              "ignoreTlog": "bool",
                                                              "pubkey": "string",
                                                              "url": "string"
                                                            }
                                                          ]
                                                        }
                                                      ],
                                                      "keyless": [
                                                        "object",
                                                        {
                                                          "additionalExtensions": [
                                                            "map",
                                                            "string"
                                                          ],
                                                          "ctlog": [
                                                            "object",
                                                            {
                                                              "ignoreSCT": "bool",
                                                              "pubkey": "string"
                                                            }
                                                          ],
                                                          "issuer": "string",
                                                          "rekor": [
                                                            "object",
                                                            {
                                                              "ignoreTlog": "bool",
                                                              "pubkey": "string",
                                                              "url": "string"
                                                            }
                                                          ],
                                                          "roots": "string",
                                                          "subject": "string"
                                                        }
                                                      ],
                                                      "keys": [
                                                        "object",
                                                        {
                                                          "ctlog": [
                                                            "object",
                                                            {
                                                              "ignoreSCT": "bool",
                                                              "pubkey": "string"
                                                            }
                                                          ],
                                                          "kms": "string",
                                                          "publicKeys": "string",
                                                          "rekor": [
                                                            "object",
                                                            {
                                                              "ignoreTlog": "bool",
                                                              "pubkey": "string",
                                                              "url": "string"
                                                            }
                                                          ],
                                                          "secret": [
                                                            "object",
                                                            {
                                                              "name": "string",
                                                              "namespace": "string"
                                                            }
                                                          ],
                                                          "signatureAlgorithm": "string"
                                                        }
                                                      ],
                                                      "repository": "string"
                                                    }
                                                  ]
                                                ]
                                              ]
                                            }
                                          ]
                                        ]
                                      ],
                                      "image": "string",
                                      "imageReferences": [
                                        "list",
                                        "string"
                                      ],
                                      "imageRegistryCredentials": [
                                        "object",
                                        {
                                          "allowInsecureRegistry": "bool",
                                          "providers": [
                                            "list",
                                            "string"
                                          ],
                                          "secrets": [
                                            "list",
                                            "string"
                                          ]
                                        }
                                      ],
                                      "issuer": "string",
                                      "key": "string",
                                      "mutateDigest": "bool",
                                      "repository": "string",
                                      "required": "bool",
                                      "roots": "string",
                                      "subject": "string",
                                      "type": "string",
                                      "useCache": "bool",
                                      "verifyDigest": "bool"
                                    }
                                  ]
                                ]
                              ]
                            }
                          ]
                        ]
                      ],
                      "schemaValidation": "bool",
                      "useServerSideApply": "bool",
                      "validationFailureAction": "string",
                      "validationFailureActionOverrides": [
                        "list",
                        [
                          "object",
                          {
                            "action": "string",
                            "namespaceSelector": [
                              "object",
                              {
                                "matchExpressions": [
                                  "list",
                                  [
                                    "object",
                                    {
                                      "key": "string",
                                      "operator": "string",
                                      "values": [
                                        "list",
                                        "string"
                                      ]
                                    }
                                  ]
                                ],
                                "matchLabels": [
                                  "map",
                                  "string"
                                ]
                              }
                            ],
                            "namespaces": [
                              "list",
                              "string"
                            ]
                          }
                        ]
                      ],
                      "webhookTimeoutSeconds": "number"
                    }
                  ]
                }
              ]
            },
            "timeouts": [],
            "wait": [],
            "wait_for": null
          },
          "sensitive_attributes": [],
          "dependencies": [
            "helm_release.kyverno",
            "helm_release.kyverno-policies",
            "kubernetes_namespace_v1.kyverno"
          ]
        }
      ]
    },
    {
      "mode": "managed",
      "type": "kubernetes_manifest",
      "name": "cluster-polycy_pod-qos-guaranted",
      "provider": "provider[\"registry.terraform.io/hashicorp/kubernetes\"]",
      "instances": [
        {
          "schema_version": 1,
          "attributes": {
            "computed_fields": null,
            "field_manager": [],
            "manifest": {
              "value": {
                "apiVersion": "kyverno.io/v1",
                "kind": "ClusterPolicy",
                "metadata": {
                  "annotations": {
                    "policies.kyverno.io/category": "Other, Multi-Tenancy",
                    "policies.kyverno.io/description": "Pod Quality of Service (QoS) is a mechanism to ensure Pods receive certain priority guarantees based upon the resources they define. When Pods define both requests and limits for both memory and CPU, and the requests and limits are equal to each other, Kubernetes grants the QoS class as guaranteed which allows them to run at a higher priority than others. This policy requires that all containers within a Pod run with this definition resulting in a guaranteed QoS. This policy is provided with the intention that users will need to control its scope by using exclusions, preconditions, and other policy language mechanisms.",
                    "policies.kyverno.io/severity": "medium",
                    "policies.kyverno.io/subject": "Pod",
                    "policies.kyverno.io/title": "Require QoS Guaranteed"
                  },
                  "name": "require-qos-guaranteed"
                },
                "spec": {
                  "background": true,
                  "rules": [
                    {
                      "match": {
                        "any": [
                          {
                            "resources": {
                              "kinds": [
                                "Pod"
                              ]
                            }
                          }
                        ]
                      },
                      "name": "guaranteed",
                      "validate": {
                        "foreach": [
                          {
                            "list": "request.object.spec.containers",
                            "pattern": {
                              "resources": {
                                "limits": {
                                  "cpu": "{{element.resources.requests.cpu}}",
                                  "memory": "{{element.resources.requests.memory}}"
                                },
                                "requests": {
                                  "cpu": "?*",
                                  "memory": "?*"
                                }
                              }
                            }
                          }
                        ],
                        "message": "All containers must define memory and CPU requests and limits where they are equal."
                      }
                    }
                  ],
                  "validationFailureAction": "audit"
                }
              },
              "type": [
                "object",
                {
                  "apiVersion": "string",
                  "kind": "string",
                  "metadata": [
                    "object",
                    {
                      "annotations": [
                        "object",
                        {
                          "policies.kyverno.io/category": "string",
                          "policies.kyverno.io/description": "string",
                          "policies.kyverno.io/severity": "string",
                          "policies.kyverno.io/subject": "string",
                          "policies.kyverno.io/title": "string"
                        }
                      ],
                      "name": "string"
                    }
                  ],
                  "spec": [
                    "object",
                    {
                      "background": "bool",
                      "rules": [
                        "tuple",
                        [
                          [
                            "object",
                            {
                              "match": [
                                "object",
                                {
                                  "any": [
                                    "tuple",
                                    [
                                      [
                                        "object",
                                        {
                                          "resources": [
                                            "object",
                                            {
                                              "kinds": [
                                                "tuple",
                                                [
                                                  "string"
                                                ]
                                              ]
                                            }
                                          ]
                                        }
                                      ]
                                    ]
                                  ]
                                }
                              ],
                              "name": "string",
                              "validate": [
                                "object",
                                {
                                  "foreach": [
                                    "tuple",
                                    [
                                      [
                                        "object",
                                        {
                                          "list": "string",
                                          "pattern": [
                                            "object",
                                            {
                                              "resources": [
                                                "object",
                                                {
                                                  "limits": [
                                                    "object",
                                                    {
                                                      "cpu": "string",
                                                      "memory": "string"
                                                    }
                                                  ],
                                                  "requests": [
                                                    "object",
                                                    {
                                                      "cpu": "string",
                                                      "memory": "string"
                                                    }
                                                  ]
                                                }
                                              ]
                                            }
                                          ]
                                        }
                                      ]
                                    ]
                                  ],
                                  "message": "string"
                                }
                              ]
                            }
                          ]
                        ]
                      ],
                      "validationFailureAction": "string"
                    }
                  ]
                }
              ]
            },
            "object": {
              "value": {
                "apiVersion": "kyverno.io/v1",
                "kind": "ClusterPolicy",
                "metadata": {
                  "annotations": {
                    "policies.kyverno.io/category": "Other, Multi-Tenancy",
                    "policies.kyverno.io/description": "Pod Quality of Service (QoS) is a mechanism to ensure Pods receive certain priority guarantees based upon the resources they define. When Pods define both requests and limits for both memory and CPU, and the requests and limits are equal to each other, Kubernetes grants the QoS class as guaranteed which allows them to run at a higher priority than others. This policy requires that all containers within a Pod run with this definition resulting in a guaranteed QoS. This policy is provided with the intention that users will need to control its scope by using exclusions, preconditions, and other policy language mechanisms.",
                    "policies.kyverno.io/severity": "medium",
                    "policies.kyverno.io/subject": "Pod",
                    "policies.kyverno.io/title": "Require QoS Guaranteed"
                  },
                  "creationTimestamp": null,
                  "deletionGracePeriodSeconds": null,
                  "deletionTimestamp": null,
                  "finalizers": null,
                  "generateName": null,
                  "generation": null,
                  "labels": null,
                  "managedFields": null,
                  "name": "require-qos-guaranteed",
                  "namespace": null,
                  "ownerReferences": null,
                  "resourceVersion": null,
                  "selfLink": null,
                  "uid": null
                },
                "spec": {
                  "admission": true,
                  "applyRules": null,
                  "background": true,
                  "failurePolicy": null,
                  "generateExisting": null,
                  "generateExistingOnPolicyUpdate": null,
                  "mutateExistingOnPolicyUpdate": null,
                  "rules": [
                    {
                      "celPreconditions": null,
                      "context": null,
                      "exclude": {
                        "all": null,
                        "any": null,
                        "clusterRoles": null,
                        "resources": {
                          "annotations": null,
                          "kinds": null,
                          "name": null,
                          "names": null,
                          "namespaceSelector": {
                            "matchExpressions": null,
                            "matchLabels": null
                          },
                          "namespaces": null,
                          "operations": null,
                          "selector": {
                            "matchExpressions": null,
                            "matchLabels": null
                          }
                        },
                        "roles": null,
                        "subjects": null
                      },
                      "generate": {
                        "apiVersion": null,
                        "clone": {
                          "name": null,
                          "namespace": null
                        },
                        "cloneList": {
                          "kinds": null,
                          "namespace": null,
                          "selector": {
                            "matchExpressions": null,
                            "matchLabels": null
                          }
                        },
                        "data": null,
                        "kind": null,
                        "name": null,
                        "namespace": null,
                        "synchronize": null,
                        "uid": null
                      },
                      "imageExtractors": null,
                      "match": {
                        "all": null,
                        "any": [
                          {
                            "clusterRoles": null,
                            "resources": {
                              "annotations": null,
                              "kinds": [
                                "Pod"
                              ],
                              "name": null,
                              "names": null,
                              "namespaceSelector": {
                                "matchExpressions": null,
                                "matchLabels": null
                              },
                              "namespaces": null,
                              "operations": null,
                              "selector": {
                                "matchExpressions": null,
                                "matchLabels": null
                              }
                            },
                            "roles": null,
                            "subjects": null
                          }
                        ],
                        "clusterRoles": null,
                        "resources": {
                          "annotations": null,
                          "kinds": null,
                          "name": null,
                          "names": null,
                          "namespaceSelector": {
                            "matchExpressions": null,
                            "matchLabels": null
                          },
                          "namespaces": null,
                          "operations": null,
                          "selector": {
                            "matchExpressions": null,
                            "matchLabels": null
                          }
                        },
                        "roles": null,
                        "subjects": null
                      },
                      "mutate": {
                        "foreach": null,
                        "patchStrategicMerge": null,
                        "patchesJson6902": null,
                        "targets": null
                      },
                      "name": "guaranteed",
                      "preconditions": null,
                      "skipBackgroundRequests": true,
                      "validate": {
                        "anyPattern": null,
                        "cel": {
                          "auditAnnotations": null,
                          "expressions": null,
                          "paramKind": {
                            "apiVersion": null,
                            "kind": null
                          },
                          "paramRef": {
                            "name": null,
                            "namespace": null,
                            "parameterNotFoundAction": null,
                            "selector": {
                              "matchExpressions": null,
                              "matchLabels": null
                            }
                          },
                          "variables": null
                        },
                        "deny": {
                          "conditions": null
                        },
                        "foreach": [
                          {
                            "anyPattern": null,
                            "context": null,
                            "deny": {
                              "conditions": null
                            },
                            "elementScope": null,
                            "foreach": null,
                            "list": "request.object.spec.containers",
                            "pattern": {
                              "resources": {
                                "limits": {
                                  "cpu": "{{element.resources.requests.cpu}}",
                                  "memory": "{{element.resources.requests.memory}}"
                                },
                                "requests": {
                                  "cpu": "?*",
                                  "memory": "?*"
                                }
                              }
                            },
                            "preconditions": {
                              "all": null,
                              "any": null
                            }
                          }
                        ],
                        "manifests": {
                          "annotationDomain": null,
                          "attestors": null,
                          "dryRun": {
                            "enable": null,
                            "namespace": null
                          },
                          "ignoreFields": null,
                          "repository": null
                        },
                        "message": "All containers must define memory and CPU requests and limits where they are equal.",
                        "pattern": null,
                        "podSecurity": {
                          "exclude": null,
                          "level": null,
                          "version": null
                        }
                      },
                      "verifyImages": null
                    }
                  ],
                  "schemaValidation": null,
                  "useServerSideApply": null,
                  "validationFailureAction": "audit",
                  "validationFailureActionOverrides": null,
                  "webhookTimeoutSeconds": null
                }
              },
              "type": [
                "object",
                {
                  "apiVersion": "string",
                  "kind": "string",
                  "metadata": [
                    "object",
                    {
                      "annotations": [
                        "map",
                        "string"
                      ],
                      "creationTimestamp": "string",
                      "deletionGracePeriodSeconds": "number",
                      "deletionTimestamp": "string",
                      "finalizers": [
                        "list",
                        "string"
                      ],
                      "generateName": "string",
                      "generation": "number",
                      "labels": [
                        "map",
                        "string"
                      ],
                      "managedFields": [
                        "tuple",
                        [
                          [
                            "object",
                            {
                              "apiVersion": "string",
                              "fieldsType": "string",
                              "fieldsV1": "dynamic",
                              "manager": "string",
                              "operation": "string",
                              "subresource": "string",
                              "time": "string"
                            }
                          ]
                        ]
                      ],
                      "name": "string",
                      "namespace": "string",
                      "ownerReferences": [
                        "list",
                        [
                          "object",
                          {
                            "apiVersion": "string",
                            "blockOwnerDeletion": "bool",
                            "controller": "bool",
                            "kind": "string",
                            "name": "string",
                            "uid": "string"
                          }
                        ]
                      ],
                      "resourceVersion": "string",
                      "selfLink": "string",
                      "uid": "string"
                    }
                  ],
                  "spec": [
                    "object",
                    {
                      "admission": "bool",
                      "applyRules": "string",
                      "background": "bool",
                      "failurePolicy": "string",
                      "generateExisting": "bool",
                      "generateExistingOnPolicyUpdate": "bool",
                      "mutateExistingOnPolicyUpdate": "bool",
                      "rules": [
                        "tuple",
                        [
                          [
                            "object",
                            {
                              "celPreconditions": [
                                "list",
                                [
                                  "object",
                                  {
                                    "expression": "string",
                                    "name": "string"
                                  }
                                ]
                              ],
                              "context": [
                                "tuple",
                                [
                                  [
                                    "object",
                                    {
                                      "apiCall": [
                                        "object",
                                        {
                                          "data": [
                                            "tuple",
                                            [
                                              [
                                                "object",
                                                {
                                                  "key": "string",
                                                  "value": "dynamic"
                                                }
                                              ]
                                            ]
                                          ],
                                          "jmesPath": "string",
                                          "method": "string",
                                          "service": [
                                            "object",
                                            {
                                              "caBundle": "string",
                                              "url": "string"
                                            }
                                          ],
                                          "urlPath": "string"
                                        }
                                      ],
                                      "configMap": [
                                        "object",
                                        {
                                          "name": "string",
                                          "namespace": "string"
                                        }
                                      ],
                                      "imageRegistry": [
                                        "object",
                                        {
                                          "imageRegistryCredentials": [
                                            "object",
                                            {
                                              "allowInsecureRegistry": "bool",
                                              "providers": [
                                                "list",
                                                "string"
                                              ],
                                              "secrets": [
                                                "list",
                                                "string"
                                              ]
                                            }
                                          ],
                                          "jmesPath": "string",
                                          "reference": "string"
                                        }
                                      ],
                                      "name": "string",
                                      "variable": [
                                        "object",
                                        {
                                          "default": "dynamic",
                                          "jmesPath": "string",
                                          "value": "dynamic"
                                        }
                                      ]
                                    }
                                  ]
                                ]
                              ],
                              "exclude": [
                                "object",
                                {
                                  "all": [
                                    "list",
                                    [
                                      "object",
                                      {
                                        "clusterRoles": [
                                          "list",
                                          "string"
                                        ],
                                        "resources": [
                                          "object",
                                          {
                                            "annotations": [
                                              "map",
                                              "string"
                                            ],
                                            "kinds": [
                                              "list",
                                              "string"
                                            ],
                                            "name": "string",
                                            "names": [
                                              "list",
                                              "string"
                                            ],
                                            "namespaceSelector": [
                                              "object",
                                              {
                                                "matchExpressions": [
                                                  "list",
                                                  [
                                                    "object",
                                                    {
                                                      "key": "string",
                                                      "operator": "string",
                                                      "values": [
                                                        "list",
                                                        "string"
                                                      ]
                                                    }
                                                  ]
                                                ],
                                                "matchLabels": [
                                                  "map",
                                                  "string"
                                                ]
                                              }
                                            ],
                                            "namespaces": [
                                              "list",
                                              "string"
                                            ],
                                            "operations": [
                                              "list",
                                              "string"
                                            ],
                                            "selector": [
                                              "object",
                                              {
                                                "matchExpressions": [
                                                  "list",
                                                  [
                                                    "object",
                                                    {
                                                      "key": "string",
                                                      "operator": "string",
                                                      "values": [
                                                        "list",
                                                        "string"
                                                      ]
                                                    }
                                                  ]
                                                ],
                                                "matchLabels": [
                                                  "map",
                                                  "string"
                                                ]
                                              }
                                            ]
                                          }
                                        ],
                                        "roles": [
                                          "list",
                                          "string"
                                        ],
                                        "subjects": [
                                          "list",
                                          [
                                            "object",
                                            {
                                              "apiGroup": "string",
                                              "kind": "string",
                                              "name": "string",
                                              "namespace": "string"
                                            }
                                          ]
                                        ]
                                      }
                                    ]
                                  ],
                                  "any": [
                                    "list",
                                    [
                                      "object",
                                      {
                                        "clusterRoles": [
                                          "list",
                                          "string"
                                        ],
                                        "resources": [
                                          "object",
                                          {
                                            "annotations": [
                                              "map",
                                              "string"
                                            ],
                                            "kinds": [
                                              "list",
                                              "string"
                                            ],
                                            "name": "string",
                                            "names": [
                                              "list",
                                              "string"
                                            ],
                                            "namespaceSelector": [
                                              "object",
                                              {
                                                "matchExpressions": [
                                                  "list",
                                                  [
                                                    "object",
                                                    {
                                                      "key": "string",
                                                      "operator": "string",
                                                      "values": [
                                                        "list",
                                                        "string"
                                                      ]
                                                    }
                                                  ]
                                                ],
                                                "matchLabels": [
                                                  "map",
                                                  "string"
                                                ]
                                              }
                                            ],
                                            "namespaces": [
                                              "list",
                                              "string"
                                            ],
                                            "operations": [
                                              "list",
                                              "string"
                                            ],
                                            "selector": [
                                              "object",
                                              {
                                                "matchExpressions": [
                                                  "list",
                                                  [
                                                    "object",
                                                    {
                                                      "key": "string",
                                                      "operator": "string",
                                                      "values": [
                                                        "list",
                                                        "string"
                                                      ]
                                                    }
                                                  ]
                                                ],
                                                "matchLabels": [
                                                  "map",
                                                  "string"
                                                ]
                                              }
                                            ]
                                          }
                                        ],
                                        "roles": [
                                          "list",
                                          "string"
                                        ],
                                        "subjects": [
                                          "list",
                                          [
                                            "object",
                                            {
                                              "apiGroup": "string",
                                              "kind": "string",
                                              "name": "string",
                                              "namespace": "string"
                                            }
                                          ]
                                        ]
                                      }
                                    ]
                                  ],
                                  "clusterRoles": [
                                    "list",
                                    "string"
                                  ],
                                  "resources": [
                                    "object",
                                    {
                                      "annotations": [
                                        "map",
                                        "string"
                                      ],
                                      "kinds": [
                                        "list",
                                        "string"
                                      ],
                                      "name": "string",
                                      "names": [
                                        "list",
                                        "string"
                                      ],
                                      "namespaceSelector": [
                                        "object",
                                        {
                                          "matchExpressions": [
                                            "list",
                                            [
                                              "object",
                                              {
                                                "key": "string",
                                                "operator": "string",
                                                "values": [
                                                  "list",
                                                  "string"
                                                ]
                                              }
                                            ]
                                          ],
                                          "matchLabels": [
                                            "map",
                                            "string"
                                          ]
                                        }
                                      ],
                                      "namespaces": [
                                        "list",
                                        "string"
                                      ],
                                      "operations": [
                                        "list",
                                        "string"
                                      ],
                                      "selector": [
                                        "object",
                                        {
                                          "matchExpressions": [
                                            "list",
                                            [
                                              "object",
                                              {
                                                "key": "string",
                                                "operator": "string",
                                                "values": [
                                                  "list",
                                                  "string"
                                                ]
                                              }
                                            ]
                                          ],
                                          "matchLabels": [
                                            "map",
                                            "string"
                                          ]
                                        }
                                      ]
                                    }
                                  ],
                                  "roles": [
                                    "list",
                                    "string"
                                  ],
                                  "subjects": [
                                    "list",
                                    [
                                      "object",
                                      {
                                        "apiGroup": "string",
                                        "kind": "string",
                                        "name": "string",
                                        "namespace": "string"
                                      }
                                    ]
                                  ]
                                }
                              ],
                              "generate": [
                                "object",
                                {
                                  "apiVersion": "string",
                                  "clone": [
                                    "object",
                                    {
                                      "name": "string",
                                      "namespace": "string"
                                    }
                                  ],
                                  "cloneList": [
                                    "object",
                                    {
                                      "kinds": [
                                        "list",
                                        "string"
                                      ],
                                      "namespace": "string",
                                      "selector": [
                                        "object",
                                        {
                                          "matchExpressions": [
                                            "list",
                                            [
                                              "object",
                                              {
                                                "key": "string",
                                                "operator": "string",
                                                "values": [
                                                  "list",
                                                  "string"
                                                ]
                                              }
                                            ]
                                          ],
                                          "matchLabels": [
                                            "map",
                                            "string"
                                          ]
                                        }
                                      ]
                                    }
                                  ],
                                  "data": "dynamic",
                                  "kind": "string",
                                  "name": "string",
                                  "namespace": "string",
                                  "synchronize": "bool",
                                  "uid": "string"
                                }
                              ],
                              "imageExtractors": [
                                "map",
                                [
                                  "list",
                                  [
                                    "object",
                                    {
                                      "jmesPath": "string",
                                      "key": "string",
                                      "name": "string",
                                      "path": "string",
                                      "value": "string"
                                    }
                                  ]
                                ]
                              ],
                              "match": [
                                "object",
                                {
                                  "all": [
                                    "list",
                                    [
                                      "object",
                                      {
                                        "clusterRoles": [
                                          "list",
                                          "string"
                                        ],
                                        "resources": [
                                          "object",
                                          {
                                            "annotations": [
                                              "map",
                                              "string"
                                            ],
                                            "kinds": [
                                              "list",
                                              "string"
                                            ],
                                            "name": "string",
                                            "names": [
                                              "list",
                                              "string"
                                            ],
                                            "namespaceSelector": [
                                              "object",
                                              {
                                                "matchExpressions": [
                                                  "list",
                                                  [
                                                    "object",
                                                    {
                                                      "key": "string",
                                                      "operator": "string",
                                                      "values": [
                                                        "list",
                                                        "string"
                                                      ]
                                                    }
                                                  ]
                                                ],
                                                "matchLabels": [
                                                  "map",
                                                  "string"
                                                ]
                                              }
                                            ],
                                            "namespaces": [
                                              "list",
                                              "string"
                                            ],
                                            "operations": [
                                              "list",
                                              "string"
                                            ],
                                            "selector": [
                                              "object",
                                              {
                                                "matchExpressions": [
                                                  "list",
                                                  [
                                                    "object",
                                                    {
                                                      "key": "string",
                                                      "operator": "string",
                                                      "values": [
                                                        "list",
                                                        "string"
                                                      ]
                                                    }
                                                  ]
                                                ],
                                                "matchLabels": [
                                                  "map",
                                                  "string"
                                                ]
                                              }
                                            ]
                                          }
                                        ],
                                        "roles": [
                                          "list",
                                          "string"
                                        ],
                                        "subjects": [
                                          "list",
                                          [
                                            "object",
                                            {
                                              "apiGroup": "string",
                                              "kind": "string",
                                              "name": "string",
                                              "namespace": "string"
                                            }
                                          ]
                                        ]
                                      }
                                    ]
                                  ],
                                  "any": [
                                    "list",
                                    [
                                      "object",
                                      {
                                        "clusterRoles": [
                                          "list",
                                          "string"
                                        ],
                                        "resources": [
                                          "object",
                                          {
                                            "annotations": [
                                              "map",
                                              "string"
                                            ],
                                            "kinds": [
                                              "list",
                                              "string"
                                            ],
                                            "name": "string",
                                            "names": [
                                              "list",
                                              "string"
                                            ],
                                            "namespaceSelector": [
                                              "object",
                                              {
                                                "matchExpressions": [
                                                  "list",
                                                  [
                                                    "object",
                                                    {
                                                      "key": "string",
                                                      "operator": "string",
                                                      "values": [
                                                        "list",
                                                        "string"
                                                      ]
                                                    }
                                                  ]
                                                ],
                                                "matchLabels": [
                                                  "map",
                                                  "string"
                                                ]
                                              }
                                            ],
                                            "namespaces": [
                                              "list",
                                              "string"
                                            ],
                                            "operations": [
                                              "list",
                                              "string"
                                            ],
                                            "selector": [
                                              "object",
                                              {
                                                "matchExpressions": [
                                                  "list",
                                                  [
                                                    "object",
                                                    {
                                                      "key": "string",
                                                      "operator": "string",
                                                      "values": [
                                                        "list",
                                                        "string"
                                                      ]
                                                    }
                                                  ]
                                                ],
                                                "matchLabels": [
                                                  "map",
                                                  "string"
                                                ]
                                              }
                                            ]
                                          }
                                        ],
                                        "roles": [
                                          "list",
                                          "string"
                                        ],
                                        "subjects": [
                                          "list",
                                          [
                                            "object",
                                            {
                                              "apiGroup": "string",
                                              "kind": "string",
                                              "name": "string",
                                              "namespace": "string"
                                            }
                                          ]
                                        ]
                                      }
                                    ]
                                  ],
                                  "clusterRoles": [
                                    "list",
                                    "string"
                                  ],
                                  "resources": [
                                    "object",
                                    {
                                      "annotations": [
                                        "map",
                                        "string"
                                      ],
                                      "kinds": [
                                        "list",
                                        "string"
                                      ],
                                      "name": "string",
                                      "names": [
                                        "list",
                                        "string"
                                      ],
                                      "namespaceSelector": [
                                        "object",
                                        {
                                          "matchExpressions": [
                                            "list",
                                            [
                                              "object",
                                              {
                                                "key": "string",
                                                "operator": "string",
                                                "values": [
                                                  "list",
                                                  "string"
                                                ]
                                              }
                                            ]
                                          ],
                                          "matchLabels": [
                                            "map",
                                            "string"
                                          ]
                                        }
                                      ],
                                      "namespaces": [
                                        "list",
                                        "string"
                                      ],
                                      "operations": [
                                        "list",
                                        "string"
                                      ],
                                      "selector": [
                                        "object",
                                        {
                                          "matchExpressions": [
                                            "list",
                                            [
                                              "object",
                                              {
                                                "key": "string",
                                                "operator": "string",
                                                "values": [
                                                  "list",
                                                  "string"
                                                ]
                                              }
                                            ]
                                          ],
                                          "matchLabels": [
                                            "map",
                                            "string"
                                          ]
                                        }
                                      ]
                                    }
                                  ],
                                  "roles": [
                                    "list",
                                    "string"
                                  ],
                                  "subjects": [
                                    "list",
                                    [
                                      "object",
                                      {
                                        "apiGroup": "string",
                                        "kind": "string",
                                        "name": "string",
                                        "namespace": "string"
                                      }
                                    ]
                                  ]
                                }
                              ],
                              "mutate": [
                                "object",
                                {
                                  "foreach": [
                                    "tuple",
                                    [
                                      [
                                        "object",
                                        {
                                          "context": [
                                            "tuple",
                                            [
                                              [
                                                "object",
                                                {
                                                  "apiCall": [
                                                    "object",
                                                    {
                                                      "data": [
                                                        "tuple",
                                                        [
                                                          [
                                                            "object",
                                                            {
                                                              "key": "string",
                                                              "value": "dynamic"
                                                            }
                                                          ]
                                                        ]
                                                      ],
                                                      "jmesPath": "string",
                                                      "method": "string",
                                                      "service": [
                                                        "object",
                                                        {
                                                          "caBundle": "string",
                                                          "url": "string"
                                                        }
                                                      ],
                                                      "urlPath": "string"
                                                    }
                                                  ],
                                                  "configMap": [
                                                    "object",
                                                    {
                                                      "name": "string",
                                                      "namespace": "string"
                                                    }
                                                  ],
                                                  "imageRegistry": [
                                                    "object",
                                                    {
                                                      "imageRegistryCredentials": [
                                                        "object",
                                                        {
                                                          "allowInsecureRegistry": "bool",
                                                          "providers": [
                                                            "list",
                                                            "string"
                                                          ],
                                                          "secrets": [
                                                            "list",
                                                            "string"
                                                          ]
                                                        }
                                                      ],
                                                      "jmesPath": "string",
                                                      "reference": "string"
                                                    }
                                                  ],
                                                  "name": "string",
                                                  "variable": [
                                                    "object",
                                                    {
                                                      "default": "dynamic",
                                                      "jmesPath": "string",
                                                      "value": "dynamic"
                                                    }
                                                  ]
                                                }
                                              ]
                                            ]
                                          ],
                                          "foreach": "dynamic",
                                          "list": "string",
                                          "order": "string",
                                          "patchStrategicMerge": "dynamic",
                                          "patchesJson6902": "string",
                                          "preconditions": [
                                            "object",
                                            {
                                              "all": [
                                                "tuple",
                                                [
                                                  [
                                                    "object",
                                                    {
                                                      "key": "dynamic",
                                                      "message": "string",
                                                      "operator": "string",
                                                      "value": "dynamic"
                                                    }
                                                  ]
                                                ]
                                              ],
                                              "any": [
                                                "tuple",
                                                [
                                                  [
                                                    "object",
                                                    {
                                                      "key": "dynamic",
                                                      "message": "string",
                                                      "operator": "string",
                                                      "value": "dynamic"
                                                    }
                                                  ]
                                                ]
                                              ]
                                            }
                                          ]
                                        }
                                      ]
                                    ]
                                  ],
                                  "patchStrategicMerge": "dynamic",
                                  "patchesJson6902": "string",
                                  "targets": [
                                    "tuple",
                                    [
                                      [
                                        "object",
                                        {
                                          "apiVersion": "string",
                                          "context": [
                                            "tuple",
                                            [
                                              [
                                                "object",
                                                {
                                                  "apiCall": [
                                                    "object",
                                                    {
                                                      "data": [
                                                        "tuple",
                                                        [
                                                          [
                                                            "object",
                                                            {
                                                              "key": "string",
                                                              "value": "dynamic"
                                                            }
                                                          ]
                                                        ]
                                                      ],
                                                      "jmesPath": "string",
                                                      "method": "string",
                                                      "service": [
                                                        "object",
                                                        {
                                                          "caBundle": "string",
                                                          "url": "string"
                                                        }
                                                      ],
                                                      "urlPath": "string"
                                                    }
                                                  ],
                                                  "configMap": [
                                                    "object",
                                                    {
                                                      "name": "string",
                                                      "namespace": "string"
                                                    }
                                                  ],
                                                  "imageRegistry": [
                                                    "object",
                                                    {
                                                      "imageRegistryCredentials": [
                                                        "object",
                                                        {
                                                          "allowInsecureRegistry": "bool",
                                                          "providers": [
                                                            "list",
                                                            "string"
                                                          ],
                                                          "secrets": [
                                                            "list",
                                                            "string"
                                                          ]
                                                        }
                                                      ],
                                                      "jmesPath": "string",
                                                      "reference": "string"
                                                    }
                                                  ],
                                                  "name": "string",
                                                  "variable": [
                                                    "object",
                                                    {
                                                      "default": "dynamic",
                                                      "jmesPath": "string",
                                                      "value": "dynamic"
                                                    }
                                                  ]
                                                }
                                              ]
                                            ]
                                          ],
                                          "kind": "string",
                                          "name": "string",
                                          "namespace": "string",
                                          "preconditions": "dynamic",
                                          "uid": "string"
                                        }
                                      ]
                                    ]
                                  ]
                                }
                              ],
                              "name": "string",
                              "preconditions": "dynamic",
                              "skipBackgroundRequests": "bool",
                              "validate": [
                                "object",
                                {
                                  "anyPattern": "dynamic",
                                  "cel": [
                                    "object",
                                    {
                                      "auditAnnotations": [
                                        "list",
                                        [
                                          "object",
                                          {
                                            "key": "string",
                                            "valueExpression": "string"
                                          }
                                        ]
                                      ],
                                      "expressions": [
                                        "list",
                                        [
                                          "object",
                                          {
                                            "expression": "string",
                                            "message": "string",
                                            "messageExpression": "string",
                                            "reason": "string"
                                          }
                                        ]
                                      ],
                                      "paramKind": [
                                        "object",
                                        {
                                          "apiVersion": "string",
                                          "kind": "string"
                                        }
                                      ],
                                      "paramRef": [
                                        "object",
                                        {
                                          "name": "string",
                                          "namespace": "string",
                                          "parameterNotFoundAction": "string",
                                          "selector": [
                                            "object",
                                            {
                                              "matchExpressions": [
                                                "list",
                                                [
                                                  "object",
                                                  {
                                                    "key": "string",
                                                    "operator": "string",
                                                    "values": [
                                                      "list",
                                                      "string"
                                                    ]
                                                  }
                                                ]
                                              ],
                                              "matchLabels": [
                                                "map",
                                                "string"
                                              ]
                                            }
                                          ]
                                        }
                                      ],
                                      "variables": [
                                        "list",
                                        [
                                          "object",
                                          {
                                            "expression": "string",
                                            "name": "string"
                                          }
                                        ]
                                      ]
                                    }
                                  ],
                                  "deny": [
                                    "object",
                                    {
                                      "conditions": "dynamic"
                                    }
                                  ],
                                  "foreach": [
                                    "tuple",
                                    [
                                      [
                                        "object",
                                        {
                                          "anyPattern": "dynamic",
                                          "context": [
                                            "tuple",
                                            [
                                              [
                                                "object",
                                                {
                                                  "apiCall": [
                                                    "object",
                                                    {
                                                      "data": [
                                                        "tuple",
                                                        [
                                                          [
                                                            "object",
                                                            {
                                                              "key": "string",
                                                              "value": "dynamic"
                                                            }
                                                          ]
                                                        ]
                                                      ],
                                                      "jmesPath": "string",
                                                      "method": "string",
                                                      "service": [
                                                        "object",
                                                        {
                                                          "caBundle": "string",
                                                          "url": "string"
                                                        }
                                                      ],
                                                      "urlPath": "string"
                                                    }
                                                  ],
                                                  "configMap": [
                                                    "object",
                                                    {
                                                      "name": "string",
                                                      "namespace": "string"
                                                    }
                                                  ],
                                                  "imageRegistry": [
                                                    "object",
                                                    {
                                                      "imageRegistryCredentials": [
                                                        "object",
                                                        {
                                                          "allowInsecureRegistry": "bool",
                                                          "providers": [
                                                            "list",
                                                            "string"
                                                          ],
                                                          "secrets": [
                                                            "list",
                                                            "string"
                                                          ]
                                                        }
                                                      ],
                                                      "jmesPath": "string",
                                                      "reference": "string"
                                                    }
                                                  ],
                                                  "name": "string",
                                                  "variable": [
                                                    "object",
                                                    {
                                                      "default": "dynamic",
                                                      "jmesPath": "string",
                                                      "value": "dynamic"
                                                    }
                                                  ]
                                                }
                                              ]
                                            ]
                                          ],
                                          "deny": [
                                            "object",
                                            {
                                              "conditions": "dynamic"
                                            }
                                          ],
                                          "elementScope": "bool",
                                          "foreach": "dynamic",
                                          "list": "string",
                                          "pattern": [
                                            "object",
                                            {
                                              "resources": [
                                                "object",
                                                {
                                                  "limits": [
                                                    "object",
                                                    {
                                                      "cpu": "string",
                                                      "memory": "string"
                                                    }
                                                  ],
                                                  "requests": [
                                                    "object",
                                                    {
                                                      "cpu": "string",
                                                      "memory": "string"
                                                    }
                                                  ]
                                                }
                                              ]
                                            }
                                          ],
                                          "preconditions": [
                                            "object",
                                            {
                                              "all": [
                                                "tuple",
                                                [
                                                  [
                                                    "object",
                                                    {
                                                      "key": "dynamic",
                                                      "message": "string",
                                                      "operator": "string",
                                                      "value": "dynamic"
                                                    }
                                                  ]
                                                ]
                                              ],
                                              "any": [
                                                "tuple",
                                                [
                                                  [
                                                    "object",
                                                    {
                                                      "key": "dynamic",
                                                      "message": "string",
                                                      "operator": "string",
                                                      "value": "dynamic"
                                                    }
                                                  ]
                                                ]
                                              ]
                                            }
                                          ]
                                        }
                                      ]
                                    ]
                                  ],
                                  "manifests": [
                                    "object",
                                    {
                                      "annotationDomain": "string",
                                      "attestors": [
                                        "tuple",
                                        [
                                          [
                                            "object",
                                            {
                                              "count": "number",
                                              "entries": [
                                                "tuple",
                                                [
                                                  [
                                                    "object",
                                                    {
                                                      "annotations": [
                                                        "map",
                                                        "string"
                                                      ],
                                                      "attestor": "dynamic",
                                                      "certificates": [
                                                        "object",
                                                        {
                                                          "cert": "string",
                                                          "certChain": "string",
                                                          "ctlog": [
                                                            "object",
                                                            {
                                                              "ignoreSCT": "bool",
                                                              "pubkey": "string"
                                                            }
                                                          ],
                                                          "rekor": [
                                                            "object",
                                                            {
                                                              "ignoreTlog": "bool",
                                                              "pubkey": "string",
                                                              "url": "string"
                                                            }
                                                          ]
                                                        }
                                                      ],
                                                      "keyless": [
                                                        "object",
                                                        {
                                                          "additionalExtensions": [
                                                            "map",
                                                            "string"
                                                          ],
                                                          "ctlog": [
                                                            "object",
                                                            {
                                                              "ignoreSCT": "bool",
                                                              "pubkey": "string"
                                                            }
                                                          ],
                                                          "issuer": "string",
                                                          "rekor": [
                                                            "object",
                                                            {
                                                              "ignoreTlog": "bool",
                                                              "pubkey": "string",
                                                              "url": "string"
                                                            }
                                                          ],
                                                          "roots": "string",
                                                          "subject": "string"
                                                        }
                                                      ],
                                                      "keys": [
                                                        "object",
                                                        {
                                                          "ctlog": [
                                                            "object",
                                                            {
                                                              "ignoreSCT": "bool",
                                                              "pubkey": "string"
                                                            }
                                                          ],
                                                          "kms": "string",
                                                          "publicKeys": "string",
                                                          "rekor": [
                                                            "object",
                                                            {
                                                              "ignoreTlog": "bool",
                                                              "pubkey": "string",
                                                              "url": "string"
                                                            }
                                                          ],
                                                          "secret": [
                                                            "object",
                                                            {
                                                              "name": "string",
                                                              "namespace": "string"
                                                            }
                                                          ],
                                                          "signatureAlgorithm": "string"
                                                        }
                                                      ],
                                                      "repository": "string"
                                                    }
                                                  ]
                                                ]
                                              ]
                                            }
                                          ]
                                        ]
                                      ],
                                      "dryRun": [
                                        "object",
                                        {
                                          "enable": "bool",
                                          "namespace": "string"
                                        }
                                      ],
                                      "ignoreFields": [
                                        "list",
                                        [
                                          "object",
                                          {
                                            "fields": [
                                              "list",
                                              "string"
                                            ],
                                            "objects": [
                                              "list",
                                              [
                                                "object",
                                                {
                                                  "group": "string",
                                                  "kind": "string",
                                                  "name": "string",
                                                  "namespace": "string",
                                                  "version": "string"
                                                }
                                              ]
                                            ]
                                          }
                                        ]
                                      ],
                                      "repository": "string"
                                    }
                                  ],
                                  "message": "string",
                                  "pattern": "dynamic",
                                  "podSecurity": [
                                    "object",
                                    {
                                      "exclude": [
                                        "list",
                                        [
                                          "object",
                                          {
                                            "controlName": "string",
                                            "images": [
                                              "list",
                                              "string"
                                            ]
                                          }
                                        ]
                                      ],
                                      "level": "string",
                                      "version": "string"
                                    }
                                  ]
                                }
                              ],
                              "verifyImages": [
                                "tuple",
                                [
                                  [
                                    "object",
                                    {
                                      "additionalExtensions": [
                                        "map",
                                        "string"
                                      ],
                                      "annotations": [
                                        "map",
                                        "string"
                                      ],
                                      "attestations": [
                                        "tuple",
                                        [
                                          [
                                            "object",
                                            {
                                              "attestors": [
                                                "tuple",
                                                [
                                                  [
                                                    "object",
                                                    {
                                                      "count": "number",
                                                      "entries": [
                                                        "tuple",
                                                        [
                                                          [
                                                            "object",
                                                            {
                                                              "annotations": [
                                                                "map",
                                                                "string"
                                                              ],
                                                              "attestor": "dynamic",
                                                              "certificates": [
                                                                "object",
                                                                {
                                                                  "cert": "string",
                                                                  "certChain": "string",
                                                                  "ctlog": [
                                                                    "object",
                                                                    {
                                                                      "ignoreSCT": "bool",
                                                                      "pubkey": "string"
                                                                    }
                                                                  ],
                                                                  "rekor": [
                                                                    "object",
                                                                    {
                                                                      "ignoreTlog": "bool",
                                                                      "pubkey": "string",
                                                                      "url": "string"
                                                                    }
                                                                  ]
                                                                }
                                                              ],
                                                              "keyless": [
                                                                "object",
                                                                {
                                                                  "additionalExtensions": [
                                                                    "map",
                                                                    "string"
                                                                  ],
                                                                  "ctlog": [
                                                                    "object",
                                                                    {
                                                                      "ignoreSCT": "bool",
                                                                      "pubkey": "string"
                                                                    }
                                                                  ],
                                                                  "issuer": "string",
                                                                  "rekor": [
                                                                    "object",
                                                                    {
                                                                      "ignoreTlog": "bool",
                                                                      "pubkey": "string",
                                                                      "url": "string"
                                                                    }
                                                                  ],
                                                                  "roots": "string",
                                                                  "subject": "string"
                                                                }
                                                              ],
                                                              "keys": [
                                                                "object",
                                                                {
                                                                  "ctlog": [
                                                                    "object",
                                                                    {
                                                                      "ignoreSCT": "bool",
                                                                      "pubkey": "string"
                                                                    }
                                                                  ],
                                                                  "kms": "string",
                                                                  "publicKeys": "string",
                                                                  "rekor": [
                                                                    "object",
                                                                    {
                                                                      "ignoreTlog": "bool",
                                                                      "pubkey": "string",
                                                                      "url": "string"
                                                                    }
                                                                  ],
                                                                  "secret": [
                                                                    "object",
                                                                    {
                                                                      "name": "string",
                                                                      "namespace": "string"
                                                                    }
                                                                  ],
                                                                  "signatureAlgorithm": "string"
                                                                }
                                                              ],
                                                              "repository": "string"
                                                            }
                                                          ]
                                                        ]
                                                      ]
                                                    }
                                                  ]
                                                ]
                                              ],
                                              "conditions": [
                                                "tuple",
                                                [
                                                  [
                                                    "object",
                                                    {
                                                      "all": [
                                                        "tuple",
                                                        [
                                                          [
                                                            "object",
                                                            {
                                                              "key": "dynamic",
                                                              "message": "string",
                                                              "operator": "string",
                                                              "value": "dynamic"
                                                            }
                                                          ]
                                                        ]
                                                      ],
                                                      "any": [
                                                        "tuple",
                                                        [
                                                          [
                                                            "object",
                                                            {
                                                              "key": "dynamic",
                                                              "message": "string",
                                                              "operator": "string",
                                                              "value": "dynamic"
                                                            }
                                                          ]
                                                        ]
                                                      ]
                                                    }
                                                  ]
                                                ]
                                              ],
                                              "predicateType": "string",
                                              "type": "string"
                                            }
                                          ]
                                        ]
                                      ],
                                      "attestors": [
                                        "tuple",
                                        [
                                          [
                                            "object",
                                            {
                                              "count": "number",
                                              "entries": [
                                                "tuple",
                                                [
                                                  [
                                                    "object",
                                                    {
                                                      "annotations": [
                                                        "map",
                                                        "string"
                                                      ],
                                                      "attestor": "dynamic",
                                                      "certificates": [
                                                        "object",
                                                        {
                                                          "cert": "string",
                                                          "certChain": "string",
                                                          "ctlog": [
                                                            "object",
                                                            {
                                                              "ignoreSCT": "bool",
                                                              "pubkey": "string"
                                                            }
                                                          ],
                                                          "rekor": [
                                                            "object",
                                                            {
                                                              "ignoreTlog": "bool",
                                                              "pubkey": "string",
                                                              "url": "string"
                                                            }
                                                          ]
                                                        }
                                                      ],
                                                      "keyless": [
                                                        "object",
                                                        {
                                                          "additionalExtensions": [
                                                            "map",
                                                            "string"
                                                          ],
                                                          "ctlog": [
                                                            "object",
                                                            {
                                                              "ignoreSCT": "bool",
                                                              "pubkey": "string"
                                                            }
                                                          ],
                                                          "issuer": "string",
                                                          "rekor": [
                                                            "object",
                                                            {
                                                              "ignoreTlog": "bool",
                                                              "pubkey": "string",
                                                              "url": "string"
                                                            }
                                                          ],
                                                          "roots": "string",
                                                          "subject": "string"
                                                        }
                                                      ],
                                                      "keys": [
                                                        "object",
                                                        {
                                                          "ctlog": [
                                                            "object",
                                                            {
                                                              "ignoreSCT": "bool",
                                                              "pubkey": "string"
                                                            }
                                                          ],
                                                          "kms": "string",
                                                          "publicKeys": "string",
                                                          "rekor": [
                                                            "object",
                                                            {
                                                              "ignoreTlog": "bool",
                                                              "pubkey": "string",
                                                              "url": "string"
                                                            }
                                                          ],
                                                          "secret": [
                                                            "object",
                                                            {
                                                              "name": "string",
                                                              "namespace": "string"
                                                            }
                                                          ],
                                                          "signatureAlgorithm": "string"
                                                        }
                                                      ],
                                                      "repository": "string"
                                                    }
                                                  ]
                                                ]
                                              ]
                                            }
                                          ]
                                        ]
                                      ],
                                      "image": "string",
                                      "imageReferences": [
                                        "list",
                                        "string"
                                      ],
                                      "imageRegistryCredentials": [
                                        "object",
                                        {
                                          "allowInsecureRegistry": "bool",
                                          "providers": [
                                            "list",
                                            "string"
                                          ],
                                          "secrets": [
                                            "list",
                                            "string"
                                          ]
                                        }
                                      ],
                                      "issuer": "string",
                                      "key": "string",
                                      "mutateDigest": "bool",
                                      "repository": "string",
                                      "required": "bool",
                                      "roots": "string",
                                      "subject": "string",
                                      "type": "string",
                                      "useCache": "bool",
                                      "verifyDigest": "bool"
                                    }
                                  ]
                                ]
                              ]
                            }
                          ]
                        ]
                      ],
                      "schemaValidation": "bool",
                      "useServerSideApply": "bool",
                      "validationFailureAction": "string",
                      "validationFailureActionOverrides": [
                        "list",
                        [
                          "object",
                          {
                            "action": "string",
                            "namespaceSelector": [
                              "object",
                              {
                                "matchExpressions": [
                                  "list",
                                  [
                                    "object",
                                    {
                                      "key": "string",
                                      "operator": "string",
                                      "values": [
                                        "list",
                                        "string"
                                      ]
                                    }
                                  ]
                                ],
                                "matchLabels": [
                                  "map",
                                  "string"
                                ]
                              }
                            ],
                            "namespaces": [
                              "list",
                              "string"
                            ]
                          }
                        ]
                      ],
                      "webhookTimeoutSeconds": "number"
                    }
                  ]
                }
              ]
            },
            "timeouts": [],
            "wait": [],
            "wait_for": null
          },
          "sensitive_attributes": [],
          "dependencies": [
            "helm_release.kyverno",
            "helm_release.kyverno-policies",
            "kubernetes_namespace_v1.kyverno"
          ]
        }
      ]
    },
    {
      "mode": "managed",
      "type": "kubernetes_manifest",
      "name": "cluster-polycy_role-label-enforcement",
      "provider": "provider[\"registry.terraform.io/hashicorp/kubernetes\"]",
      "instances": [
        {
          "schema_version": 1,
          "attributes": {
            "computed_fields": null,
            "field_manager": [],
            "manifest": {
              "value": {
                "apiVersion": "kyverno.io/v1",
                "kind": "ClusterPolicy",
                "metadata": {
                  "name": "require-role-labels"
                },
                "spec": {
                  "rules": [
                    {
                      "match": {
                        "any": [
                          {
                            "resources": {
                              "kinds": [
                                "Pod"
                              ],
                              "namespaces": [
                                "echo"
                              ]
                            }
                          }
                        ]
                      },
                      "name": "check-role",
                      "validate": {
                        "message": "label 'role' is required, it can be one of: frontend, backend, database",
                        "pattern": {
                          "metadata": {
                            "labels": {
                              "role": "frontend|backend|database"
                            }
                          }
                        }
                      }
                    }
                  ],
                  "validationFailureAction": "Enforce"
                }
              },
              "type": [
                "object",
                {
                  "apiVersion": "string",
                  "kind": "string",
                  "metadata": [
                    "object",
                    {
                      "name": "string"
                    }
                  ],
                  "spec": [
                    "object",
                    {
                      "rules": [
                        "tuple",
                        [
                          [
                            "object",
                            {
                              "match": [
                                "object",
                                {
                                  "any": [
                                    "tuple",
                                    [
                                      [
                                        "object",
                                        {
                                          "resources": [
                                            "object",
                                            {
                                              "kinds": [
                                                "tuple",
                                                [
                                                  "string"
                                                ]
                                              ],
                                              "namespaces": [
                                                "tuple",
                                                [
                                                  "string"
                                                ]
                                              ]
                                            }
                                          ]
                                        }
                                      ]
                                    ]
                                  ]
                                }
                              ],
                              "name": "string",
                              "validate": [
                                "object",
                                {
                                  "message": "string",
                                  "pattern": [
                                    "object",
                                    {
                                      "metadata": [
                                        "object",
                                        {
                                          "labels": [
                                            "object",
                                            {
                                              "role": "string"
                                            }
                                          ]
                                        }
                                      ]
                                    }
                                  ]
                                }
                              ]
                            }
                          ]
                        ]
                      ],
                      "validationFailureAction": "string"
                    }
                  ]
                }
              ]
            },
            "object": {
              "value": {
                "apiVersion": "kyverno.io/v1",
                "kind": "ClusterPolicy",
                "metadata": {
                  "annotations": null,
                  "creationTimestamp": null,
                  "deletionGracePeriodSeconds": null,
                  "deletionTimestamp": null,
                  "finalizers": null,
                  "generateName": null,
                  "generation": null,
                  "labels": null,
                  "managedFields": null,
                  "name": "require-role-labels",
                  "namespace": null,
                  "ownerReferences": null,
                  "resourceVersion": null,
                  "selfLink": null,
                  "uid": null
                },
                "spec": {
                  "admission": true,
                  "applyRules": null,
                  "background": true,
                  "failurePolicy": null,
                  "generateExisting": null,
                  "generateExistingOnPolicyUpdate": null,
                  "mutateExistingOnPolicyUpdate": null,
                  "rules": [
                    {
                      "celPreconditions": null,
                      "context": null,
                      "exclude": {
                        "all": null,
                        "any": null,
                        "clusterRoles": null,
                        "resources": {
                          "annotations": null,
                          "kinds": null,
                          "name": null,
                          "names": null,
                          "namespaceSelector": {
                            "matchExpressions": null,
                            "matchLabels": null
                          },
                          "namespaces": null,
                          "operations": null,
                          "selector": {
                            "matchExpressions": null,
                            "matchLabels": null
                          }
                        },
                        "roles": null,
                        "subjects": null
                      },
                      "generate": {
                        "apiVersion": null,
                        "clone": {
                          "name": null,
                          "namespace": null
                        },
                        "cloneList": {
                          "kinds": null,
                          "namespace": null,
                          "selector": {
                            "matchExpressions": null,
                            "matchLabels": null
                          }
                        },
                        "data": null,
                        "kind": null,
                        "name": null,
                        "namespace": null,
                        "synchronize": null,
                        "uid": null
                      },
                      "imageExtractors": null,
                      "match": {
                        "all": null,
                        "any": [
                          {
                            "clusterRoles": null,
                            "resources": {
                              "annotations": null,
                              "kinds": [
                                "Pod"
                              ],
                              "name": null,
                              "names": null,
                              "namespaceSelector": {
                                "matchExpressions": null,
                                "matchLabels": null
                              },
                              "namespaces": [
                                "echo"
                              ],
                              "operations": null,
                              "selector": {
                                "matchExpressions": null,
                                "matchLabels": null
                              }
                            },
                            "roles": null,
                            "subjects": null
                          }
                        ],
                        "clusterRoles": null,
                        "resources": {
                          "annotations": null,
                          "kinds": null,
                          "name": null,
                          "names": null,
                          "namespaceSelector": {
                            "matchExpressions": null,
                            "matchLabels": null
                          },
                          "namespaces": null,
                          "operations": null,
                          "selector": {
                            "matchExpressions": null,
                            "matchLabels": null
                          }
                        },
                        "roles": null,
                        "subjects": null
                      },
                      "mutate": {
                        "foreach": null,
                        "patchStrategicMerge": null,
                        "patchesJson6902": null,
                        "targets": null
                      },
                      "name": "check-role",
                      "preconditions": null,
                      "skipBackgroundRequests": true,
                      "validate": {
                        "anyPattern": null,
                        "cel": {
                          "auditAnnotations": null,
                          "expressions": null,
                          "paramKind": {
                            "apiVersion": null,
                            "kind": null
                          },
                          "paramRef": {
                            "name": null,
                            "namespace": null,
                            "parameterNotFoundAction": null,
                            "selector": {
                              "matchExpressions": null,
                              "matchLabels": null
                            }
                          },
                          "variables": null
                        },
                        "deny": {
                          "conditions": null
                        },
                        "foreach": null,
                        "manifests": {
                          "annotationDomain": null,
                          "attestors": null,
                          "dryRun": {
                            "enable": null,
                            "namespace": null
                          },
                          "ignoreFields": null,
                          "repository": null
                        },
                        "message": "label 'role' is required, it can be one of: frontend, backend, database",
                        "pattern": {
                          "metadata": {
                            "labels": {
                              "role": "frontend|backend|database"
                            }
                          }
                        },
                        "podSecurity": {
                          "exclude": null,
                          "level": null,
                          "version": null
                        }
                      },
                      "verifyImages": null
                    }
                  ],
                  "schemaValidation": null,
                  "useServerSideApply": null,
                  "validationFailureAction": "Enforce",
                  "validationFailureActionOverrides": null,
                  "webhookTimeoutSeconds": null
                }
              },
              "type": [
                "object",
                {
                  "apiVersion": "string",
                  "kind": "string",
                  "metadata": [
                    "object",
                    {
                      "annotations": [
                        "map",
                        "string"
                      ],
                      "creationTimestamp": "string",
                      "deletionGracePeriodSeconds": "number",
                      "deletionTimestamp": "string",
                      "finalizers": [
                        "list",
                        "string"
                      ],
                      "generateName": "string",
                      "generation": "number",
                      "labels": [
                        "map",
                        "string"
                      ],
                      "managedFields": [
                        "tuple",
                        [
                          [
                            "object",
                            {
                              "apiVersion": "string",
                              "fieldsType": "string",
                              "fieldsV1": "dynamic",
                              "manager": "string",
                              "operation": "string",
                              "subresource": "string",
                              "time": "string"
                            }
                          ]
                        ]
                      ],
                      "name": "string",
                      "namespace": "string",
                      "ownerReferences": [
                        "list",
                        [
                          "object",
                          {
                            "apiVersion": "string",
                            "blockOwnerDeletion": "bool",
                            "controller": "bool",
                            "kind": "string",
                            "name": "string",
                            "uid": "string"
                          }
                        ]
                      ],
                      "resourceVersion": "string",
                      "selfLink": "string",
                      "uid": "string"
                    }
                  ],
                  "spec": [
                    "object",
                    {
                      "admission": "bool",
                      "applyRules": "string",
                      "background": "bool",
                      "failurePolicy": "string",
                      "generateExisting": "bool",
                      "generateExistingOnPolicyUpdate": "bool",
                      "mutateExistingOnPolicyUpdate": "bool",
                      "rules": [
                        "tuple",
                        [
                          [
                            "object",
                            {
                              "celPreconditions": [
                                "list",
                                [
                                  "object",
                                  {
                                    "expression": "string",
                                    "name": "string"
                                  }
                                ]
                              ],
                              "context": [
                                "tuple",
                                [
                                  [
                                    "object",
                                    {
                                      "apiCall": [
                                        "object",
                                        {
                                          "data": [
                                            "tuple",
                                            [
                                              [
                                                "object",
                                                {
                                                  "key": "string",
                                                  "value": "dynamic"
                                                }
                                              ]
                                            ]
                                          ],
                                          "jmesPath": "string",
                                          "method": "string",
                                          "service": [
                                            "object",
                                            {
                                              "caBundle": "string",
                                              "url": "string"
                                            }
                                          ],
                                          "urlPath": "string"
                                        }
                                      ],
                                      "configMap": [
                                        "object",
                                        {
                                          "name": "string",
                                          "namespace": "string"
                                        }
                                      ],
                                      "imageRegistry": [
                                        "object",
                                        {
                                          "imageRegistryCredentials": [
                                            "object",
                                            {
                                              "allowInsecureRegistry": "bool",
                                              "providers": [
                                                "list",
                                                "string"
                                              ],
                                              "secrets": [
                                                "list",
                                                "string"
                                              ]
                                            }
                                          ],
                                          "jmesPath": "string",
                                          "reference": "string"
                                        }
                                      ],
                                      "name": "string",
                                      "variable": [
                                        "object",
                                        {
                                          "default": "dynamic",
                                          "jmesPath": "string",
                                          "value": "dynamic"
                                        }
                                      ]
                                    }
                                  ]
                                ]
                              ],
                              "exclude": [
                                "object",
                                {
                                  "all": [
                                    "list",
                                    [
                                      "object",
                                      {
                                        "clusterRoles": [
                                          "list",
                                          "string"
                                        ],
                                        "resources": [
                                          "object",
                                          {
                                            "annotations": [
                                              "map",
                                              "string"
                                            ],
                                            "kinds": [
                                              "list",
                                              "string"
                                            ],
                                            "name": "string",
                                            "names": [
                                              "list",
                                              "string"
                                            ],
                                            "namespaceSelector": [
                                              "object",
                                              {
                                                "matchExpressions": [
                                                  "list",
                                                  [
                                                    "object",
                                                    {
                                                      "key": "string",
                                                      "operator": "string",
                                                      "values": [
                                                        "list",
                                                        "string"
                                                      ]
                                                    }
                                                  ]
                                                ],
                                                "matchLabels": [
                                                  "map",
                                                  "string"
                                                ]
                                              }
                                            ],
                                            "namespaces": [
                                              "list",
                                              "string"
                                            ],
                                            "operations": [
                                              "list",
                                              "string"
                                            ],
                                            "selector": [
                                              "object",
                                              {
                                                "matchExpressions": [
                                                  "list",
                                                  [
                                                    "object",
                                                    {
                                                      "key": "string",
                                                      "operator": "string",
                                                      "values": [
                                                        "list",
                                                        "string"
                                                      ]
                                                    }
                                                  ]
                                                ],
                                                "matchLabels": [
                                                  "map",
                                                  "string"
                                                ]
                                              }
                                            ]
                                          }
                                        ],
                                        "roles": [
                                          "list",
                                          "string"
                                        ],
                                        "subjects": [
                                          "list",
                                          [
                                            "object",
                                            {
                                              "apiGroup": "string",
                                              "kind": "string",
                                              "name": "string",
                                              "namespace": "string"
                                            }
                                          ]
                                        ]
                                      }
                                    ]
                                  ],
                                  "any": [
                                    "list",
                                    [
                                      "object",
                                      {
                                        "clusterRoles": [
                                          "list",
                                          "string"
                                        ],
                                        "resources": [
                                          "object",
                                          {
                                            "annotations": [
                                              "map",
                                              "string"
                                            ],
                                            "kinds": [
                                              "list",
                                              "string"
                                            ],
                                            "name": "string",
                                            "names": [
                                              "list",
                                              "string"
                                            ],
                                            "namespaceSelector": [
                                              "object",
                                              {
                                                "matchExpressions": [
                                                  "list",
                                                  [
                                                    "object",
                                                    {
                                                      "key": "string",
                                                      "operator": "string",
                                                      "values": [
                                                        "list",
                                                        "string"
                                                      ]
                                                    }
                                                  ]
                                                ],
                                                "matchLabels": [
                                                  "map",
                                                  "string"
                                                ]
                                              }
                                            ],
                                            "namespaces": [
                                              "list",
                                              "string"
                                            ],
                                            "operations": [
                                              "list",
                                              "string"
                                            ],
                                            "selector": [
                                              "object",
                                              {
                                                "matchExpressions": [
                                                  "list",
                                                  [
                                                    "object",
                                                    {
                                                      "key": "string",
                                                      "operator": "string",
                                                      "values": [
                                                        "list",
                                                        "string"
                                                      ]
                                                    }
                                                  ]
                                                ],
                                                "matchLabels": [
                                                  "map",
                                                  "string"
                                                ]
                                              }
                                            ]
                                          }
                                        ],
                                        "roles": [
                                          "list",
                                          "string"
                                        ],
                                        "subjects": [
                                          "list",
                                          [
                                            "object",
                                            {
                                              "apiGroup": "string",
                                              "kind": "string",
                                              "name": "string",
                                              "namespace": "string"
                                            }
                                          ]
                                        ]
                                      }
                                    ]
                                  ],
                                  "clusterRoles": [
                                    "list",
                                    "string"
                                  ],
                                  "resources": [
                                    "object",
                                    {
                                      "annotations": [
                                        "map",
                                        "string"
                                      ],
                                      "kinds": [
                                        "list",
                                        "string"
                                      ],
                                      "name": "string",
                                      "names": [
                                        "list",
                                        "string"
                                      ],
                                      "namespaceSelector": [
                                        "object",
                                        {
                                          "matchExpressions": [
                                            "list",
                                            [
                                              "object",
                                              {
                                                "key": "string",
                                                "operator": "string",
                                                "values": [
                                                  "list",
                                                  "string"
                                                ]
                                              }
                                            ]
                                          ],
                                          "matchLabels": [
                                            "map",
                                            "string"
                                          ]
                                        }
                                      ],
                                      "namespaces": [
                                        "list",
                                        "string"
                                      ],
                                      "operations": [
                                        "list",
                                        "string"
                                      ],
                                      "selector": [
                                        "object",
                                        {
                                          "matchExpressions": [
                                            "list",
                                            [
                                              "object",
                                              {
                                                "key": "string",
                                                "operator": "string",
                                                "values": [
                                                  "list",
                                                  "string"
                                                ]
                                              }
                                            ]
                                          ],
                                          "matchLabels": [
                                            "map",
                                            "string"
                                          ]
                                        }
                                      ]
                                    }
                                  ],
                                  "roles": [
                                    "list",
                                    "string"
                                  ],
                                  "subjects": [
                                    "list",
                                    [
                                      "object",
                                      {
                                        "apiGroup": "string",
                                        "kind": "string",
                                        "name": "string",
                                        "namespace": "string"
                                      }
                                    ]
                                  ]
                                }
                              ],
                              "generate": [
                                "object",
                                {
                                  "apiVersion": "string",
                                  "clone": [
                                    "object",
                                    {
                                      "name": "string",
                                      "namespace": "string"
                                    }
                                  ],
                                  "cloneList": [
                                    "object",
                                    {
                                      "kinds": [
                                        "list",
                                        "string"
                                      ],
                                      "namespace": "string",
                                      "selector": [
                                        "object",
                                        {
                                          "matchExpressions": [
                                            "list",
                                            [
                                              "object",
                                              {
                                                "key": "string",
                                                "operator": "string",
                                                "values": [
                                                  "list",
                                                  "string"
                                                ]
                                              }
                                            ]
                                          ],
                                          "matchLabels": [
                                            "map",
                                            "string"
                                          ]
                                        }
                                      ]
                                    }
                                  ],
                                  "data": "dynamic",
                                  "kind": "string",
                                  "name": "string",
                                  "namespace": "string",
                                  "synchronize": "bool",
                                  "uid": "string"
                                }
                              ],
                              "imageExtractors": [
                                "map",
                                [
                                  "list",
                                  [
                                    "object",
                                    {
                                      "jmesPath": "string",
                                      "key": "string",
                                      "name": "string",
                                      "path": "string",
                                      "value": "string"
                                    }
                                  ]
                                ]
                              ],
                              "match": [
                                "object",
                                {
                                  "all": [
                                    "list",
                                    [
                                      "object",
                                      {
                                        "clusterRoles": [
                                          "list",
                                          "string"
                                        ],
                                        "resources": [
                                          "object",
                                          {
                                            "annotations": [
                                              "map",
                                              "string"
                                            ],
                                            "kinds": [
                                              "list",
                                              "string"
                                            ],
                                            "name": "string",
                                            "names": [
                                              "list",
                                              "string"
                                            ],
                                            "namespaceSelector": [
                                              "object",
                                              {
                                                "matchExpressions": [
                                                  "list",
                                                  [
                                                    "object",
                                                    {
                                                      "key": "string",
                                                      "operator": "string",
                                                      "values": [
                                                        "list",
                                                        "string"
                                                      ]
                                                    }
                                                  ]
                                                ],
                                                "matchLabels": [
                                                  "map",
                                                  "string"
                                                ]
                                              }
                                            ],
                                            "namespaces": [
                                              "list",
                                              "string"
                                            ],
                                            "operations": [
                                              "list",
                                              "string"
                                            ],
                                            "selector": [
                                              "object",
                                              {
                                                "matchExpressions": [
                                                  "list",
                                                  [
                                                    "object",
                                                    {
                                                      "key": "string",
                                                      "operator": "string",
                                                      "values": [
                                                        "list",
                                                        "string"
                                                      ]
                                                    }
                                                  ]
                                                ],
                                                "matchLabels": [
                                                  "map",
                                                  "string"
                                                ]
                                              }
                                            ]
                                          }
                                        ],
                                        "roles": [
                                          "list",
                                          "string"
                                        ],
                                        "subjects": [
                                          "list",
                                          [
                                            "object",
                                            {
                                              "apiGroup": "string",
                                              "kind": "string",
                                              "name": "string",
                                              "namespace": "string"
                                            }
                                          ]
                                        ]
                                      }
                                    ]
                                  ],
                                  "any": [
                                    "list",
                                    [
                                      "object",
                                      {
                                        "clusterRoles": [
                                          "list",
                                          "string"
                                        ],
                                        "resources": [
                                          "object",
                                          {
                                            "annotations": [
                                              "map",
                                              "string"
                                            ],
                                            "kinds": [
                                              "list",
                                              "string"
                                            ],
                                            "name": "string",
                                            "names": [
                                              "list",
                                              "string"
                                            ],
                                            "namespaceSelector": [
                                              "object",
                                              {
                                                "matchExpressions": [
                                                  "list",
                                                  [
                                                    "object",
                                                    {
                                                      "key": "string",
                                                      "operator": "string",
                                                      "values": [
                                                        "list",
                                                        "string"
                                                      ]
                                                    }
                                                  ]
                                                ],
                                                "matchLabels": [
                                                  "map",
                                                  "string"
                                                ]
                                              }
                                            ],
                                            "namespaces": [
                                              "list",
                                              "string"
                                            ],
                                            "operations": [
                                              "list",
                                              "string"
                                            ],
                                            "selector": [
                                              "object",
                                              {
                                                "matchExpressions": [
                                                  "list",
                                                  [
                                                    "object",
                                                    {
                                                      "key": "string",
                                                      "operator": "string",
                                                      "values": [
                                                        "list",
                                                        "string"
                                                      ]
                                                    }
                                                  ]
                                                ],
                                                "matchLabels": [
                                                  "map",
                                                  "string"
                                                ]
                                              }
                                            ]
                                          }
                                        ],
                                        "roles": [
                                          "list",
                                          "string"
                                        ],
                                        "subjects": [
                                          "list",
                                          [
                                            "object",
                                            {
                                              "apiGroup": "string",
                                              "kind": "string",
                                              "name": "string",
                                              "namespace": "string"
                                            }
                                          ]
                                        ]
                                      }
                                    ]
                                  ],
                                  "clusterRoles": [
                                    "list",
                                    "string"
                                  ],
                                  "resources": [
                                    "object",
                                    {
                                      "annotations": [
                                        "map",
                                        "string"
                                      ],
                                      "kinds": [
                                        "list",
                                        "string"
                                      ],
                                      "name": "string",
                                      "names": [
                                        "list",
                                        "string"
                                      ],
                                      "namespaceSelector": [
                                        "object",
                                        {
                                          "matchExpressions": [
                                            "list",
                                            [
                                              "object",
                                              {
                                                "key": "string",
                                                "operator": "string",
                                                "values": [
                                                  "list",
                                                  "string"
                                                ]
                                              }
                                            ]
                                          ],
                                          "matchLabels": [
                                            "map",
                                            "string"
                                          ]
                                        }
                                      ],
                                      "namespaces": [
                                        "list",
                                        "string"
                                      ],
                                      "operations": [
                                        "list",
                                        "string"
                                      ],
                                      "selector": [
                                        "object",
                                        {
                                          "matchExpressions": [
                                            "list",
                                            [
                                              "object",
                                              {
                                                "key": "string",
                                                "operator": "string",
                                                "values": [
                                                  "list",
                                                  "string"
                                                ]
                                              }
                                            ]
                                          ],
                                          "matchLabels": [
                                            "map",
                                            "string"
                                          ]
                                        }
                                      ]
                                    }
                                  ],
                                  "roles": [
                                    "list",
                                    "string"
                                  ],
                                  "subjects": [
                                    "list",
                                    [
                                      "object",
                                      {
                                        "apiGroup": "string",
                                        "kind": "string",
                                        "name": "string",
                                        "namespace": "string"
                                      }
                                    ]
                                  ]
                                }
                              ],
                              "mutate": [
                                "object",
                                {
                                  "foreach": [
                                    "tuple",
                                    [
                                      [
                                        "object",
                                        {
                                          "context": [
                                            "tuple",
                                            [
                                              [
                                                "object",
                                                {
                                                  "apiCall": [
                                                    "object",
                                                    {
                                                      "data": [
                                                        "tuple",
                                                        [
                                                          [
                                                            "object",
                                                            {
                                                              "key": "string",
                                                              "value": "dynamic"
                                                            }
                                                          ]
                                                        ]
                                                      ],
                                                      "jmesPath": "string",
                                                      "method": "string",
                                                      "service": [
                                                        "object",
                                                        {
                                                          "caBundle": "string",
                                                          "url": "string"
                                                        }
                                                      ],
                                                      "urlPath": "string"
                                                    }
                                                  ],
                                                  "configMap": [
                                                    "object",
                                                    {
                                                      "name": "string",
                                                      "namespace": "string"
                                                    }
                                                  ],
                                                  "imageRegistry": [
                                                    "object",
                                                    {
                                                      "imageRegistryCredentials": [
                                                        "object",
                                                        {
                                                          "allowInsecureRegistry": "bool",
                                                          "providers": [
                                                            "list",
                                                            "string"
                                                          ],
                                                          "secrets": [
                                                            "list",
                                                            "string"
                                                          ]
                                                        }
                                                      ],
                                                      "jmesPath": "string",
                                                      "reference": "string"
                                                    }
                                                  ],
                                                  "name": "string",
                                                  "variable": [
                                                    "object",
                                                    {
                                                      "default": "dynamic",
                                                      "jmesPath": "string",
                                                      "value": "dynamic"
                                                    }
                                                  ]
                                                }
                                              ]
                                            ]
                                          ],
                                          "foreach": "dynamic",
                                          "list": "string",
                                          "order": "string",
                                          "patchStrategicMerge": "dynamic",
                                          "patchesJson6902": "string",
                                          "preconditions": [
                                            "object",
                                            {
                                              "all": [
                                                "tuple",
                                                [
                                                  [
                                                    "object",
                                                    {
                                                      "key": "dynamic",
                                                      "message": "string",
                                                      "operator": "string",
                                                      "value": "dynamic"
                                                    }
                                                  ]
                                                ]
                                              ],
                                              "any": [
                                                "tuple",
                                                [
                                                  [
                                                    "object",
                                                    {
                                                      "key": "dynamic",
                                                      "message": "string",
                                                      "operator": "string",
                                                      "value": "dynamic"
                                                    }
                                                  ]
                                                ]
                                              ]
                                            }
                                          ]
                                        }
                                      ]
                                    ]
                                  ],
                                  "patchStrategicMerge": "dynamic",
                                  "patchesJson6902": "string",
                                  "targets": [
                                    "tuple",
                                    [
                                      [
                                        "object",
                                        {
                                          "apiVersion": "string",
                                          "context": [
                                            "tuple",
                                            [
                                              [
                                                "object",
                                                {
                                                  "apiCall": [
                                                    "object",
                                                    {
                                                      "data": [
                                                        "tuple",
                                                        [
                                                          [
                                                            "object",
                                                            {
                                                              "key": "string",
                                                              "value": "dynamic"
                                                            }
                                                          ]
                                                        ]
                                                      ],
                                                      "jmesPath": "string",
                                                      "method": "string",
                                                      "service": [
                                                        "object",
                                                        {
                                                          "caBundle": "string",
                                                          "url": "string"
                                                        }
                                                      ],
                                                      "urlPath": "string"
                                                    }
                                                  ],
                                                  "configMap": [
                                                    "object",
                                                    {
                                                      "name": "string",
                                                      "namespace": "string"
                                                    }
                                                  ],
                                                  "imageRegistry": [
                                                    "object",
                                                    {
                                                      "imageRegistryCredentials": [
                                                        "object",
                                                        {
                                                          "allowInsecureRegistry": "bool",
                                                          "providers": [
                                                            "list",
                                                            "string"
                                                          ],
                                                          "secrets": [
                                                            "list",
                                                            "string"
                                                          ]
                                                        }
                                                      ],
                                                      "jmesPath": "string",
                                                      "reference": "string"
                                                    }
                                                  ],
                                                  "name": "string",
                                                  "variable": [
                                                    "object",
                                                    {
                                                      "default": "dynamic",
                                                      "jmesPath": "string",
                                                      "value": "dynamic"
                                                    }
                                                  ]
                                                }
                                              ]
                                            ]
                                          ],
                                          "kind": "string",
                                          "name": "string",
                                          "namespace": "string",
                                          "preconditions": "dynamic",
                                          "uid": "string"
                                        }
                                      ]
                                    ]
                                  ]
                                }
                              ],
                              "name": "string",
                              "preconditions": "dynamic",
                              "skipBackgroundRequests": "bool",
                              "validate": [
                                "object",
                                {
                                  "anyPattern": "dynamic",
                                  "cel": [
                                    "object",
                                    {
                                      "auditAnnotations": [
                                        "list",
                                        [
                                          "object",
                                          {
                                            "key": "string",
                                            "valueExpression": "string"
                                          }
                                        ]
                                      ],
                                      "expressions": [
                                        "list",
                                        [
                                          "object",
                                          {
                                            "expression": "string",
                                            "message": "string",
                                            "messageExpression": "string",
                                            "reason": "string"
                                          }
                                        ]
                                      ],
                                      "paramKind": [
                                        "object",
                                        {
                                          "apiVersion": "string",
                                          "kind": "string"
                                        }
                                      ],
                                      "paramRef": [
                                        "object",
                                        {
                                          "name": "string",
                                          "namespace": "string",
                                          "parameterNotFoundAction": "string",
                                          "selector": [
                                            "object",
                                            {
                                              "matchExpressions": [
                                                "list",
                                                [
                                                  "object",
                                                  {
                                                    "key": "string",
                                                    "operator": "string",
                                                    "values": [
                                                      "list",
                                                      "string"
                                                    ]
                                                  }
                                                ]
                                              ],
                                              "matchLabels": [
                                                "map",
                                                "string"
                                              ]
                                            }
                                          ]
                                        }
                                      ],
                                      "variables": [
                                        "list",
                                        [
                                          "object",
                                          {
                                            "expression": "string",
                                            "name": "string"
                                          }
                                        ]
                                      ]
                                    }
                                  ],
                                  "deny": [
                                    "object",
                                    {
                                      "conditions": "dynamic"
                                    }
                                  ],
                                  "foreach": [
                                    "tuple",
                                    [
                                      [
                                        "object",
                                        {
                                          "anyPattern": "dynamic",
                                          "context": [
                                            "tuple",
                                            [
                                              [
                                                "object",
                                                {
                                                  "apiCall": [
                                                    "object",
                                                    {
                                                      "data": [
                                                        "tuple",
                                                        [
                                                          [
                                                            "object",
                                                            {
                                                              "key": "string",
                                                              "value": "dynamic"
                                                            }
                                                          ]
                                                        ]
                                                      ],
                                                      "jmesPath": "string",
                                                      "method": "string",
                                                      "service": [
                                                        "object",
                                                        {
                                                          "caBundle": "string",
                                                          "url": "string"
                                                        }
                                                      ],
                                                      "urlPath": "string"
                                                    }
                                                  ],
                                                  "configMap": [
                                                    "object",
                                                    {
                                                      "name": "string",
                                                      "namespace": "string"
                                                    }
                                                  ],
                                                  "imageRegistry": [
                                                    "object",
                                                    {
                                                      "imageRegistryCredentials": [
                                                        "object",
                                                        {
                                                          "allowInsecureRegistry": "bool",
                                                          "providers": [
                                                            "list",
                                                            "string"
                                                          ],
                                                          "secrets": [
                                                            "list",
                                                            "string"
                                                          ]
                                                        }
                                                      ],
                                                      "jmesPath": "string",
                                                      "reference": "string"
                                                    }
                                                  ],
                                                  "name": "string",
                                                  "variable": [
                                                    "object",
                                                    {
                                                      "default": "dynamic",
                                                      "jmesPath": "string",
                                                      "value": "dynamic"
                                                    }
                                                  ]
                                                }
                                              ]
                                            ]
                                          ],
                                          "deny": [
                                            "object",
                                            {
                                              "conditions": "dynamic"
                                            }
                                          ],
                                          "elementScope": "bool",
                                          "foreach": "dynamic",
                                          "list": "string",
                                          "pattern": "dynamic",
                                          "preconditions": [
                                            "object",
                                            {
                                              "all": [
                                                "tuple",
                                                [
                                                  [
                                                    "object",
                                                    {
                                                      "key": "dynamic",
                                                      "message": "string",
                                                      "operator": "string",
                                                      "value": "dynamic"
                                                    }
                                                  ]
                                                ]
                                              ],
                                              "any": [
                                                "tuple",
                                                [
                                                  [
                                                    "object",
                                                    {
                                                      "key": "dynamic",
                                                      "message": "string",
                                                      "operator": "string",
                                                      "value": "dynamic"
                                                    }
                                                  ]
                                                ]
                                              ]
                                            }
                                          ]
                                        }
                                      ]
                                    ]
                                  ],
                                  "manifests": [
                                    "object",
                                    {
                                      "annotationDomain": "string",
                                      "attestors": [
                                        "tuple",
                                        [
                                          [
                                            "object",
                                            {
                                              "count": "number",
                                              "entries": [
                                                "tuple",
                                                [
                                                  [
                                                    "object",
                                                    {
                                                      "annotations": [
                                                        "map",
                                                        "string"
                                                      ],
                                                      "attestor": "dynamic",
                                                      "certificates": [
                                                        "object",
                                                        {
                                                          "cert": "string",
                                                          "certChain": "string",
                                                          "ctlog": [
                                                            "object",
                                                            {
                                                              "ignoreSCT": "bool",
                                                              "pubkey": "string"
                                                            }
                                                          ],
                                                          "rekor": [
                                                            "object",
                                                            {
                                                              "ignoreTlog": "bool",
                                                              "pubkey": "string",
                                                              "url": "string"
                                                            }
                                                          ]
                                                        }
                                                      ],
                                                      "keyless": [
                                                        "object",
                                                        {
                                                          "additionalExtensions": [
                                                            "map",
                                                            "string"
                                                          ],
                                                          "ctlog": [
                                                            "object",
                                                            {
                                                              "ignoreSCT": "bool",
                                                              "pubkey": "string"
                                                            }
                                                          ],
                                                          "issuer": "string",
                                                          "rekor": [
                                                            "object",
                                                            {
                                                              "ignoreTlog": "bool",
                                                              "pubkey": "string",
                                                              "url": "string"
                                                            }
                                                          ],
                                                          "roots": "string",
                                                          "subject": "string"
                                                        }
                                                      ],
                                                      "keys": [
                                                        "object",
                                                        {
                                                          "ctlog": [
                                                            "object",
                                                            {
                                                              "ignoreSCT": "bool",
                                                              "pubkey": "string"
                                                            }
                                                          ],
                                                          "kms": "string",
                                                          "publicKeys": "string",
                                                          "rekor": [
                                                            "object",
                                                            {
                                                              "ignoreTlog": "bool",
                                                              "pubkey": "string",
                                                              "url": "string"
                                                            }
                                                          ],
                                                          "secret": [
                                                            "object",
                                                            {
                                                              "name": "string",
                                                              "namespace": "string"
                                                            }
                                                          ],
                                                          "signatureAlgorithm": "string"
                                                        }
                                                      ],
                                                      "repository": "string"
                                                    }
                                                  ]
                                                ]
                                              ]
                                            }
                                          ]
                                        ]
                                      ],
                                      "dryRun": [
                                        "object",
                                        {
                                          "enable": "bool",
                                          "namespace": "string"
                                        }
                                      ],
                                      "ignoreFields": [
                                        "list",
                                        [
                                          "object",
                                          {
                                            "fields": [
                                              "list",
                                              "string"
                                            ],
                                            "objects": [
                                              "list",
                                              [
                                                "object",
                                                {
                                                  "group": "string",
                                                  "kind": "string",
                                                  "name": "string",
                                                  "namespace": "string",
                                                  "version": "string"
                                                }
                                              ]
                                            ]
                                          }
                                        ]
                                      ],
                                      "repository": "string"
                                    }
                                  ],
                                  "message": "string",
                                  "pattern": [
                                    "object",
                                    {
                                      "metadata": [
                                        "object",
                                        {
                                          "labels": [
                                            "object",
                                            {
                                              "role": "string"
                                            }
                                          ]
                                        }
                                      ]
                                    }
                                  ],
                                  "podSecurity": [
                                    "object",
                                    {
                                      "exclude": [
                                        "list",
                                        [
                                          "object",
                                          {
                                            "controlName": "string",
                                            "images": [
                                              "list",
                                              "string"
                                            ]
                                          }
                                        ]
                                      ],
                                      "level": "string",
                                      "version": "string"
                                    }
                                  ]
                                }
                              ],
                              "verifyImages": [
                                "tuple",
                                [
                                  [
                                    "object",
                                    {
                                      "additionalExtensions": [
                                        "map",
                                        "string"
                                      ],
                                      "annotations": [
                                        "map",
                                        "string"
                                      ],
                                      "attestations": [
                                        "tuple",
                                        [
                                          [
                                            "object",
                                            {
                                              "attestors": [
                                                "tuple",
                                                [
                                                  [
                                                    "object",
                                                    {
                                                      "count": "number",
                                                      "entries": [
                                                        "tuple",
                                                        [
                                                          [
                                                            "object",
                                                            {
                                                              "annotations": [
                                                                "map",
                                                                "string"
                                                              ],
                                                              "attestor": "dynamic",
                                                              "certificates": [
                                                                "object",
                                                                {
                                                                  "cert": "string",
                                                                  "certChain": "string",
                                                                  "ctlog": [
                                                                    "object",
                                                                    {
                                                                      "ignoreSCT": "bool",
                                                                      "pubkey": "string"
                                                                    }
                                                                  ],
                                                                  "rekor": [
                                                                    "object",
                                                                    {
                                                                      "ignoreTlog": "bool",
                                                                      "pubkey": "string",
                                                                      "url": "string"
                                                                    }
                                                                  ]
                                                                }
                                                              ],
                                                              "keyless": [
                                                                "object",
                                                                {
                                                                  "additionalExtensions": [
                                                                    "map",
                                                                    "string"
                                                                  ],
                                                                  "ctlog": [
                                                                    "object",
                                                                    {
                                                                      "ignoreSCT": "bool",
                                                                      "pubkey": "string"
                                                                    }
                                                                  ],
                                                                  "issuer": "string",
                                                                  "rekor": [
                                                                    "object",
                                                                    {
                                                                      "ignoreTlog": "bool",
                                                                      "pubkey": "string",
                                                                      "url": "string"
                                                                    }
                                                                  ],
                                                                  "roots": "string",
                                                                  "subject": "string"
                                                                }
                                                              ],
                                                              "keys": [
                                                                "object",
                                                                {
                                                                  "ctlog": [
                                                                    "object",
                                                                    {
                                                                      "ignoreSCT": "bool",
                                                                      "pubkey": "string"
                                                                    }
                                                                  ],
                                                                  "kms": "string",
                                                                  "publicKeys": "string",
                                                                  "rekor": [
                                                                    "object",
                                                                    {
                                                                      "ignoreTlog": "bool",
                                                                      "pubkey": "string",
                                                                      "url": "string"
                                                                    }
                                                                  ],
                                                                  "secret": [
                                                                    "object",
                                                                    {
                                                                      "name": "string",
                                                                      "namespace": "string"
                                                                    }
                                                                  ],
                                                                  "signatureAlgorithm": "string"
                                                                }
                                                              ],
                                                              "repository": "string"
                                                            }
                                                          ]
                                                        ]
                                                      ]
                                                    }
                                                  ]
                                                ]
                                              ],
                                              "conditions": [
                                                "tuple",
                                                [
                                                  [
                                                    "object",
                                                    {
                                                      "all": [
                                                        "tuple",
                                                        [
                                                          [
                                                            "object",
                                                            {
                                                              "key": "dynamic",
                                                              "message": "string",
                                                              "operator": "string",
                                                              "value": "dynamic"
                                                            }
                                                          ]
                                                        ]
                                                      ],
                                                      "any": [
                                                        "tuple",
                                                        [
                                                          [
                                                            "object",
                                                            {
                                                              "key": "dynamic",
                                                              "message": "string",
                                                              "operator": "string",
                                                              "value": "dynamic"
                                                            }
                                                          ]
                                                        ]
                                                      ]
                                                    }
                                                  ]
                                                ]
                                              ],
                                              "predicateType": "string",
                                              "type": "string"
                                            }
                                          ]
                                        ]
                                      ],
                                      "attestors": [
                                        "tuple",
                                        [
                                          [
                                            "object",
                                            {
                                              "count": "number",
                                              "entries": [
                                                "tuple",
                                                [
                                                  [
                                                    "object",
                                                    {
                                                      "annotations": [
                                                        "map",
                                                        "string"
                                                      ],
                                                      "attestor": "dynamic",
                                                      "certificates": [
                                                        "object",
                                                        {
                                                          "cert": "string",
                                                          "certChain": "string",
                                                          "ctlog": [
                                                            "object",
                                                            {
                                                              "ignoreSCT": "bool",
                                                              "pubkey": "string"
                                                            }
                                                          ],
                                                          "rekor": [
                                                            "object",
                                                            {
                                                              "ignoreTlog": "bool",
                                                              "pubkey": "string",
                                                              "url": "string"
                                                            }
                                                          ]
                                                        }
                                                      ],
                                                      "keyless": [
                                                        "object",
                                                        {
                                                          "additionalExtensions": [
                                                            "map",
                                                            "string"
                                                          ],
                                                          "ctlog": [
                                                            "object",
                                                            {
                                                              "ignoreSCT": "bool",
                                                              "pubkey": "string"
                                                            }
                                                          ],
                                                          "issuer": "string",
                                                          "rekor": [
                                                            "object",
                                                            {
                                                              "ignoreTlog": "bool",
                                                              "pubkey": "string",
                                                              "url": "string"
                                                            }
                                                          ],
                                                          "roots": "string",
                                                          "subject": "string"
                                                        }
                                                      ],
                                                      "keys": [
                                                        "object",
                                                        {
                                                          "ctlog": [
                                                            "object",
                                                            {
                                                              "ignoreSCT": "bool",
                                                              "pubkey": "string"
                                                            }
                                                          ],
                                                          "kms": "string",
                                                          "publicKeys": "string",
                                                          "rekor": [
                                                            "object",
                                                            {
                                                              "ignoreTlog": "bool",
                                                              "pubkey": "string",
                                                              "url": "string"
                                                            }
                                                          ],
                                                          "secret": [
                                                            "object",
                                                            {
                                                              "name": "string",
                                                              "namespace": "string"
                                                            }
                                                          ],
                                                          "signatureAlgorithm": "string"
                                                        }
                                                      ],
                                                      "repository": "string"
                                                    }
                                                  ]
                                                ]
                                              ]
                                            }
                                          ]
                                        ]
                                      ],
                                      "image": "string",
                                      "imageReferences": [
                                        "list",
                                        "string"
                                      ],
                                      "imageRegistryCredentials": [
                                        "object",
                                        {
                                          "allowInsecureRegistry": "bool",
                                          "providers": [
                                            "list",
                                            "string"
                                          ],
                                          "secrets": [
                                            "list",
                                            "string"
                                          ]
                                        }
                                      ],
                                      "issuer": "string",
                                      "key": "string",
                                      "mutateDigest": "bool",
                                      "repository": "string",
                                      "required": "bool",
                                      "roots": "string",
                                      "subject": "string",
                                      "type": "string",
                                      "useCache": "bool",
                                      "verifyDigest": "bool"
                                    }
                                  ]
                                ]
                              ]
                            }
                          ]
                        ]
                      ],
                      "schemaValidation": "bool",
                      "useServerSideApply": "bool",
                      "validationFailureAction": "string",
                      "validationFailureActionOverrides": [
                        "list",
                        [
                          "object",
                          {
                            "action": "string",
                            "namespaceSelector": [
                              "object",
                              {
                                "matchExpressions": [
                                  "list",
                                  [
                                    "object",
                                    {
                                      "key": "string",
                                      "operator": "string",
                                      "values": [
                                        "list",
                                        "string"
                                      ]
                                    }
                                  ]
                                ],
                                "matchLabels": [
                                  "map",
                                  "string"
                                ]
                              }
                            ],
                            "namespaces": [
                              "list",
                              "string"
                            ]
                          }
                        ]
                      ],
                      "webhookTimeoutSeconds": "number"
                    }
                  ]
                }
              ]
            },
            "timeouts": [],
            "wait": [],
            "wait_for": null
          },
          "sensitive_attributes": [],
          "dependencies": [
            "helm_release.kyverno",
            "helm_release.kyverno-policies",
            "kubernetes_namespace_v1.echo",
            "kubernetes_namespace_v1.kyverno"
          ]
        }
      ]
    },
    {
      "mode": "managed",
      "type": "kubernetes_manifest",
      "name": "exception_istio-sidears",
      "provider": "provider[\"registry.terraform.io/hashicorp/kubernetes\"]",
      "instances": [
        {
          "schema_version": 1,
          "attributes": {
            "computed_fields": null,
            "field_manager": [],
            "manifest": {
              "value": {
                "apiVersion": "kyverno.io/v2beta1",
                "kind": "PolicyException",
                "metadata": {
                  "name": "istio-sidecars-psa",
                  "namespace": "kube-prometheus-stack"
                },
                "spec": {
                  "exceptions": [
                    {
                      "policyName": "psa",
                      "ruleNames": [
                        "restricted"
                      ]
                    }
                  ],
                  "match": {
                    "any": [
                      {
                        "resources": {
                          "kinds": [
                            "DaemonSet"
                          ],
                          "names": [
                            "kube-prometheus-stack-prometheus-node-exporter"
                          ],
                          "namespaces": [
                            "kube-prometheus-stack"
                          ]
                        }
                      }
                    ]
                  }
                }
              },
              "type": [
                "object",
                {
                  "apiVersion": "string",
                  "kind": "string",
                  "metadata": [
                    "object",
                    {
                      "name": "string",
                      "namespace": "string"
                    }
                  ],
                  "spec": [
                    "object",
                    {
                      "exceptions": [
                        "tuple",
                        [
                          [
                            "object",
                            {
                              "policyName": "string",
                              "ruleNames": [
                                "tuple",
                                [
                                  "string"
                                ]
                              ]
                            }
                          ]
                        ]
                      ],
                      "match": [
                        "object",
                        {
                          "any": [
                            "tuple",
                            [
                              [
                                "object",
                                {
                                  "resources": [
                                    "object",
                                    {
                                      "kinds": [
                                        "tuple",
                                        [
                                          "string"
                                        ]
                                      ],
                                      "names": [
                                        "tuple",
                                        [
                                          "string"
                                        ]
                                      ],
                                      "namespaces": [
                                        "tuple",
                                        [
                                          "string"
                                        ]
                                      ]
                                    }
                                  ]
                                }
                              ]
                            ]
                          ]
                        }
                      ]
                    }
                  ]
                }
              ]
            },
            "object": {
              "value": {
                "apiVersion": "kyverno.io/v2beta1",
                "kind": "PolicyException",
                "metadata": {
                  "annotations": null,
                  "creationTimestamp": null,
                  "deletionGracePeriodSeconds": null,
                  "deletionTimestamp": null,
                  "finalizers": null,
                  "generateName": null,
                  "generation": null,
                  "labels": null,
                  "managedFields": null,
                  "name": "istio-sidecars-psa",
                  "namespace": "kube-prometheus-stack",
                  "ownerReferences": null,
                  "resourceVersion": null,
                  "selfLink": null,
                  "uid": null
                },
                "spec": {
                  "background": null,
                  "exceptions": [
                    {
                      "policyName": "psa",
                      "ruleNames": [
                        "restricted"
                      ]
                    }
                  ],
                  "match": {
                    "all": null,
                    "any": [
                      {
                        "clusterRoles": null,
                        "resources": {
                          "annotations": null,
                          "kinds": [
                            "DaemonSet"
                          ],
                          "name": null,
                          "names": [
                            "kube-prometheus-stack-prometheus-node-exporter"
                          ],
                          "namespaceSelector": {
                            "matchExpressions": null,
                            "matchLabels": null
                          },
                          "namespaces": [
                            "kube-prometheus-stack"
                          ],
                          "operations": null,
                          "selector": {
                            "matchExpressions": null,
                            "matchLabels": null
                          }
                        },
                        "roles": null,
                        "subjects": null
                      }
                    ]
                  }
                }
              },
              "type": [
                "object",
                {
                  "apiVersion": "string",
                  "kind": "string",
                  "metadata": [
                    "object",
                    {
                      "annotations": [
                        "map",
                        "string"
                      ],
                      "creationTimestamp": "string",
                      "deletionGracePeriodSeconds": "number",
                      "deletionTimestamp": "string",
                      "finalizers": [
                        "list",
                        "string"
                      ],
                      "generateName": "string",
                      "generation": "number",
                      "labels": [
                        "map",
                        "string"
                      ],
                      "managedFields": [
                        "tuple",
                        [
                          [
                            "object",
                            {
                              "apiVersion": "string",
                              "fieldsType": "string",
                              "fieldsV1": "dynamic",
                              "manager": "string",
                              "operation": "string",
                              "subresource": "string",
                              "time": "string"
                            }
                          ]
                        ]
                      ],
                      "name": "string",
                      "namespace": "string",
                      "ownerReferences": [
                        "list",
                        [
                          "object",
                          {
                            "apiVersion": "string",
                            "blockOwnerDeletion": "bool",
                            "controller": "bool",
                            "kind": "string",
                            "name": "string",
                            "uid": "string"
                          }
                        ]
                      ],
                      "resourceVersion": "string",
                      "selfLink": "string",
                      "uid": "string"
                    }
                  ],
                  "spec": [
                    "object",
                    {
                      "background": "bool",
                      "exceptions": [
                        "list",
                        [
                          "object",
                          {
                            "policyName": "string",
                            "ruleNames": [
                              "list",
                              "string"
                            ]
                          }
                        ]
                      ],
                      "match": [
                        "object",
                        {
                          "all": [
                            "list",
                            [
                              "object",
                              {
                                "clusterRoles": [
                                  "list",
                                  "string"
                                ],
                                "resources": [
                                  "object",
                                  {
                                    "annotations": [
                                      "map",
                                      "string"
                                    ],
                                    "kinds": [
                                      "list",
                                      "string"
                                    ],
                                    "name": "string",
                                    "names": [
                                      "list",
                                      "string"
                                    ],
                                    "namespaceSelector": [
                                      "object",
                                      {
                                        "matchExpressions": [
                                          "list",
                                          [
                                            "object",
                                            {
                                              "key": "string",
                                              "operator": "string",
                                              "values": [
                                                "list",
                                                "string"
                                              ]
                                            }
                                          ]
                                        ],
                                        "matchLabels": [
                                          "map",
                                          "string"
                                        ]
                                      }
                                    ],
                                    "namespaces": [
                                      "list",
                                      "string"
                                    ],
                                    "operations": [
                                      "list",
                                      "string"
                                    ],
                                    "selector": [
                                      "object",
                                      {
                                        "matchExpressions": [
                                          "list",
                                          [
                                            "object",
                                            {
                                              "key": "string",
                                              "operator": "string",
                                              "values": [
                                                "list",
                                                "string"
                                              ]
                                            }
                                          ]
                                        ],
                                        "matchLabels": [
                                          "map",
                                          "string"
                                        ]
                                      }
                                    ]
                                  }
                                ],
                                "roles": [
                                  "list",
                                  "string"
                                ],
                                "subjects": [
                                  "list",
                                  [
                                    "object",
                                    {
                                      "apiGroup": "string",
                                      "kind": "string",
                                      "name": "string",
                                      "namespace": "string"
                                    }
                                  ]
                                ]
                              }
                            ]
                          ],
                          "any": [
                            "list",
                            [
                              "object",
                              {
                                "clusterRoles": [
                                  "list",
                                  "string"
                                ],
                                "resources": [
                                  "object",
                                  {
                                    "annotations": [
                                      "map",
                                      "string"
                                    ],
                                    "kinds": [
                                      "list",
                                      "string"
                                    ],
                                    "name": "string",
                                    "names": [
                                      "list",
                                      "string"
                                    ],
                                    "namespaceSelector": [
                                      "object",
                                      {
                                        "matchExpressions": [
                                          "list",
                                          [
                                            "object",
                                            {
                                              "key": "string",
                                              "operator": "string",
                                              "values": [
                                                "list",
                                                "string"
                                              ]
                                            }
                                          ]
                                        ],
                                        "matchLabels": [
                                          "map",
                                          "string"
                                        ]
                                      }
                                    ],
                                    "namespaces": [
                                      "list",
                                      "string"
                                    ],
                                    "operations": [
                                      "list",
                                      "string"
                                    ],
                                    "selector": [
                                      "object",
                                      {
                                        "matchExpressions": [
                                          "list",
                                          [
                                            "object",
                                            {
                                              "key": "string",
                                              "operator": "string",
                                              "values": [
                                                "list",
                                                "string"
                                              ]
                                            }
                                          ]
                                        ],
                                        "matchLabels": [
                                          "map",
                                          "string"
                                        ]
                                      }
                                    ]
                                  }
                                ],
                                "roles": [
                                  "list",
                                  "string"
                                ],
                                "subjects": [
                                  "list",
                                  [
                                    "object",
                                    {
                                      "apiGroup": "string",
                                      "kind": "string",
                                      "name": "string",
                                      "namespace": "string"
                                    }
                                  ]
                                ]
                              }
                            ]
                          ]
                        }
                      ]
                    }
                  ]
                }
              ]
            },
            "timeouts": [],
            "wait": [],
            "wait_for": null
          },
          "sensitive_attributes": [],
          "dependencies": [
            "helm_release.kyverno",
            "helm_release.kyverno-policies",
            "kubernetes_namespace_v1.kube-prometheus-stack",
            "kubernetes_namespace_v1.kyverno"
          ]
        }
      ]
    },
    {
      "mode": "managed",
      "type": "kubernetes_namespace_v1",
      "name": "echo",
      "provider": "provider[\"registry.terraform.io/hashicorp/kubernetes\"]",
      "instances": [
        {
          "schema_version": 0,
          "attributes": {
            "id": "echo",
            "metadata": [
              {
                "annotations": {},
                "generate_name": "",
                "generation": 0,
                "labels": {
                  "istio-injection": "enabled"
                },
                "name": "echo",
                "resource_version": "2443",
                "uid": "a1897fb2-d75a-460b-bba0-4fc512715881"
              }
            ],
            "timeouts": null,
            "wait_for_default_service_account": false
          },
          "sensitive_attributes": [],
          "private": "eyJlMmJmYjczMC1lY2FhLTExZTYtOGY4OC0zNDM2M2JjN2M0YzAiOnsiZGVsZXRlIjozMDAwMDAwMDAwMDB9fQ=="
        }
      ]
    },
    {
      "mode": "managed",
      "type": "kubernetes_namespace_v1",
      "name": "istio-system",
      "provider": "provider[\"registry.terraform.io/hashicorp/kubernetes\"]",
      "instances": [
        {
          "schema_version": 0,
          "attributes": {
            "id": "istio-system",
            "metadata": [
              {
                "annotations": {},
                "generate_name": "",
                "generation": 0,
                "labels": {},
                "name": "istio-system",
                "resource_version": "2441",
                "uid": "97628a0e-9c1c-4e1d-a387-62508332270a"
              }
            ],
            "timeouts": null,
            "wait_for_default_service_account": false
          },
          "sensitive_attributes": [],
          "private": "eyJlMmJmYjczMC1lY2FhLTExZTYtOGY4OC0zNDM2M2JjN2M0YzAiOnsiZGVsZXRlIjozMDAwMDAwMDAwMDB9fQ=="
        }
      ]
    },
    {
      "mode": "managed",
      "type": "kubernetes_namespace_v1",
      "name": "kube-prometheus-stack",
      "provider": "provider[\"registry.terraform.io/hashicorp/kubernetes\"]",
      "instances": [
        {
          "schema_version": 0,
          "attributes": {
            "id": "kube-prometheus-stack",
            "metadata": [
              {
                "annotations": {},
                "generate_name": "",
                "generation": 0,
                "labels": {},
                "name": "kube-prometheus-stack",
                "resource_version": "805",
                "uid": "62e73660-5134-4248-9639-749de8a34275"
              }
            ],
            "timeouts": null,
            "wait_for_default_service_account": false
          },
          "sensitive_attributes": [],
          "private": "eyJlMmJmYjczMC1lY2FhLTExZTYtOGY4OC0zNDM2M2JjN2M0YzAiOnsiZGVsZXRlIjozMDAwMDAwMDAwMDB9fQ=="
        }
      ]
    },
    {
      "mode": "managed",
      "type": "kubernetes_namespace_v1",
      "name": "kyverno",
      "provider": "provider[\"registry.terraform.io/hashicorp/kubernetes\"]",
      "instances": [
        {
          "schema_version": 0,
          "attributes": {
            "id": "kyverno",
            "metadata": [
              {
                "annotations": {},
                "generate_name": "",
                "generation": 0,
                "labels": {},
                "name": "kyverno",
                "resource_version": "767",
                "uid": "bd80c78e-7b93-4dab-ab52-4dcea2ded750"
              }
            ],
            "timeouts": null,
            "wait_for_default_service_account": false
          },
          "sensitive_attributes": [],
          "private": "eyJlMmJmYjczMC1lY2FhLTExZTYtOGY4OC0zNDM2M2JjN2M0YzAiOnsiZGVsZXRlIjozMDAwMDAwMDAwMDB9fQ=="
        }
      ]
    },
    {
      "mode": "managed",
      "type": "kubernetes_namespace_v1",
      "name": "postgres",
      "provider": "provider[\"registry.terraform.io/hashicorp/kubernetes\"]",
      "instances": [
        {
          "schema_version": 0,
          "attributes": {
            "id": "postgres",
            "metadata": [
              {
                "annotations": {},
                "generate_name": "",
                "generation": 0,
                "labels": {
                  "istio-injection": "enabled"
                },
                "name": "postgres",
                "resource_version": "2442",
                "uid": "984d07b4-745e-48fd-a6d1-c201b1239200"
              }
            ],
            "timeouts": null,
            "wait_for_default_service_account": false
          },
          "sensitive_attributes": [],
          "private": "eyJlMmJmYjczMC1lY2FhLTExZTYtOGY4OC0zNDM2M2JjN2M0YzAiOnsiZGVsZXRlIjozMDAwMDAwMDAwMDB9fQ=="
        }
      ]
    },
    {
      "mode": "managed",
      "type": "kubernetes_namespace_v1",
      "name": "vault",
      "provider": "provider[\"registry.terraform.io/hashicorp/kubernetes\"]",
      "instances": [
        {
          "schema_version": 0,
          "attributes": {
            "id": "vault",
            "metadata": [
              {
                "annotations": {},
                "generate_name": "",
                "generation": 0,
                "labels": {},
                "name": "vault",
                "resource_version": "11447",
                "uid": "2041d1b8-090f-4618-a2f9-8d6144979eb3"
              }
            ],
            "timeouts": null,
            "wait_for_default_service_account": false
          },
          "sensitive_attributes": [],
          "private": "eyJlMmJmYjczMC1lY2FhLTExZTYtOGY4OC0zNDM2M2JjN2M0YzAiOnsiZGVsZXRlIjozMDAwMDAwMDAwMDB9fQ=="
        }
      ]
    },
    {
      "mode": "managed",
      "type": "kubernetes_network_policy_v1",
      "name": "backend-database",
      "provider": "provider[\"registry.terraform.io/hashicorp/kubernetes\"]",
      "instances": [
        {
          "schema_version": 0,
          "attributes": {
            "id": "echo/backend-database",
            "metadata": [
              {
                "annotations": {},
                "generate_name": "",
                "generation": 1,
                "labels": {},
                "name": "backend-database",
                "namespace": "echo",
                "resource_version": "2450",
                "uid": "7cb420b1-48a0-4935-9b16-712d30b68f6d"
              }
            ],
            "spec": [
              {
                "egress": [
                  {
                    "ports": [],
                    "to": [
                      {
                        "ip_block": [],
                        "namespace_selector": [
                          {
                            "match_expressions": [],
                            "match_labels": {
                              "name": "postgres"
                            }
                          }
                        ],
                        "pod_selector": [
                          {
                            "match_expressions": [
                              {
                                "key": "role",
                                "operator": "In",
                                "values": [
                                  "database"
                                ]
                              }
                            ],
                            "match_labels": {}
                          }
                        ]
                      }
                    ]
                  }
                ],
                "ingress": [
                  {
                    "from": [
                      {
                        "ip_block": [],
                        "namespace_selector": [
                          {
                            "match_expressions": [],
                            "match_labels": {
                              "name": "postgres"
                            }
                          }
                        ],
                        "pod_selector": [
                          {
                            "match_expressions": [
                              {
                                "key": "role",
                                "operator": "In",
                                "values": [
                                  "database"
                                ]
                              }
                            ],
                            "match_labels": {}
                          }
                        ]
                      }
                    ],
                    "ports": []
                  }
                ],
                "pod_selector": [
                  {
                    "match_expressions": [],
                    "match_labels": {
                      "role": "backend"
                    }
                  }
                ],
                "policy_types": [
                  "Ingress",
                  "Egress"
                ]
              }
            ]
          },
          "sensitive_attributes": [],
          "private": "bnVsbA==",
          "dependencies": [
            "kubernetes_namespace_v1.echo",
            "kubernetes_namespace_v1.postgres"
          ]
        }
      ]
    },
    {
      "mode": "managed",
      "type": "vault_database_secret_backend_connection",
      "name": "postgres",
      "provider": "provider[\"registry.terraform.io/hashicorp/vault\"]",
      "instances": [
        {
          "schema_version": 0,
          "attributes": {
            "allowed_roles": null,
            "backend": "database",
            "cassandra": [],
            "couchbase": [],
            "data": null,
            "elasticsearch": [],
            "hana": [],
            "id": "database/config/postgres",
            "influxdb": [],
            "mongodb": [],
            "mongodbatlas": [],
            "mssql": [],
            "mysql": [],
            "mysql_aurora": [],
            "mysql_legacy": [],
            "mysql_rds": [],
            "name": "postgres",
            "namespace": null,
            "oracle": [],
            "plugin_name": "postgresql-database-plugin",
            "postgresql": [
              {
                "auth_type": "",
                "connection_url": "postgresql://postgres:postgres@postgres-postgresql.postgres:5432/postgres",
                "disable_escaping": false,
                "max_connection_lifetime": 0,
                "max_idle_connections": 0,
                "max_open_connections": 2,
                "password": "",
                "service_account_json": "",
                "username": "",
                "username_template": ""
              }
            ],
            "redis": [],
            "redis_elasticache": [],
            "redshift": [],
            "root_rotation_statements": null,
            "snowflake": [],
            "verify_connection": true
          },
          "sensitive_attributes": [],
          "private": "bnVsbA==",
          "dependencies": [
            "helm_release.database",
            "kubernetes_namespace_v1.postgres",
            "vault_mount.database"
          ]
        }
      ]
    },
    {
      "mode": "managed",
      "type": "vault_mount",
      "name": "database",
      "provider": "provider[\"registry.terraform.io/hashicorp/vault\"]",
      "instances": [
        {
          "schema_version": 0,
          "attributes": {
            "accessor": "database_0d7fdca3",
            "allowed_managed_keys": null,
            "audit_non_hmac_request_keys": [],
            "audit_non_hmac_response_keys": [],
            "default_lease_ttl_seconds": 0,
            "description": "Database secret engine mount",
            "external_entropy_access": false,
            "id": "database",
            "local": false,
            "max_lease_ttl_seconds": 0,
            "namespace": null,
            "options": null,
            "path": "database",
            "seal_wrap": false,
            "type": "database"
          },
          "sensitive_attributes": [],
          "private": "bnVsbA=="
        }
      ]
    },
    {
      "mode": "managed",
      "type": "vault_policy",
      "name": "prometheus-metrics",
      "provider": "provider[\"registry.terraform.io/hashicorp/vault\"]",
      "instances": [
        {
          "schema_version": 0,
          "attributes": {
            "id": "prometheus-metrics",
            "name": "prometheus-metrics",
            "namespace": null,
            "policy": "    path \"sys/metrics\" {\n      capabilities = [\"read\"]\n    }\n"
          },
          "sensitive_attributes": [],
          "private": "bnVsbA=="
        }
      ]
    }
  ],
  "check_results": null
}
